
Microsoft Visual Studio Solution File, Format Version 12.00
# Visual Studio Version 17
VisualStudioVersion = 17.0.32112.339
MinimumVisualStudioVersion = 10.0.40219.1
Project("{8BC9CEB8-8B4A-11D0-8D11-00A0C91BC942}") = "Q1260_Search_S2", "Q1260_Search_S2\Q1260_Search_S2.vcxproj", "{FD7239C4-E842-4850-AE4A-06F74B684A70}"
EndProject
Project("{8BC9CEB8-8B4A-11D0-8D11-00A0C91BC942}") = "Q1012_Cabbage_S2", "Q1012_Cabbage_S2\Q1012_Cabbage_S2.vcxproj", "{B6844DBF-A28A-4EB4-AA64-499AC05142FC}"
EndProject
Project("{8BC9CEB8-8B4A-11D0-8D11-00A0C91BC942}") = "Q2606_Virus_S3", "Q2606_Virus_S3\Q2606_Virus_S3.vcxproj", "{C59D4F33-F0A0-4DD1-96BD-D2C0B8E9F2AA}"
EndProject
Project("{8BC9CEB8-8B4A-11D0-8D11-00A0C91BC942}") = "Q2667_Address_S1", "Q2667_Address_S1\Q2667_Address_S1.vcxproj", "{92F3D1C6-A751-4C13-92CA-8C372BBB42C5}"
EndProject
Project("{8BC9CEB8-8B4A-11D0-8D11-00A0C91BC942}") = "Q10026_Blindness_G5", "Q10026_Blindness_G5\Q10026_Blindness_G5.vcxproj", "{F8ED26A4-E516-46CD-887D-AFF48AF40FF8}"
EndProject
Project("{8BC9CEB8-8B4A-11D0-8D11-00A0C91BC942}") = "Q11724_Link_S2", "Q11724_Link_S2\Q11724_Link_S2.vcxproj", "{28348D0F-070D-470A-B785-DECA375ED16E}"
EndProject
Project("{8BC9CEB8-8B4A-11D0-8D11-00A0C91BC942}") = "Q4963_Island_S2", "Q4963_Island_S2\Q4963_Island_S2.vcxproj", "{1B92B445-B147-4173-8D41-3782D5F918F2}"
EndProject
Project("{8BC9CEB8-8B4A-11D0-8D11-00A0C91BC942}") = "Q2583_Area_S1", "Q2583_Area_S1\Q2583_Area_S1.vcxproj", "{D9A9DA8F-426F-47E9-9E3A-84B527E9555C}"
EndProject
Project("{8BC9CEB8-8B4A-11D0-8D11-00A0C91BC942}") = "Q2644_Relatives_S2", "Q2644_Relatives_S2\Q2644_Relatives_S2.vcxproj", "{BED85D00-00C8-4E6B-88A9-133A1816D2F6}"
EndProject
Project("{8BC9CEB8-8B4A-11D0-8D11-00A0C91BC942}") = "Q2573_Iceberg_G4", "Q2573_Iceberg_G4\Q2573_Iceberg_G4.vcxproj", "{F71BF6D2-0A2A-4E6B-B094-14885FCCDF43}"
EndProject
Project("{8BC9CEB8-8B4A-11D0-8D11-00A0C91BC942}") = "Q21736_Oldbie_S2", "Q21736_Oldbie_S2\Q21736_Oldbie_S2.vcxproj", "{0B55D015-AD57-4C1F-8129-6162BC0A5EFF}"
EndProject
Project("{8BC9CEB8-8B4A-11D0-8D11-00A0C91BC942}") = "Q9466_Term_G3", "Q9466_Term_G3\Q9466_Term_G3.vcxproj", "{F97038B2-8CD6-46CC-8F7C-A93459EC4991}"
EndProject
Project("{8BC9CEB8-8B4A-11D0-8D11-00A0C91BC942}") = "Q1647_City_G4", "Q1647_City_G4\Q1647_City_G4.vcxproj", "{34DEE22E-BAF0-460E-A00A-D74789BB3709}"
EndProject
Global
	GlobalSection(SolutionConfigurationPlatforms) = preSolution
		Debug|x64 = Debug|x64
		Debug|x86 = Debug|x86
		Release|x64 = Release|x64
		Release|x86 = Release|x86
	EndGlobalSection
	GlobalSection(ProjectConfigurationPlatforms) = postSolution
		{FD7239C4-E842-4850-AE4A-06F74B684A70}.Debug|x64.ActiveCfg = Debug|x64
		{FD7239C4-E842-4850-AE4A-06F74B684A70}.Debug|x64.Build.0 = Debug|x64
		{FD7239C4-E842-4850-AE4A-06F74B684A70}.Debug|x86.ActiveCfg = Debug|Win32
		{FD7239C4-E842-4850-AE4A-06F74B684A70}.Debug|x86.Build.0 = Debug|Win32
		{FD7239C4-E842-4850-AE4A-06F74B684A70}.Release|x64.ActiveCfg = Release|x64
		{FD7239C4-E842-4850-AE4A-06F74B684A70}.Release|x64.Build.0 = Release|x64
		{FD7239C4-E842-4850-AE4A-06F74B684A70}.Release|x86.ActiveCfg = Release|Win32
		{FD7239C4-E842-4850-AE4A-06F74B684A70}.Release|x86.Build.0 = Release|Win32
		{B6844DBF-A28A-4EB4-AA64-499AC05142FC}.Debug|x64.ActiveCfg = Debug|x64
		{B6844DBF-A28A-4EB4-AA64-499AC05142FC}.Debug|x64.Build.0 = Debug|x64
		{B6844DBF-A28A-4EB4-AA64-499AC05142FC}.Debug|x86.ActiveCfg = Debug|Win32
		{B6844DBF-A28A-4EB4-AA64-499AC05142FC}.Debug|x86.Build.0 = Debug|Win32
		{B6844DBF-A28A-4EB4-AA64-499AC05142FC}.Release|x64.ActiveCfg = Release|x64
		{B6844DBF-A28A-4EB4-AA64-499AC05142FC}.Release|x64.Build.0 = Release|x64
		{B6844DBF-A28A-4EB4-AA64-499AC05142FC}.Release|x86.ActiveCfg = Release|Win32
		{B6844DBF-A28A-4EB4-AA64-499AC05142FC}.Release|x86.Build.0 = Release|Win32
		{C59D4F33-F0A0-4DD1-96BD-D2C0B8E9F2AA}.Debug|x64.ActiveCfg = Debug|x64
		{C59D4F33-F0A0-4DD1-96BD-D2C0B8E9F2AA}.Debug|x64.Build.0 = Debug|x64
		{C59D4F33-F0A0-4DD1-96BD-D2C0B8E9F2AA}.Debug|x86.ActiveCfg = Debug|Win32
		{C59D4F33-F0A0-4DD1-96BD-D2C0B8E9F2AA}.Debug|x86.Build.0 = Debug|Win32
		{C59D4F33-F0A0-4DD1-96BD-D2C0B8E9F2AA}.Release|x64.ActiveCfg = Release|x64
		{C59D4F33-F0A0-4DD1-96BD-D2C0B8E9F2AA}.Release|x64.Build.0 = Release|x64
		{C59D4F33-F0A0-4DD1-96BD-D2C0B8E9F2AA}.Release|x86.ActiveCfg = Release|Win32
		{C59D4F33-F0A0-4DD1-96BD-D2C0B8E9F2AA}.Release|x86.Build.0 = Release|Win32
		{92F3D1C6-A751-4C13-92CA-8C372BBB42C5}.Debug|x64.ActiveCfg = Debug|x64
		{92F3D1C6-A751-4C13-92CA-8C372BBB42C5}.Debug|x64.Build.0 = Debug|x64
		{92F3D1C6-A751-4C13-92CA-8C372BBB42C5}.Debug|x86.ActiveCfg = Debug|Win32
		{92F3D1C6-A751-4C13-92CA-8C372BBB42C5}.Debug|x86.Build.0 = Debug|Win32
		{92F3D1C6-A751-4C13-92CA-8C372BBB42C5}.Release|x64.ActiveCfg = Release|x64
		{92F3D1C6-A751-4C13-92CA-8C372BBB42C5}.Release|x64.Build.0 = Release|x64
		{92F3D1C6-A751-4C13-92CA-8C372BBB42C5}.Release|x86.ActiveCfg = Release|Win32
		{92F3D1C6-A751-4C13-92CA-8C372BBB42C5}.Release|x86.Build.0 = Release|Win32
		{F8ED26A4-E516-46CD-887D-AFF48AF40FF8}.Debug|x64.ActiveCfg = Debug|x64
		{F8ED26A4-E516-46CD-887D-AFF48AF40FF8}.Debug|x64.Build.0 = Debug|x64
		{F8ED26A4-E516-46CD-887D-AFF48AF40FF8}.Debug|x86.ActiveCfg = Debug|Win32
		{F8ED26A4-E516-46CD-887D-AFF48AF40FF8}.Debug|x86.Build.0 = Debug|Win32
		{F8ED26A4-E516-46CD-887D-AFF48AF40FF8}.Release|x64.ActiveCfg = Release|x64
		{F8ED26A4-E516-46CD-887D-AFF48AF40FF8}.Release|x64.Build.0 = Release|x64
		{F8ED26A4-E516-46CD-887D-AFF48AF40FF8}.Release|x86.ActiveCfg = Release|Win32
		{F8ED26A4-E516-46CD-887D-AFF48AF40FF8}.Release|x86.Build.0 = Release|Win32
		{28348D0F-070D-470A-B785-DECA375ED16E}.Debug|x64.ActiveCfg = Debug|x64
		{28348D0F-070D-470A-B785-DECA375ED16E}.Debug|x64.Build.0 = Debug|x64
		{28348D0F-070D-470A-B785-DECA375ED16E}.Debug|x86.ActiveCfg = Debug|Win32
		{28348D0F-070D-470A-B785-DECA375ED16E}.Debug|x86.Build.0 = Debug|Win32
		{28348D0F-070D-470A-B785-DECA375ED16E}.Release|x64.ActiveCfg = Release|x64
		{28348D0F-070D-470A-B785-DECA375ED16E}.Release|x64.Build.0 = Release|x64
		{28348D0F-070D-470A-B785-DECA375ED16E}.Release|x86.ActiveCfg = Release|Win32
		{28348D0F-070D-470A-B785-DECA375ED16E}.Release|x86.Build.0 = Release|Win32
		{1B92B445-B147-4173-8D41-3782D5F918F2}.Debug|x64.ActiveCfg = Debug|x64
		{1B92B445-B147-4173-8D41-3782D5F918F2}.Debug|x64.Build.0 = Debug|x64
		{1B92B445-B147-4173-8D41-3782D5F918F2}.Debug|x86.ActiveCfg = Debug|Win32
		{1B92B445-B147-4173-8D41-3782D5F918F2}.Debug|x86.Build.0 = Debug|Win32
		{1B92B445-B147-4173-8D41-3782D5F918F2}.Release|x64.ActiveCfg = Release|x64
		{1B92B445-B147-4173-8D41-3782D5F918F2}.Release|x64.Build.0 = Release|x64
		{1B92B445-B147-4173-8D41-3782D5F918F2}.Release|x86.ActiveCfg = Release|Win32
		{1B92B445-B147-4173-8D41-3782D5F918F2}.Release|x86.Build.0 = Release|Win32
		{D9A9DA8F-426F-47E9-9E3A-84B527E9555C}.Debug|x64.ActiveCfg = Debug|x64
		{D9A9DA8F-426F-47E9-9E3A-84B527E9555C}.Debug|x64.Build.0 = Debug|x64
		{D9A9DA8F-426F-47E9-9E3A-84B527E9555C}.Debug|x86.ActiveCfg = Debug|Win32
		{D9A9DA8F-426F-47E9-9E3A-84B527E9555C}.Debug|x86.Build.0 = Debug|Win32
		{D9A9DA8F-426F-47E9-9E3A-84B527E9555C}.Release|x64.ActiveCfg = Release|x64
		{D9A9DA8F-426F-47E9-9E3A-84B527E9555C}.Release|x64.Build.0 = Release|x64
		{D9A9DA8F-426F-47E9-9E3A-84B527E9555C}.Release|x86.ActiveCfg = Release|Win32
		{D9A9DA8F-426F-47E9-9E3A-84B527E9555C}.Release|x86.Build.0 = Release|Win32
		{BED85D00-00C8-4E6B-88A9-133A1816D2F6}.Debug|x64.ActiveCfg = Debug|x64
		{BED85D00-00C8-4E6B-88A9-133A1816D2F6}.Debug|x64.Build.0 = Debug|x64
		{BED85D00-00C8-4E6B-88A9-133A1816D2F6}.Debug|x86.ActiveCfg = Debug|Win32
		{BED85D00-00C8-4E6B-88A9-133A1816D2F6}.Debug|x86.Build.0 = Debug|Win32
		{BED85D00-00C8-4E6B-88A9-133A1816D2F6}.Release|x64.ActiveCfg = Release|x64
		{BED85D00-00C8-4E6B-88A9-133A1816D2F6}.Release|x64.Build.0 = Release|x64
		{BED85D00-00C8-4E6B-88A9-133A1816D2F6}.Release|x86.ActiveCfg = Release|Win32
		{BED85D00-00C8-4E6B-88A9-133A1816D2F6}.Release|x86.Build.0 = Release|Win32
		{F71BF6D2-0A2A-4E6B-B094-14885FCCDF43}.Debug|x64.ActiveCfg = Debug|x64
		{F71BF6D2-0A2A-4E6B-B094-14885FCCDF43}.Debug|x64.Build.0 = Debug|x64
		{F71BF6D2-0A2A-4E6B-B094-14885FCCDF43}.Debug|x86.ActiveCfg = Debug|Win32
		{F71BF6D2-0A2A-4E6B-B094-14885FCCDF43}.Debug|x86.Build.0 = Debug|Win32
		{F71BF6D2-0A2A-4E6B-B094-14885FCCDF43}.Release|x64.ActiveCfg = Release|x64
		{F71BF6D2-0A2A-4E6B-B094-14885FCCDF43}.Release|x64.Build.0 = Release|x64
		{F71BF6D2-0A2A-4E6B-B094-14885FCCDF43}.Release|x86.ActiveCfg = Release|Win32
		{F71BF6D2-0A2A-4E6B-B094-14885FCCDF43}.Release|x86.Build.0 = Release|Win32
		{0B55D015-AD57-4C1F-8129-6162BC0A5EFF}.Debug|x64.ActiveCfg = Debug|x64
		{0B55D015-AD57-4C1F-8129-6162BC0A5EFF}.Debug|x64.Build.0 = Debug|x64
		{0B55D015-AD57-4C1F-8129-6162BC0A5EFF}.Debug|x86.ActiveCfg = Debug|Win32
		{0B55D015-AD57-4C1F-8129-6162BC0A5EFF}.Debug|x86.Build.0 = Debug|Win32
		{0B55D015-AD57-4C1F-8129-6162BC0A5EFF}.Release|x64.ActiveCfg = Release|x64
		{0B55D015-AD57-4C1F-8129-6162BC0A5EFF}.Release|x64.Build.0 = Release|x64
		{0B55D015-AD57-4C1F-8129-6162BC0A5EFF}.Release|x86.ActiveCfg = Release|Win32
		{0B55D015-AD57-4C1F-8129-6162BC0A5EFF}.Release|x86.Build.0 = Release|Win32
		{F97038B2-8CD6-46CC-8F7C-A93459EC4991}.Debug|x64.ActiveCfg = Debug|x64
		{F97038B2-8CD6-46CC-8F7C-A93459EC4991}.Debug|x64.Build.0 = Debug|x64
		{F97038B2-8CD6-46CC-8F7C-A93459EC4991}.Debug|x86.ActiveCfg = Debug|Win32
		{F97038B2-8CD6-46CC-8F7C-A93459EC4991}.Debug|x86.Build.0 = Debug|Win32
		{F97038B2-8CD6-46CC-8F7C-A93459EC4991}.Release|x64.ActiveCfg = Release|x64
		{F97038B2-8CD6-46CC-8F7C-A93459EC4991}.Release|x64.Build.0 = Release|x64
		{F97038B2-8CD6-46CC-8F7C-A93459EC4991}.Release|x86.ActiveCfg = Release|Win32
		{F97038B2-8CD6-46CC-8F7C-A93459EC4991}.Release|x86.Build.0 = Release|Win32
		{34DEE22E-BAF0-460E-A00A-D74789BB3709}.Debug|x64.ActiveCfg = Debug|x64
		{34DEE22E-BAF0-460E-A00A-D74789BB3709}.Debug|x64.Build.0 = Debug|x64
		{34DEE22E-BAF0-460E-A00A-D74789BB3709}.Debug|x86.ActiveCfg = Debug|Win32
		{34DEE22E-BAF0-460E-A00A-D74789BB3709}.Debug|x86.Build.0 = Debug|Win32
		{34DEE22E-BAF0-460E-A00A-D74789BB3709}.Release|x64.ActiveCfg = Release|x64
		{34DEE22E-BAF0-460E-A00A-D74789BB3709}.Release|x64.Build.0 = Release|x64
		{34DEE22E-BAF0-460E-A00A-D74789BB3709}.Release|x86.ActiveCfg = Release|Win32
		{34DEE22E-BAF0-460E-A00A-D74789BB3709}.Release|x86.Build.0 = Release|Win32
	EndGlobalSection
	GlobalSection(SolutionProperties) = preSolution
		HideSolutionNode = FALSE
	EndGlobalSection
	GlobalSection(ExtensibilityGlobals) = postSolution
		SolutionGuid = {635BD446-674B-4881-901D-6363D7F7BFF8}
	EndGlobalSection
EndGlobal
