
Microsoft Visual Studio Solution File, Format Version 12.00
# Visual Studio Version 17
VisualStudioVersion = 17.0.32112.339
MinimumVisualStudioVersion = 10.0.40219.1
Project("{8BC9CEB8-8B4A-11D0-8D11-00A0C91BC942}") = "Q1789_Sum_of_Numbers_S5", "Q1789_Sum_of_Numbers_S5\Q1789_Sum_of_Numbers_S5.vcxproj", "{4C0EE2F6-C842-492A-8EB8-2F6B5A58F569}"
EndProject
Project("{8BC9CEB8-8B4A-11D0-8D11-00A0C91BC942}") = "Q1439_REVERSE_S5", "Q1439_REVERSE_S5\Q1439_REVERSE_S5.vcxproj", "{97B98C91-5B7A-4950-A6D2-3AB8DDCC867F}"
EndProject
Project("{8BC9CEB8-8B4A-11D0-8D11-00A0C91BC942}") = "Q2720_LAUNDRY_B3", "Q2720_LAUNDRY_B3\Q2720_LAUNDRY_B3.vcxproj", "{3FCCCF1A-6104-42BA-BE39-E96D82D26F6B}"
EndProject
Project("{8BC9CEB8-8B4A-11D0-8D11-00A0C91BC942}") = "Q10610_30_S4", "Q10610_30_S4\Q10610_30_S4.vcxproj", "{70FA25FF-5D5C-4462-ABF9-BC01BCA96015}"
EndProject
Project("{8BC9CEB8-8B4A-11D0-8D11-00A0C91BC942}") = "Q14720_Milk_Festival_B3", "Q14720_Milk_Festival_B3\Q14720_Milk_Festival_B3.vcxproj", "{30155BBB-9913-4ACC-938E-EB9D18D90A70}"
EndProject
Project("{8BC9CEB8-8B4A-11D0-8D11-00A0C91BC942}") = "Q11034_KANGAROOS_2_B3", "Q11034_KANGAROOS_2_B3\Q11034_KANGAROOS_2_B3.vcxproj", "{C480636B-61F4-462F-80D3-CF8B4EF03F02}"
EndProject
Project("{8BC9CEB8-8B4A-11D0-8D11-00A0C91BC942}") = "Q5585_CHANGE_B2", "Q5585_CHANGE_B2\Q5585_CHANGE_B2.vcxproj", "{8606A643-F756-4065-8834-77A6CD958439}"
EndProject
Project("{8BC9CEB8-8B4A-11D0-8D11-00A0C91BC942}") = "Q4796_CAMPING_B1", "Q4796_CAMPING_B1\Q4796_CAMPING_B1.vcxproj", "{E86DFC6C-B850-48B0-8AAF-112D93F4B411}"
EndProject
Project("{8BC9CEB8-8B4A-11D0-8D11-00A0C91BC942}") = "Q13305_Gas_Station_S3", "Q13305_Gas_Station_S3\Q13305_Gas_Station_S3.vcxproj", "{A070859E-905D-4D3D-AC68-7D7D40571966}"
EndProject
Project("{8BC9CEB8-8B4A-11D0-8D11-00A0C91BC942}") = "Q11501_STOCK_S2", "Q11501_STOCK_S2\Q11501_STOCK_S2.vcxproj", "{2A09D9AE-9D05-49C8-86FF-AAE02CF1D05C}"
EndProject
Global
	GlobalSection(SolutionConfigurationPlatforms) = preSolution
		Debug|x64 = Debug|x64
		Debug|x86 = Debug|x86
		Release|x64 = Release|x64
		Release|x86 = Release|x86
	EndGlobalSection
	GlobalSection(ProjectConfigurationPlatforms) = postSolution
		{4C0EE2F6-C842-492A-8EB8-2F6B5A58F569}.Debug|x64.ActiveCfg = Debug|x64
		{4C0EE2F6-C842-492A-8EB8-2F6B5A58F569}.Debug|x64.Build.0 = Debug|x64
		{4C0EE2F6-C842-492A-8EB8-2F6B5A58F569}.Debug|x86.ActiveCfg = Debug|Win32
		{4C0EE2F6-C842-492A-8EB8-2F6B5A58F569}.Debug|x86.Build.0 = Debug|Win32
		{4C0EE2F6-C842-492A-8EB8-2F6B5A58F569}.Release|x64.ActiveCfg = Release|x64
		{4C0EE2F6-C842-492A-8EB8-2F6B5A58F569}.Release|x64.Build.0 = Release|x64
		{4C0EE2F6-C842-492A-8EB8-2F6B5A58F569}.Release|x86.ActiveCfg = Release|Win32
		{4C0EE2F6-C842-492A-8EB8-2F6B5A58F569}.Release|x86.Build.0 = Release|Win32
		{97B98C91-5B7A-4950-A6D2-3AB8DDCC867F}.Debug|x64.ActiveCfg = Debug|x64
		{97B98C91-5B7A-4950-A6D2-3AB8DDCC867F}.Debug|x64.Build.0 = Debug|x64
		{97B98C91-5B7A-4950-A6D2-3AB8DDCC867F}.Debug|x86.ActiveCfg = Debug|Win32
		{97B98C91-5B7A-4950-A6D2-3AB8DDCC867F}.Debug|x86.Build.0 = Debug|Win32
		{97B98C91-5B7A-4950-A6D2-3AB8DDCC867F}.Release|x64.ActiveCfg = Release|x64
		{97B98C91-5B7A-4950-A6D2-3AB8DDCC867F}.Release|x64.Build.0 = Release|x64
		{97B98C91-5B7A-4950-A6D2-3AB8DDCC867F}.Release|x86.ActiveCfg = Release|Win32
		{97B98C91-5B7A-4950-A6D2-3AB8DDCC867F}.Release|x86.Build.0 = Release|Win32
		{3FCCCF1A-6104-42BA-BE39-E96D82D26F6B}.Debug|x64.ActiveCfg = Debug|x64
		{3FCCCF1A-6104-42BA-BE39-E96D82D26F6B}.Debug|x64.Build.0 = Debug|x64
		{3FCCCF1A-6104-42BA-BE39-E96D82D26F6B}.Debug|x86.ActiveCfg = Debug|Win32
		{3FCCCF1A-6104-42BA-BE39-E96D82D26F6B}.Debug|x86.Build.0 = Debug|Win32
		{3FCCCF1A-6104-42BA-BE39-E96D82D26F6B}.Release|x64.ActiveCfg = Release|x64
		{3FCCCF1A-6104-42BA-BE39-E96D82D26F6B}.Release|x64.Build.0 = Release|x64
		{3FCCCF1A-6104-42BA-BE39-E96D82D26F6B}.Release|x86.ActiveCfg = Release|Win32
		{3FCCCF1A-6104-42BA-BE39-E96D82D26F6B}.Release|x86.Build.0 = Release|Win32
		{70FA25FF-5D5C-4462-ABF9-BC01BCA96015}.Debug|x64.ActiveCfg = Debug|x64
		{70FA25FF-5D5C-4462-ABF9-BC01BCA96015}.Debug|x64.Build.0 = Debug|x64
		{70FA25FF-5D5C-4462-ABF9-BC01BCA96015}.Debug|x86.ActiveCfg = Debug|Win32
		{70FA25FF-5D5C-4462-ABF9-BC01BCA96015}.Debug|x86.Build.0 = Debug|Win32
		{70FA25FF-5D5C-4462-ABF9-BC01BCA96015}.Release|x64.ActiveCfg = Release|x64
		{70FA25FF-5D5C-4462-ABF9-BC01BCA96015}.Release|x64.Build.0 = Release|x64
		{70FA25FF-5D5C-4462-ABF9-BC01BCA96015}.Release|x86.ActiveCfg = Release|Win32
		{70FA25FF-5D5C-4462-ABF9-BC01BCA96015}.Release|x86.Build.0 = Release|Win32
		{30155BBB-9913-4ACC-938E-EB9D18D90A70}.Debug|x64.ActiveCfg = Debug|x64
		{30155BBB-9913-4ACC-938E-EB9D18D90A70}.Debug|x64.Build.0 = Debug|x64
		{30155BBB-9913-4ACC-938E-EB9D18D90A70}.Debug|x86.ActiveCfg = Debug|Win32
		{30155BBB-9913-4ACC-938E-EB9D18D90A70}.Debug|x86.Build.0 = Debug|Win32
		{30155BBB-9913-4ACC-938E-EB9D18D90A70}.Release|x64.ActiveCfg = Release|x64
		{30155BBB-9913-4ACC-938E-EB9D18D90A70}.Release|x64.Build.0 = Release|x64
		{30155BBB-9913-4ACC-938E-EB9D18D90A70}.Release|x86.ActiveCfg = Release|Win32
		{30155BBB-9913-4ACC-938E-EB9D18D90A70}.Release|x86.Build.0 = Release|Win32
		{C480636B-61F4-462F-80D3-CF8B4EF03F02}.Debug|x64.ActiveCfg = Debug|x64
		{C480636B-61F4-462F-80D3-CF8B4EF03F02}.Debug|x64.Build.0 = Debug|x64
		{C480636B-61F4-462F-80D3-CF8B4EF03F02}.Debug|x86.ActiveCfg = Debug|Win32
		{C480636B-61F4-462F-80D3-CF8B4EF03F02}.Debug|x86.Build.0 = Debug|Win32
		{C480636B-61F4-462F-80D3-CF8B4EF03F02}.Release|x64.ActiveCfg = Release|x64
		{C480636B-61F4-462F-80D3-CF8B4EF03F02}.Release|x64.Build.0 = Release|x64
		{C480636B-61F4-462F-80D3-CF8B4EF03F02}.Release|x86.ActiveCfg = Release|Win32
		{C480636B-61F4-462F-80D3-CF8B4EF03F02}.Release|x86.Build.0 = Release|Win32
		{8606A643-F756-4065-8834-77A6CD958439}.Debug|x64.ActiveCfg = Debug|x64
		{8606A643-F756-4065-8834-77A6CD958439}.Debug|x64.Build.0 = Debug|x64
		{8606A643-F756-4065-8834-77A6CD958439}.Debug|x86.ActiveCfg = Debug|Win32
		{8606A643-F756-4065-8834-77A6CD958439}.Debug|x86.Build.0 = Debug|Win32
		{8606A643-F756-4065-8834-77A6CD958439}.Release|x64.ActiveCfg = Release|x64
		{8606A643-F756-4065-8834-77A6CD958439}.Release|x64.Build.0 = Release|x64
		{8606A643-F756-4065-8834-77A6CD958439}.Release|x86.ActiveCfg = Release|Win32
		{8606A643-F756-4065-8834-77A6CD958439}.Release|x86.Build.0 = Release|Win32
		{E86DFC6C-B850-48B0-8AAF-112D93F4B411}.Debug|x64.ActiveCfg = Debug|x64
		{E86DFC6C-B850-48B0-8AAF-112D93F4B411}.Debug|x64.Build.0 = Debug|x64
		{E86DFC6C-B850-48B0-8AAF-112D93F4B411}.Debug|x86.ActiveCfg = Debug|Win32
		{E86DFC6C-B850-48B0-8AAF-112D93F4B411}.Debug|x86.Build.0 = Debug|Win32
		{E86DFC6C-B850-48B0-8AAF-112D93F4B411}.Release|x64.ActiveCfg = Release|x64
		{E86DFC6C-B850-48B0-8AAF-112D93F4B411}.Release|x64.Build.0 = Release|x64
		{E86DFC6C-B850-48B0-8AAF-112D93F4B411}.Release|x86.ActiveCfg = Release|Win32
		{E86DFC6C-B850-48B0-8AAF-112D93F4B411}.Release|x86.Build.0 = Release|Win32
		{A070859E-905D-4D3D-AC68-7D7D40571966}.Debug|x64.ActiveCfg = Debug|x64
		{A070859E-905D-4D3D-AC68-7D7D40571966}.Debug|x64.Build.0 = Debug|x64
		{A070859E-905D-4D3D-AC68-7D7D40571966}.Debug|x86.ActiveCfg = Debug|Win32
		{A070859E-905D-4D3D-AC68-7D7D40571966}.Debug|x86.Build.0 = Debug|Win32
		{A070859E-905D-4D3D-AC68-7D7D40571966}.Release|x64.ActiveCfg = Release|x64
		{A070859E-905D-4D3D-AC68-7D7D40571966}.Release|x64.Build.0 = Release|x64
		{A070859E-905D-4D3D-AC68-7D7D40571966}.Release|x86.ActiveCfg = Release|Win32
		{A070859E-905D-4D3D-AC68-7D7D40571966}.Release|x86.Build.0 = Release|Win32
		{2A09D9AE-9D05-49C8-86FF-AAE02CF1D05C}.Debug|x64.ActiveCfg = Debug|x64
		{2A09D9AE-9D05-49C8-86FF-AAE02CF1D05C}.Debug|x64.Build.0 = Debug|x64
		{2A09D9AE-9D05-49C8-86FF-AAE02CF1D05C}.Debug|x86.ActiveCfg = Debug|Win32
		{2A09D9AE-9D05-49C8-86FF-AAE02CF1D05C}.Debug|x86.Build.0 = Debug|Win32
		{2A09D9AE-9D05-49C8-86FF-AAE02CF1D05C}.Release|x64.ActiveCfg = Release|x64
		{2A09D9AE-9D05-49C8-86FF-AAE02CF1D05C}.Release|x64.Build.0 = Release|x64
		{2A09D9AE-9D05-49C8-86FF-AAE02CF1D05C}.Release|x86.ActiveCfg = Release|Win32
		{2A09D9AE-9D05-49C8-86FF-AAE02CF1D05C}.Release|x86.Build.0 = Release|Win32
	EndGlobalSection
	GlobalSection(SolutionProperties) = preSolution
		HideSolutionNode = FALSE
	EndGlobalSection
	GlobalSection(ExtensibilityGlobals) = postSolution
		SolutionGuid = {00F64664-817A-49C5-BBE3-C0B08FB42254}
	EndGlobalSection
EndGlobal
