
Microsoft Visual Studio Solution File, Format Version 12.00
# Visual Studio Version 17
VisualStudioVersion = 17.6.33723.286
MinimumVisualStudioVersion = 10.0.40219.1
Project("{8BC9CEB8-8B4A-11D0-8D11-00A0C91BC942}") = "Q4779_Cantor_Set_S3", "Q4779_Cantor_Set_S3\Q4779_Cantor_Set_S3.vcxproj", "{81D827BB-B06B-41AB-B368-1DDEE31EF912}"
EndProject
Project("{8BC9CEB8-8B4A-11D0-8D11-00A0C91BC942}") = "Q1074_Z_S1", "Q1074_Z_S1\Q1074_Z_S1.vcxproj", "{5AEDE021-32DD-4CFE-B9E8-745ADECD04C4}"
EndProject
Project("{8BC9CEB8-8B4A-11D0-8D11-00A0C91BC942}") = "Q2630_Color_Paper_S2", "Q2630_Color_Paper_S2\Q2630_Color_Paper_S2.vcxproj", "{02CB19CA-DE16-4954-AC74-AB426EB01C32}"
EndProject
Project("{8BC9CEB8-8B4A-11D0-8D11-00A0C91BC942}") = "Q2447_STAR_10_G5", "Q2447_STAR_10_G5\Q2447_STAR_10_G5.vcxproj", "{2455AA72-09C0-43E2-8073-57081D0D3EF3}"
EndProject
Global
	GlobalSection(SolutionConfigurationPlatforms) = preSolution
		Debug|x64 = Debug|x64
		Debug|x86 = Debug|x86
		Release|x64 = Release|x64
		Release|x86 = Release|x86
	EndGlobalSection
	GlobalSection(ProjectConfigurationPlatforms) = postSolution
		{81D827BB-B06B-41AB-B368-1DDEE31EF912}.Debug|x64.ActiveCfg = Debug|x64
		{81D827BB-B06B-41AB-B368-1DDEE31EF912}.Debug|x64.Build.0 = Debug|x64
		{81D827BB-B06B-41AB-B368-1DDEE31EF912}.Debug|x86.ActiveCfg = Debug|Win32
		{81D827BB-B06B-41AB-B368-1DDEE31EF912}.Debug|x86.Build.0 = Debug|Win32
		{81D827BB-B06B-41AB-B368-1DDEE31EF912}.Release|x64.ActiveCfg = Release|x64
		{81D827BB-B06B-41AB-B368-1DDEE31EF912}.Release|x64.Build.0 = Release|x64
		{81D827BB-B06B-41AB-B368-1DDEE31EF912}.Release|x86.ActiveCfg = Release|Win32
		{81D827BB-B06B-41AB-B368-1DDEE31EF912}.Release|x86.Build.0 = Release|Win32
		{5AEDE021-32DD-4CFE-B9E8-745ADECD04C4}.Debug|x64.ActiveCfg = Debug|x64
		{5AEDE021-32DD-4CFE-B9E8-745ADECD04C4}.Debug|x64.Build.0 = Debug|x64
		{5AEDE021-32DD-4CFE-B9E8-745ADECD04C4}.Debug|x86.ActiveCfg = Debug|Win32
		{5AEDE021-32DD-4CFE-B9E8-745ADECD04C4}.Debug|x86.Build.0 = Debug|Win32
		{5AEDE021-32DD-4CFE-B9E8-745ADECD04C4}.Release|x64.ActiveCfg = Release|x64
		{5AEDE021-32DD-4CFE-B9E8-745ADECD04C4}.Release|x64.Build.0 = Release|x64
		{5AEDE021-32DD-4CFE-B9E8-745ADECD04C4}.Release|x86.ActiveCfg = Release|Win32
		{5AEDE021-32DD-4CFE-B9E8-745ADECD04C4}.Release|x86.Build.0 = Release|Win32
		{02CB19CA-DE16-4954-AC74-AB426EB01C32}.Debug|x64.ActiveCfg = Debug|x64
		{02CB19CA-DE16-4954-AC74-AB426EB01C32}.Debug|x64.Build.0 = Debug|x64
		{02CB19CA-DE16-4954-AC74-AB426EB01C32}.Debug|x86.ActiveCfg = Debug|Win32
		{02CB19CA-DE16-4954-AC74-AB426EB01C32}.Debug|x86.Build.0 = Debug|Win32
		{02CB19CA-DE16-4954-AC74-AB426EB01C32}.Release|x64.ActiveCfg = Release|x64
		{02CB19CA-DE16-4954-AC74-AB426EB01C32}.Release|x64.Build.0 = Release|x64
		{02CB19CA-DE16-4954-AC74-AB426EB01C32}.Release|x86.ActiveCfg = Release|Win32
		{02CB19CA-DE16-4954-AC74-AB426EB01C32}.Release|x86.Build.0 = Release|Win32
		{2455AA72-09C0-43E2-8073-57081D0D3EF3}.Debug|x64.ActiveCfg = Debug|x64
		{2455AA72-09C0-43E2-8073-57081D0D3EF3}.Debug|x64.Build.0 = Debug|x64
		{2455AA72-09C0-43E2-8073-57081D0D3EF3}.Debug|x86.ActiveCfg = Debug|Win32
		{2455AA72-09C0-43E2-8073-57081D0D3EF3}.Debug|x86.Build.0 = Debug|Win32
		{2455AA72-09C0-43E2-8073-57081D0D3EF3}.Release|x64.ActiveCfg = Release|x64
		{2455AA72-09C0-43E2-8073-57081D0D3EF3}.Release|x64.Build.0 = Release|x64
		{2455AA72-09C0-43E2-8073-57081D0D3EF3}.Release|x86.ActiveCfg = Release|Win32
		{2455AA72-09C0-43E2-8073-57081D0D3EF3}.Release|x86.Build.0 = Release|Win32
	EndGlobalSection
	GlobalSection(SolutionProperties) = preSolution
		HideSolutionNode = FALSE
	EndGlobalSection
	GlobalSection(ExtensibilityGlobals) = postSolution
		SolutionGuid = {8CB8E460-6A0C-4AE3-9207-8FFE95A5E188}
	EndGlobalSection
EndGlobal
