
Microsoft Visual Studio Solution File, Format Version 12.00
# Visual Studio Version 17
VisualStudioVersion = 17.0.32112.339
MinimumVisualStudioVersion = 10.0.40219.1
Project("{8BC9CEB8-8B4A-11D0-8D11-00A0C91BC942}") = "Q1158_Josephus_S4", "Q1158_Josephus_S4\Q1158_Josephus_S4.vcxproj", "{D7FFC979-7AF1-437E-BC6F-B4586638BF0B}"
EndProject
Project("{8BC9CEB8-8B4A-11D0-8D11-00A0C91BC942}") = "Q1874_Sequence_S2", "Q1874_Sequence_S2\Q1874_Sequence_S2.vcxproj", "{B320A544-40FD-4932-8A80-60477A3F5D2E}"
EndProject
Project("{8BC9CEB8-8B4A-11D0-8D11-00A0C91BC942}") = "Q4949_World_S4", "Q4949_World_S4\Q4949_World_S4.vcxproj", "{DFF0754E-E7BF-4825-BBBC-DA834FA026AF}"
EndProject
Project("{8BC9CEB8-8B4A-11D0-8D11-00A0C91BC942}") = "Q9012_Parenthesis_S4", "Q9012_Parenthesis_S4\Q9012_Parenthesis_S4.vcxproj", "{6A26A1F2-82E3-4EFF-A1D5-0415838E523D}"
EndProject
Project("{8BC9CEB8-8B4A-11D0-8D11-00A0C91BC942}") = "Q10773_Zero_S4", "Q10773_Zero_S4\Q10773_Zero_S4.vcxproj", "{DFC5C3D3-5CEB-41FE-8D61-46726A892741}"
EndProject
Project("{8BC9CEB8-8B4A-11D0-8D11-00A0C91BC942}") = "Q10828_Stack_S4", "Q10828_Stack_S4\Q10828_Stack_S4.vcxproj", "{772ECC98-354F-4158-9F39-7E8194D142B0}"
EndProject
Project("{8BC9CEB8-8B4A-11D0-8D11-00A0C91BC942}") = "Q11866_Josephus_0_S5", "Q11866_Josephus_0_S5\Q11866_Josephus_0_S5.vcxproj", "{8589C5A3-70B1-4331-9ECA-9CE349273D77}"
EndProject
Project("{8BC9CEB8-8B4A-11D0-8D11-00A0C91BC942}") = "Q17298_Big_G4", "Q17298_Big_G4\Q17298_Big_G4.vcxproj", "{2AC7FCFA-B1F3-40A7-A8E4-541DB4B3E2B3}"
EndProject
Project("{8BC9CEB8-8B4A-11D0-8D11-00A0C91BC942}") = "Q2493_Tower_G5", "Q2493_Tower_G5\Q2493_Tower_G5.vcxproj", "{2156F74C-CF6F-40C9-AD3B-6770EF819869}"
EndProject
Global
	GlobalSection(SolutionConfigurationPlatforms) = preSolution
		Debug|x64 = Debug|x64
		Debug|x86 = Debug|x86
		Release|x64 = Release|x64
		Release|x86 = Release|x86
	EndGlobalSection
	GlobalSection(ProjectConfigurationPlatforms) = postSolution
		{D7FFC979-7AF1-437E-BC6F-B4586638BF0B}.Debug|x64.ActiveCfg = Debug|x64
		{D7FFC979-7AF1-437E-BC6F-B4586638BF0B}.Debug|x64.Build.0 = Debug|x64
		{D7FFC979-7AF1-437E-BC6F-B4586638BF0B}.Debug|x86.ActiveCfg = Debug|Win32
		{D7FFC979-7AF1-437E-BC6F-B4586638BF0B}.Debug|x86.Build.0 = Debug|Win32
		{D7FFC979-7AF1-437E-BC6F-B4586638BF0B}.Release|x64.ActiveCfg = Release|x64
		{D7FFC979-7AF1-437E-BC6F-B4586638BF0B}.Release|x64.Build.0 = Release|x64
		{D7FFC979-7AF1-437E-BC6F-B4586638BF0B}.Release|x86.ActiveCfg = Release|Win32
		{D7FFC979-7AF1-437E-BC6F-B4586638BF0B}.Release|x86.Build.0 = Release|Win32
		{B320A544-40FD-4932-8A80-60477A3F5D2E}.Debug|x64.ActiveCfg = Debug|x64
		{B320A544-40FD-4932-8A80-60477A3F5D2E}.Debug|x64.Build.0 = Debug|x64
		{B320A544-40FD-4932-8A80-60477A3F5D2E}.Debug|x86.ActiveCfg = Debug|Win32
		{B320A544-40FD-4932-8A80-60477A3F5D2E}.Debug|x86.Build.0 = Debug|Win32
		{B320A544-40FD-4932-8A80-60477A3F5D2E}.Release|x64.ActiveCfg = Release|x64
		{B320A544-40FD-4932-8A80-60477A3F5D2E}.Release|x64.Build.0 = Release|x64
		{B320A544-40FD-4932-8A80-60477A3F5D2E}.Release|x86.ActiveCfg = Release|Win32
		{B320A544-40FD-4932-8A80-60477A3F5D2E}.Release|x86.Build.0 = Release|Win32
		{DFF0754E-E7BF-4825-BBBC-DA834FA026AF}.Debug|x64.ActiveCfg = Debug|x64
		{DFF0754E-E7BF-4825-BBBC-DA834FA026AF}.Debug|x64.Build.0 = Debug|x64
		{DFF0754E-E7BF-4825-BBBC-DA834FA026AF}.Debug|x86.ActiveCfg = Debug|Win32
		{DFF0754E-E7BF-4825-BBBC-DA834FA026AF}.Debug|x86.Build.0 = Debug|Win32
		{DFF0754E-E7BF-4825-BBBC-DA834FA026AF}.Release|x64.ActiveCfg = Release|x64
		{DFF0754E-E7BF-4825-BBBC-DA834FA026AF}.Release|x64.Build.0 = Release|x64
		{DFF0754E-E7BF-4825-BBBC-DA834FA026AF}.Release|x86.ActiveCfg = Release|Win32
		{DFF0754E-E7BF-4825-BBBC-DA834FA026AF}.Release|x86.Build.0 = Release|Win32
		{6A26A1F2-82E3-4EFF-A1D5-0415838E523D}.Debug|x64.ActiveCfg = Debug|x64
		{6A26A1F2-82E3-4EFF-A1D5-0415838E523D}.Debug|x64.Build.0 = Debug|x64
		{6A26A1F2-82E3-4EFF-A1D5-0415838E523D}.Debug|x86.ActiveCfg = Debug|Win32
		{6A26A1F2-82E3-4EFF-A1D5-0415838E523D}.Debug|x86.Build.0 = Debug|Win32
		{6A26A1F2-82E3-4EFF-A1D5-0415838E523D}.Release|x64.ActiveCfg = Release|x64
		{6A26A1F2-82E3-4EFF-A1D5-0415838E523D}.Release|x64.Build.0 = Release|x64
		{6A26A1F2-82E3-4EFF-A1D5-0415838E523D}.Release|x86.ActiveCfg = Release|Win32
		{6A26A1F2-82E3-4EFF-A1D5-0415838E523D}.Release|x86.Build.0 = Release|Win32
		{DFC5C3D3-5CEB-41FE-8D61-46726A892741}.Debug|x64.ActiveCfg = Debug|x64
		{DFC5C3D3-5CEB-41FE-8D61-46726A892741}.Debug|x64.Build.0 = Debug|x64
		{DFC5C3D3-5CEB-41FE-8D61-46726A892741}.Debug|x86.ActiveCfg = Debug|Win32
		{DFC5C3D3-5CEB-41FE-8D61-46726A892741}.Debug|x86.Build.0 = Debug|Win32
		{DFC5C3D3-5CEB-41FE-8D61-46726A892741}.Release|x64.ActiveCfg = Release|x64
		{DFC5C3D3-5CEB-41FE-8D61-46726A892741}.Release|x64.Build.0 = Release|x64
		{DFC5C3D3-5CEB-41FE-8D61-46726A892741}.Release|x86.ActiveCfg = Release|Win32
		{DFC5C3D3-5CEB-41FE-8D61-46726A892741}.Release|x86.Build.0 = Release|Win32
		{772ECC98-354F-4158-9F39-7E8194D142B0}.Debug|x64.ActiveCfg = Debug|x64
		{772ECC98-354F-4158-9F39-7E8194D142B0}.Debug|x64.Build.0 = Debug|x64
		{772ECC98-354F-4158-9F39-7E8194D142B0}.Debug|x86.ActiveCfg = Debug|Win32
		{772ECC98-354F-4158-9F39-7E8194D142B0}.Debug|x86.Build.0 = Debug|Win32
		{772ECC98-354F-4158-9F39-7E8194D142B0}.Release|x64.ActiveCfg = Release|x64
		{772ECC98-354F-4158-9F39-7E8194D142B0}.Release|x64.Build.0 = Release|x64
		{772ECC98-354F-4158-9F39-7E8194D142B0}.Release|x86.ActiveCfg = Release|Win32
		{772ECC98-354F-4158-9F39-7E8194D142B0}.Release|x86.Build.0 = Release|Win32
		{8589C5A3-70B1-4331-9ECA-9CE349273D77}.Debug|x64.ActiveCfg = Debug|x64
		{8589C5A3-70B1-4331-9ECA-9CE349273D77}.Debug|x64.Build.0 = Debug|x64
		{8589C5A3-70B1-4331-9ECA-9CE349273D77}.Debug|x86.ActiveCfg = Debug|Win32
		{8589C5A3-70B1-4331-9ECA-9CE349273D77}.Debug|x86.Build.0 = Debug|Win32
		{8589C5A3-70B1-4331-9ECA-9CE349273D77}.Release|x64.ActiveCfg = Release|x64
		{8589C5A3-70B1-4331-9ECA-9CE349273D77}.Release|x64.Build.0 = Release|x64
		{8589C5A3-70B1-4331-9ECA-9CE349273D77}.Release|x86.ActiveCfg = Release|Win32
		{8589C5A3-70B1-4331-9ECA-9CE349273D77}.Release|x86.Build.0 = Release|Win32
		{2AC7FCFA-B1F3-40A7-A8E4-541DB4B3E2B3}.Debug|x64.ActiveCfg = Debug|x64
		{2AC7FCFA-B1F3-40A7-A8E4-541DB4B3E2B3}.Debug|x64.Build.0 = Debug|x64
		{2AC7FCFA-B1F3-40A7-A8E4-541DB4B3E2B3}.Debug|x86.ActiveCfg = Debug|Win32
		{2AC7FCFA-B1F3-40A7-A8E4-541DB4B3E2B3}.Debug|x86.Build.0 = Debug|Win32
		{2AC7FCFA-B1F3-40A7-A8E4-541DB4B3E2B3}.Release|x64.ActiveCfg = Release|x64
		{2AC7FCFA-B1F3-40A7-A8E4-541DB4B3E2B3}.Release|x64.Build.0 = Release|x64
		{2AC7FCFA-B1F3-40A7-A8E4-541DB4B3E2B3}.Release|x86.ActiveCfg = Release|Win32
		{2AC7FCFA-B1F3-40A7-A8E4-541DB4B3E2B3}.Release|x86.Build.0 = Release|Win32
		{2156F74C-CF6F-40C9-AD3B-6770EF819869}.Debug|x64.ActiveCfg = Debug|x64
		{2156F74C-CF6F-40C9-AD3B-6770EF819869}.Debug|x64.Build.0 = Debug|x64
		{2156F74C-CF6F-40C9-AD3B-6770EF819869}.Debug|x86.ActiveCfg = Debug|Win32
		{2156F74C-CF6F-40C9-AD3B-6770EF819869}.Debug|x86.Build.0 = Debug|Win32
		{2156F74C-CF6F-40C9-AD3B-6770EF819869}.Release|x64.ActiveCfg = Release|x64
		{2156F74C-CF6F-40C9-AD3B-6770EF819869}.Release|x64.Build.0 = Release|x64
		{2156F74C-CF6F-40C9-AD3B-6770EF819869}.Release|x86.ActiveCfg = Release|Win32
		{2156F74C-CF6F-40C9-AD3B-6770EF819869}.Release|x86.Build.0 = Release|Win32
	EndGlobalSection
	GlobalSection(SolutionProperties) = preSolution
		HideSolutionNode = FALSE
	EndGlobalSection
	GlobalSection(ExtensibilityGlobals) = postSolution
		SolutionGuid = {1AC046DD-EA87-43AE-A031-534CECC3C4B6}
	EndGlobalSection
EndGlobal
