
Microsoft Visual Studio Solution File, Format Version 12.00
# Visual Studio Version 17
VisualStudioVersion = 17.0.32112.339
MinimumVisualStudioVersion = 10.0.40219.1
Project("{8BC9CEB8-8B4A-11D0-8D11-00A0C91BC942}") = "Q4949_Balanced_World_S4", "Q4949_Balanced_World_S4\Q4949_Balanced_World_S4.vcxproj", "{C698418A-F252-4E30-A197-5CD0650D7B1F}"
EndProject
Project("{8BC9CEB8-8B4A-11D0-8D11-00A0C91BC942}") = "Q1966_Printer_Queue_S3", "Q1966_Printer_Queue_S3\Q1966_Printer_Queue_S3.vcxproj", "{4247BF65-8A7E-43B1-A0F9-0B0B7ED19E00}"
EndProject
Project("{8BC9CEB8-8B4A-11D0-8D11-00A0C91BC942}") = "Q5430_AC_G5", "Q5430_AC_G5\Q5430_AC_G5.vcxproj", "{72FF7336-40A8-45C5-9BFC-D4775D718039}"
EndProject
Project("{8BC9CEB8-8B4A-11D0-8D11-00A0C91BC942}") = "Q1717_Expression_of_Set_G5", "Q1717_Expression_of_Set_G5\Q1717_Expression_of_Set_G5.vcxproj", "{1B621EA1-B6F6-46C6-A98A-6E979EC1758D}"
EndProject
Project("{8BC9CEB8-8B4A-11D0-8D11-00A0C91BC942}") = "Q10845_QUEUE_S4", "Q10845_QUEUE_S4\Q10845_QUEUE_S4.vcxproj", "{AD6E348F-83BF-4F51-B43D-031D9F05DADB}"
EndProject
Project("{8BC9CEB8-8B4A-11D0-8D11-00A0C91BC942}") = "Q18258_QUEUE_2_S4", "Q18258_QUEUE_2_S4\Q18258_QUEUE_2_S4.vcxproj", "{210398F7-8224-44AA-A4A9-1517D88152FE}"
EndProject
Project("{8BC9CEB8-8B4A-11D0-8D11-00A0C91BC942}") = "Q1406_EDITOR_S2", "Q1406_EDITOR_S2\Q1406_EDITOR_S2.vcxproj", "{DF00C9B2-DE49-468A-A902-659337F78B31}"
EndProject
Project("{8BC9CEB8-8B4A-11D0-8D11-00A0C91BC942}") = "Q1874_Stack_Sequence_S2", "Q1874_Stack_Sequence_S2\Q1874_Stack_Sequence_S2.vcxproj", "{63E12F62-4544-4D83-85CF-28D0189B8E00}"
EndProject
Project("{8BC9CEB8-8B4A-11D0-8D11-00A0C91BC942}") = "Q9935_String_Explosion_G4", "Q9935_String_Explosion_G4\Q9935_String_Explosion_G4.vcxproj", "{F2177D31-06BB-4F50-B9BF-E477E0F5BC46}"
EndProject
Project("{8BC9CEB8-8B4A-11D0-8D11-00A0C91BC942}") = "Q7662_Double_Priority_Queue_G4", "Q7662_Double_Priority_Queue_G4\Q7662_Double_Priority_Queue_G4.vcxproj", "{56C3DEE7-3314-4415-8F40-62E146EDC2F6}"
EndProject
Project("{8BC9CEB8-8B4A-11D0-8D11-00A0C91BC942}") = "Q1620_Pokemon_Master_S4", "Q1620_Pokemon_Master_S4\Q1620_Pokemon_Master_S4.vcxproj", "{A97FE8D5-3128-45E9-B46E-45D193B93BBD}"
EndProject
Project("{8BC9CEB8-8B4A-11D0-8D11-00A0C91BC942}") = "Q1764_Unknown_S4", "Q1764_Unknown_S4\Q1764_Unknown_S4.vcxproj", "{32BCED50-52FD-4413-8BE6-B6E57BF5EACF}"
EndProject
Project("{8BC9CEB8-8B4A-11D0-8D11-00A0C91BC942}") = "Q2075_Nth_S2", "Q2075_Nth_S2\Q2075_Nth_S2.vcxproj", "{58B1FA8F-7E8D-470F-8641-6BA207460D46}"
EndProject
Project("{8BC9CEB8-8B4A-11D0-8D11-00A0C91BC942}") = "Q2346_Balloon_S3", "Q2346_Balloon_S3\Q2346_Balloon_S3.vcxproj", "{EB9E7D67-4DC4-4A18-9208-14075B1773B5}"
EndProject
Global
	GlobalSection(SolutionConfigurationPlatforms) = preSolution
		Debug|x64 = Debug|x64
		Debug|x86 = Debug|x86
		Release|x64 = Release|x64
		Release|x86 = Release|x86
	EndGlobalSection
	GlobalSection(ProjectConfigurationPlatforms) = postSolution
		{C698418A-F252-4E30-A197-5CD0650D7B1F}.Debug|x64.ActiveCfg = Debug|x64
		{C698418A-F252-4E30-A197-5CD0650D7B1F}.Debug|x64.Build.0 = Debug|x64
		{C698418A-F252-4E30-A197-5CD0650D7B1F}.Debug|x86.ActiveCfg = Debug|Win32
		{C698418A-F252-4E30-A197-5CD0650D7B1F}.Debug|x86.Build.0 = Debug|Win32
		{C698418A-F252-4E30-A197-5CD0650D7B1F}.Release|x64.ActiveCfg = Release|x64
		{C698418A-F252-4E30-A197-5CD0650D7B1F}.Release|x64.Build.0 = Release|x64
		{C698418A-F252-4E30-A197-5CD0650D7B1F}.Release|x86.ActiveCfg = Release|Win32
		{C698418A-F252-4E30-A197-5CD0650D7B1F}.Release|x86.Build.0 = Release|Win32
		{4247BF65-8A7E-43B1-A0F9-0B0B7ED19E00}.Debug|x64.ActiveCfg = Debug|x64
		{4247BF65-8A7E-43B1-A0F9-0B0B7ED19E00}.Debug|x64.Build.0 = Debug|x64
		{4247BF65-8A7E-43B1-A0F9-0B0B7ED19E00}.Debug|x86.ActiveCfg = Debug|Win32
		{4247BF65-8A7E-43B1-A0F9-0B0B7ED19E00}.Debug|x86.Build.0 = Debug|Win32
		{4247BF65-8A7E-43B1-A0F9-0B0B7ED19E00}.Release|x64.ActiveCfg = Release|x64
		{4247BF65-8A7E-43B1-A0F9-0B0B7ED19E00}.Release|x64.Build.0 = Release|x64
		{4247BF65-8A7E-43B1-A0F9-0B0B7ED19E00}.Release|x86.ActiveCfg = Release|Win32
		{4247BF65-8A7E-43B1-A0F9-0B0B7ED19E00}.Release|x86.Build.0 = Release|Win32
		{72FF7336-40A8-45C5-9BFC-D4775D718039}.Debug|x64.ActiveCfg = Debug|x64
		{72FF7336-40A8-45C5-9BFC-D4775D718039}.Debug|x64.Build.0 = Debug|x64
		{72FF7336-40A8-45C5-9BFC-D4775D718039}.Debug|x86.ActiveCfg = Debug|Win32
		{72FF7336-40A8-45C5-9BFC-D4775D718039}.Debug|x86.Build.0 = Debug|Win32
		{72FF7336-40A8-45C5-9BFC-D4775D718039}.Release|x64.ActiveCfg = Release|x64
		{72FF7336-40A8-45C5-9BFC-D4775D718039}.Release|x64.Build.0 = Release|x64
		{72FF7336-40A8-45C5-9BFC-D4775D718039}.Release|x86.ActiveCfg = Release|Win32
		{72FF7336-40A8-45C5-9BFC-D4775D718039}.Release|x86.Build.0 = Release|Win32
		{1B621EA1-B6F6-46C6-A98A-6E979EC1758D}.Debug|x64.ActiveCfg = Debug|x64
		{1B621EA1-B6F6-46C6-A98A-6E979EC1758D}.Debug|x64.Build.0 = Debug|x64
		{1B621EA1-B6F6-46C6-A98A-6E979EC1758D}.Debug|x86.ActiveCfg = Debug|Win32
		{1B621EA1-B6F6-46C6-A98A-6E979EC1758D}.Debug|x86.Build.0 = Debug|Win32
		{1B621EA1-B6F6-46C6-A98A-6E979EC1758D}.Release|x64.ActiveCfg = Release|x64
		{1B621EA1-B6F6-46C6-A98A-6E979EC1758D}.Release|x64.Build.0 = Release|x64
		{1B621EA1-B6F6-46C6-A98A-6E979EC1758D}.Release|x86.ActiveCfg = Release|Win32
		{1B621EA1-B6F6-46C6-A98A-6E979EC1758D}.Release|x86.Build.0 = Release|Win32
		{AD6E348F-83BF-4F51-B43D-031D9F05DADB}.Debug|x64.ActiveCfg = Debug|x64
		{AD6E348F-83BF-4F51-B43D-031D9F05DADB}.Debug|x64.Build.0 = Debug|x64
		{AD6E348F-83BF-4F51-B43D-031D9F05DADB}.Debug|x86.ActiveCfg = Debug|Win32
		{AD6E348F-83BF-4F51-B43D-031D9F05DADB}.Debug|x86.Build.0 = Debug|Win32
		{AD6E348F-83BF-4F51-B43D-031D9F05DADB}.Release|x64.ActiveCfg = Release|x64
		{AD6E348F-83BF-4F51-B43D-031D9F05DADB}.Release|x64.Build.0 = Release|x64
		{AD6E348F-83BF-4F51-B43D-031D9F05DADB}.Release|x86.ActiveCfg = Release|Win32
		{AD6E348F-83BF-4F51-B43D-031D9F05DADB}.Release|x86.Build.0 = Release|Win32
		{210398F7-8224-44AA-A4A9-1517D88152FE}.Debug|x64.ActiveCfg = Debug|x64
		{210398F7-8224-44AA-A4A9-1517D88152FE}.Debug|x64.Build.0 = Debug|x64
		{210398F7-8224-44AA-A4A9-1517D88152FE}.Debug|x86.ActiveCfg = Debug|Win32
		{210398F7-8224-44AA-A4A9-1517D88152FE}.Debug|x86.Build.0 = Debug|Win32
		{210398F7-8224-44AA-A4A9-1517D88152FE}.Release|x64.ActiveCfg = Release|x64
		{210398F7-8224-44AA-A4A9-1517D88152FE}.Release|x64.Build.0 = Release|x64
		{210398F7-8224-44AA-A4A9-1517D88152FE}.Release|x86.ActiveCfg = Release|Win32
		{210398F7-8224-44AA-A4A9-1517D88152FE}.Release|x86.Build.0 = Release|Win32
		{DF00C9B2-DE49-468A-A902-659337F78B31}.Debug|x64.ActiveCfg = Debug|x64
		{DF00C9B2-DE49-468A-A902-659337F78B31}.Debug|x64.Build.0 = Debug|x64
		{DF00C9B2-DE49-468A-A902-659337F78B31}.Debug|x86.ActiveCfg = Debug|Win32
		{DF00C9B2-DE49-468A-A902-659337F78B31}.Debug|x86.Build.0 = Debug|Win32
		{DF00C9B2-DE49-468A-A902-659337F78B31}.Release|x64.ActiveCfg = Release|x64
		{DF00C9B2-DE49-468A-A902-659337F78B31}.Release|x64.Build.0 = Release|x64
		{DF00C9B2-DE49-468A-A902-659337F78B31}.Release|x86.ActiveCfg = Release|Win32
		{DF00C9B2-DE49-468A-A902-659337F78B31}.Release|x86.Build.0 = Release|Win32
		{63E12F62-4544-4D83-85CF-28D0189B8E00}.Debug|x64.ActiveCfg = Debug|x64
		{63E12F62-4544-4D83-85CF-28D0189B8E00}.Debug|x64.Build.0 = Debug|x64
		{63E12F62-4544-4D83-85CF-28D0189B8E00}.Debug|x86.ActiveCfg = Debug|Win32
		{63E12F62-4544-4D83-85CF-28D0189B8E00}.Debug|x86.Build.0 = Debug|Win32
		{63E12F62-4544-4D83-85CF-28D0189B8E00}.Release|x64.ActiveCfg = Release|x64
		{63E12F62-4544-4D83-85CF-28D0189B8E00}.Release|x64.Build.0 = Release|x64
		{63E12F62-4544-4D83-85CF-28D0189B8E00}.Release|x86.ActiveCfg = Release|Win32
		{63E12F62-4544-4D83-85CF-28D0189B8E00}.Release|x86.Build.0 = Release|Win32
		{F2177D31-06BB-4F50-B9BF-E477E0F5BC46}.Debug|x64.ActiveCfg = Debug|x64
		{F2177D31-06BB-4F50-B9BF-E477E0F5BC46}.Debug|x64.Build.0 = Debug|x64
		{F2177D31-06BB-4F50-B9BF-E477E0F5BC46}.Debug|x86.ActiveCfg = Debug|Win32
		{F2177D31-06BB-4F50-B9BF-E477E0F5BC46}.Debug|x86.Build.0 = Debug|Win32
		{F2177D31-06BB-4F50-B9BF-E477E0F5BC46}.Release|x64.ActiveCfg = Release|x64
		{F2177D31-06BB-4F50-B9BF-E477E0F5BC46}.Release|x64.Build.0 = Release|x64
		{F2177D31-06BB-4F50-B9BF-E477E0F5BC46}.Release|x86.ActiveCfg = Release|Win32
		{F2177D31-06BB-4F50-B9BF-E477E0F5BC46}.Release|x86.Build.0 = Release|Win32
		{56C3DEE7-3314-4415-8F40-62E146EDC2F6}.Debug|x64.ActiveCfg = Debug|x64
		{56C3DEE7-3314-4415-8F40-62E146EDC2F6}.Debug|x64.Build.0 = Debug|x64
		{56C3DEE7-3314-4415-8F40-62E146EDC2F6}.Debug|x86.ActiveCfg = Debug|Win32
		{56C3DEE7-3314-4415-8F40-62E146EDC2F6}.Debug|x86.Build.0 = Debug|Win32
		{56C3DEE7-3314-4415-8F40-62E146EDC2F6}.Release|x64.ActiveCfg = Release|x64
		{56C3DEE7-3314-4415-8F40-62E146EDC2F6}.Release|x64.Build.0 = Release|x64
		{56C3DEE7-3314-4415-8F40-62E146EDC2F6}.Release|x86.ActiveCfg = Release|Win32
		{56C3DEE7-3314-4415-8F40-62E146EDC2F6}.Release|x86.Build.0 = Release|Win32
		{A97FE8D5-3128-45E9-B46E-45D193B93BBD}.Debug|x64.ActiveCfg = Debug|x64
		{A97FE8D5-3128-45E9-B46E-45D193B93BBD}.Debug|x64.Build.0 = Debug|x64
		{A97FE8D5-3128-45E9-B46E-45D193B93BBD}.Debug|x86.ActiveCfg = Debug|Win32
		{A97FE8D5-3128-45E9-B46E-45D193B93BBD}.Debug|x86.Build.0 = Debug|Win32
		{A97FE8D5-3128-45E9-B46E-45D193B93BBD}.Release|x64.ActiveCfg = Release|x64
		{A97FE8D5-3128-45E9-B46E-45D193B93BBD}.Release|x64.Build.0 = Release|x64
		{A97FE8D5-3128-45E9-B46E-45D193B93BBD}.Release|x86.ActiveCfg = Release|Win32
		{A97FE8D5-3128-45E9-B46E-45D193B93BBD}.Release|x86.Build.0 = Release|Win32
		{32BCED50-52FD-4413-8BE6-B6E57BF5EACF}.Debug|x64.ActiveCfg = Debug|x64
		{32BCED50-52FD-4413-8BE6-B6E57BF5EACF}.Debug|x64.Build.0 = Debug|x64
		{32BCED50-52FD-4413-8BE6-B6E57BF5EACF}.Debug|x86.ActiveCfg = Debug|Win32
		{32BCED50-52FD-4413-8BE6-B6E57BF5EACF}.Debug|x86.Build.0 = Debug|Win32
		{32BCED50-52FD-4413-8BE6-B6E57BF5EACF}.Release|x64.ActiveCfg = Release|x64
		{32BCED50-52FD-4413-8BE6-B6E57BF5EACF}.Release|x64.Build.0 = Release|x64
		{32BCED50-52FD-4413-8BE6-B6E57BF5EACF}.Release|x86.ActiveCfg = Release|Win32
		{32BCED50-52FD-4413-8BE6-B6E57BF5EACF}.Release|x86.Build.0 = Release|Win32
		{58B1FA8F-7E8D-470F-8641-6BA207460D46}.Debug|x64.ActiveCfg = Debug|x64
		{58B1FA8F-7E8D-470F-8641-6BA207460D46}.Debug|x64.Build.0 = Debug|x64
		{58B1FA8F-7E8D-470F-8641-6BA207460D46}.Debug|x86.ActiveCfg = Debug|Win32
		{58B1FA8F-7E8D-470F-8641-6BA207460D46}.Debug|x86.Build.0 = Debug|Win32
		{58B1FA8F-7E8D-470F-8641-6BA207460D46}.Release|x64.ActiveCfg = Release|x64
		{58B1FA8F-7E8D-470F-8641-6BA207460D46}.Release|x64.Build.0 = Release|x64
		{58B1FA8F-7E8D-470F-8641-6BA207460D46}.Release|x86.ActiveCfg = Release|Win32
		{58B1FA8F-7E8D-470F-8641-6BA207460D46}.Release|x86.Build.0 = Release|Win32
		{EB9E7D67-4DC4-4A18-9208-14075B1773B5}.Debug|x64.ActiveCfg = Debug|x64
		{EB9E7D67-4DC4-4A18-9208-14075B1773B5}.Debug|x64.Build.0 = Debug|x64
		{EB9E7D67-4DC4-4A18-9208-14075B1773B5}.Debug|x86.ActiveCfg = Debug|Win32
		{EB9E7D67-4DC4-4A18-9208-14075B1773B5}.Debug|x86.Build.0 = Debug|Win32
		{EB9E7D67-4DC4-4A18-9208-14075B1773B5}.Release|x64.ActiveCfg = Release|x64
		{EB9E7D67-4DC4-4A18-9208-14075B1773B5}.Release|x64.Build.0 = Release|x64
		{EB9E7D67-4DC4-4A18-9208-14075B1773B5}.Release|x86.ActiveCfg = Release|Win32
		{EB9E7D67-4DC4-4A18-9208-14075B1773B5}.Release|x86.Build.0 = Release|Win32
	EndGlobalSection
	GlobalSection(SolutionProperties) = preSolution
		HideSolutionNode = FALSE
	EndGlobalSection
	GlobalSection(ExtensibilityGlobals) = postSolution
		SolutionGuid = {1AC046DD-EA87-43AE-A031-534CECC3C4B6}
	EndGlobalSection
EndGlobal
