
Microsoft Visual Studio Solution File, Format Version 12.00
# Visual Studio Version 17
VisualStudioVersion = 17.0.32112.339
MinimumVisualStudioVersion = 10.0.40219.1
Project("{8BC9CEB8-8B4A-11D0-8D11-00A0C91BC942}") = "Q1330_Compare_B5", "Q1330_Compare_B5\Q1330_Compare_B5.vcxproj", "{8B7CFBE8-20F1-423A-AC04-AC597B160BFD}"
EndProject
Project("{8BC9CEB8-8B4A-11D0-8D11-00A0C91BC942}") = "Q2439_Star_2_B4", "Q2439_Star_2_B4\Q2439_Star_2_B4.vcxproj", "{7FA34FAE-2D56-4FB4-A77A-AD77F32A997C}"
EndProject
Project("{8BC9CEB8-8B4A-11D0-8D11-00A0C91BC942}") = "Q2441_Star_4_B3", "Q2441_Star_4_B3\Q2441_Star_4_B3.vcxproj", "{346711C1-3294-43D4-8BB8-176737EF63F4}"
EndProject
Project("{8BC9CEB8-8B4A-11D0-8D11-00A0C91BC942}") = "Q2557_Hello_World_B5", "Q2557_Hello_World_B5\Q2557_Hello_World_B5.vcxproj", "{3A02DA43-3C35-436B-894D-83EDF9ACE113}"
EndProject
Project("{8BC9CEB8-8B4A-11D0-8D11-00A0C91BC942}") = "Q2562_Maximum_B3", "Q2562_Maximum_B3\Q2562_Maximum_B3.vcxproj", "{1C641350-6A74-4234-996B-B68ED1D26979}"
EndProject
Project("{8BC9CEB8-8B4A-11D0-8D11-00A0C91BC942}") = "Q2563_Paper_S5", "Q2563_Paper_S5\Q2563_Paper_S5.vcxproj", "{5A743088-76BD-4183-B2F0-ECFD1CFFAF15}"
EndProject
Project("{8BC9CEB8-8B4A-11D0-8D11-00A0C91BC942}") = "Q2741_Output_B5", "Q2741_Output_B5\Q2741_Output_B5.vcxproj", "{C21A8BA3-AD8E-4A5F-9CBE-413787018388}"
EndProject
Project("{8BC9CEB8-8B4A-11D0-8D11-00A0C91BC942}") = "Q2742_N_B4", "Q2742_N_B4\Q2742_N_B4.vcxproj", "{7E6B11C3-08C2-4C06-88A8-56B8B5690B59}"
EndProject
Project("{8BC9CEB8-8B4A-11D0-8D11-00A0C91BC942}") = "Q9498_Grade_B5", "Q9498_Grade_B5\Q9498_Grade_B5.vcxproj", "{99EB7DB0-C5E7-463E-882F-162FA7A1403E}"
EndProject
Project("{8BC9CEB8-8B4A-11D0-8D11-00A0C91BC942}") = "Q10171_Cat_B5", "Q10171_Cat_B5\Q10171_Cat_B5.vcxproj", "{DBB4C2E2-BBCA-48CD-86C9-3BA3458A65A6}"
EndProject
Project("{8BC9CEB8-8B4A-11D0-8D11-00A0C91BC942}") = "Q10172_Dog_B5", "Q10172_Dog_B5\Q10172_Dog_B5.vcxproj", "{EC7DB2D2-715E-49B6-83CB-EF899D334698}"
EndProject
Project("{8BC9CEB8-8B4A-11D0-8D11-00A0C91BC942}") = "Q10871_Smaller_B5", "Q10871_Smaller_B5\Q10871_Smaller_B5.vcxproj", "{EA39AF95-4981-48EA-9260-4C14E1E1BC9F}"
EndProject
Project("{8BC9CEB8-8B4A-11D0-8D11-00A0C91BC942}") = "Q10926_joonas_B5", "Q10926_joonas_B5\Q10926_joonas_B5.vcxproj", "{11FB57A7-B53C-4AAD-8B7A-5195E8248944}"
EndProject
Project("{8BC9CEB8-8B4A-11D0-8D11-00A0C91BC942}") = "Q2522_Star_12_B3", "Q2522_Star_12_B3\Q2522_Star_12_B3.vcxproj", "{D92AF0D1-C54C-4DA7-8125-B026AFD5182E}"
EndProject
Project("{8BC9CEB8-8B4A-11D0-8D11-00A0C91BC942}") = "Q10797_10Day_B4", "Q10797_10Day_B4\Q10797_10Day_B4.vcxproj", "{35D6AAF5-B204-4AE5-9704-B8A7BBEEF840}"
EndProject
Project("{8BC9CEB8-8B4A-11D0-8D11-00A0C91BC942}") = "Q2438_Star_1_B5", "Q2438_Star_1_B5\Q2438_Star_1_B5.vcxproj", "{92B53189-7605-449A-BDE1-069D1D81659F}"
EndProject
Project("{8BC9CEB8-8B4A-11D0-8D11-00A0C91BC942}") = "Q2920_Scale_B2", "Q2920_Scale_B2\Q2920_Scale_B2.vcxproj", "{07D5A205-7A4B-478B-A01C-3AA5CF604E53}"
EndProject
Project("{8BC9CEB8-8B4A-11D0-8D11-00A0C91BC942}") = "Q11654_Ascii_B5", "Q11654_Ascii_B5\Q11654_Ascii_B5.vcxproj", "{71153BD4-E025-4F1B-AED4-11A5EF8A6135}"
EndProject
Project("{8BC9CEB8-8B4A-11D0-8D11-00A0C91BC942}") = "Q25314_PE_B5", "Q25314_PE_B5\Q25314_PE_B5.vcxproj", "{6234CBBA-25D1-4442-9856-9809808A290E}"
EndProject
Project("{8BC9CEB8-8B4A-11D0-8D11-00A0C91BC942}") = "Q10807_Count_B5", "Q10807_Count_B5\Q10807_Count_B5.vcxproj", "{21CCA9CC-62F5-4EC1-9F63-DB36698838FB}"
EndProject
Project("{8BC9CEB8-8B4A-11D0-8D11-00A0C91BC942}") = "Q5597_Assignment_B5", "Q5597_Assignment_B5\Q5597_Assignment_B5.vcxproj", "{756CBDD1-0A69-4523-9D2B-1FB57B152D7C}"
EndProject
Project("{8BC9CEB8-8B4A-11D0-8D11-00A0C91BC942}") = "Q5622_Dial_B2", "Q5622_Dial_B2\Q5622_Dial_B2.vcxproj", "{4F65377C-060F-4EFE-A023-95F6768A3236}"
EndProject
Project("{8BC9CEB8-8B4A-11D0-8D11-00A0C91BC942}") = "Q2444_Star_7_B3", "Q2444_Star_7_B3\Q2444_Star_7_B3.vcxproj", "{BCFC48B6-0D7C-47E2-8754-1D9C840664C7}"
EndProject
Project("{8BC9CEB8-8B4A-11D0-8D11-00A0C91BC942}") = "Q2566_Maximum_B3", "Q2566_Maximum_B3\Q2566_Maximum_B3.vcxproj", "{9656CC45-95A2-4E47-9112-F05086BDE821}"
EndProject
Global
	GlobalSection(SolutionConfigurationPlatforms) = preSolution
		Debug|x64 = Debug|x64
		Debug|x86 = Debug|x86
		Release|x64 = Release|x64
		Release|x86 = Release|x86
	EndGlobalSection
	GlobalSection(ProjectConfigurationPlatforms) = postSolution
		{8B7CFBE8-20F1-423A-AC04-AC597B160BFD}.Debug|x64.ActiveCfg = Debug|x64
		{8B7CFBE8-20F1-423A-AC04-AC597B160BFD}.Debug|x64.Build.0 = Debug|x64
		{8B7CFBE8-20F1-423A-AC04-AC597B160BFD}.Debug|x86.ActiveCfg = Debug|Win32
		{8B7CFBE8-20F1-423A-AC04-AC597B160BFD}.Debug|x86.Build.0 = Debug|Win32
		{8B7CFBE8-20F1-423A-AC04-AC597B160BFD}.Release|x64.ActiveCfg = Release|x64
		{8B7CFBE8-20F1-423A-AC04-AC597B160BFD}.Release|x64.Build.0 = Release|x64
		{8B7CFBE8-20F1-423A-AC04-AC597B160BFD}.Release|x86.ActiveCfg = Release|Win32
		{8B7CFBE8-20F1-423A-AC04-AC597B160BFD}.Release|x86.Build.0 = Release|Win32
		{7FA34FAE-2D56-4FB4-A77A-AD77F32A997C}.Debug|x64.ActiveCfg = Debug|x64
		{7FA34FAE-2D56-4FB4-A77A-AD77F32A997C}.Debug|x64.Build.0 = Debug|x64
		{7FA34FAE-2D56-4FB4-A77A-AD77F32A997C}.Debug|x86.ActiveCfg = Debug|Win32
		{7FA34FAE-2D56-4FB4-A77A-AD77F32A997C}.Debug|x86.Build.0 = Debug|Win32
		{7FA34FAE-2D56-4FB4-A77A-AD77F32A997C}.Release|x64.ActiveCfg = Release|x64
		{7FA34FAE-2D56-4FB4-A77A-AD77F32A997C}.Release|x64.Build.0 = Release|x64
		{7FA34FAE-2D56-4FB4-A77A-AD77F32A997C}.Release|x86.ActiveCfg = Release|Win32
		{7FA34FAE-2D56-4FB4-A77A-AD77F32A997C}.Release|x86.Build.0 = Release|Win32
		{346711C1-3294-43D4-8BB8-176737EF63F4}.Debug|x64.ActiveCfg = Debug|x64
		{346711C1-3294-43D4-8BB8-176737EF63F4}.Debug|x64.Build.0 = Debug|x64
		{346711C1-3294-43D4-8BB8-176737EF63F4}.Debug|x86.ActiveCfg = Debug|Win32
		{346711C1-3294-43D4-8BB8-176737EF63F4}.Debug|x86.Build.0 = Debug|Win32
		{346711C1-3294-43D4-8BB8-176737EF63F4}.Release|x64.ActiveCfg = Release|x64
		{346711C1-3294-43D4-8BB8-176737EF63F4}.Release|x64.Build.0 = Release|x64
		{346711C1-3294-43D4-8BB8-176737EF63F4}.Release|x86.ActiveCfg = Release|Win32
		{346711C1-3294-43D4-8BB8-176737EF63F4}.Release|x86.Build.0 = Release|Win32
		{3A02DA43-3C35-436B-894D-83EDF9ACE113}.Debug|x64.ActiveCfg = Debug|x64
		{3A02DA43-3C35-436B-894D-83EDF9ACE113}.Debug|x64.Build.0 = Debug|x64
		{3A02DA43-3C35-436B-894D-83EDF9ACE113}.Debug|x86.ActiveCfg = Debug|Win32
		{3A02DA43-3C35-436B-894D-83EDF9ACE113}.Debug|x86.Build.0 = Debug|Win32
		{3A02DA43-3C35-436B-894D-83EDF9ACE113}.Release|x64.ActiveCfg = Release|x64
		{3A02DA43-3C35-436B-894D-83EDF9ACE113}.Release|x64.Build.0 = Release|x64
		{3A02DA43-3C35-436B-894D-83EDF9ACE113}.Release|x86.ActiveCfg = Release|Win32
		{3A02DA43-3C35-436B-894D-83EDF9ACE113}.Release|x86.Build.0 = Release|Win32
		{1C641350-6A74-4234-996B-B68ED1D26979}.Debug|x64.ActiveCfg = Debug|x64
		{1C641350-6A74-4234-996B-B68ED1D26979}.Debug|x64.Build.0 = Debug|x64
		{1C641350-6A74-4234-996B-B68ED1D26979}.Debug|x86.ActiveCfg = Debug|Win32
		{1C641350-6A74-4234-996B-B68ED1D26979}.Debug|x86.Build.0 = Debug|Win32
		{1C641350-6A74-4234-996B-B68ED1D26979}.Release|x64.ActiveCfg = Release|x64
		{1C641350-6A74-4234-996B-B68ED1D26979}.Release|x64.Build.0 = Release|x64
		{1C641350-6A74-4234-996B-B68ED1D26979}.Release|x86.ActiveCfg = Release|Win32
		{1C641350-6A74-4234-996B-B68ED1D26979}.Release|x86.Build.0 = Release|Win32
		{5A743088-76BD-4183-B2F0-ECFD1CFFAF15}.Debug|x64.ActiveCfg = Debug|x64
		{5A743088-76BD-4183-B2F0-ECFD1CFFAF15}.Debug|x64.Build.0 = Debug|x64
		{5A743088-76BD-4183-B2F0-ECFD1CFFAF15}.Debug|x86.ActiveCfg = Debug|Win32
		{5A743088-76BD-4183-B2F0-ECFD1CFFAF15}.Debug|x86.Build.0 = Debug|Win32
		{5A743088-76BD-4183-B2F0-ECFD1CFFAF15}.Release|x64.ActiveCfg = Release|x64
		{5A743088-76BD-4183-B2F0-ECFD1CFFAF15}.Release|x64.Build.0 = Release|x64
		{5A743088-76BD-4183-B2F0-ECFD1CFFAF15}.Release|x86.ActiveCfg = Release|Win32
		{5A743088-76BD-4183-B2F0-ECFD1CFFAF15}.Release|x86.Build.0 = Release|Win32
		{C21A8BA3-AD8E-4A5F-9CBE-413787018388}.Debug|x64.ActiveCfg = Debug|x64
		{C21A8BA3-AD8E-4A5F-9CBE-413787018388}.Debug|x64.Build.0 = Debug|x64
		{C21A8BA3-AD8E-4A5F-9CBE-413787018388}.Debug|x86.ActiveCfg = Debug|Win32
		{C21A8BA3-AD8E-4A5F-9CBE-413787018388}.Debug|x86.Build.0 = Debug|Win32
		{C21A8BA3-AD8E-4A5F-9CBE-413787018388}.Release|x64.ActiveCfg = Release|x64
		{C21A8BA3-AD8E-4A5F-9CBE-413787018388}.Release|x64.Build.0 = Release|x64
		{C21A8BA3-AD8E-4A5F-9CBE-413787018388}.Release|x86.ActiveCfg = Release|Win32
		{C21A8BA3-AD8E-4A5F-9CBE-413787018388}.Release|x86.Build.0 = Release|Win32
		{7E6B11C3-08C2-4C06-88A8-56B8B5690B59}.Debug|x64.ActiveCfg = Debug|x64
		{7E6B11C3-08C2-4C06-88A8-56B8B5690B59}.Debug|x64.Build.0 = Debug|x64
		{7E6B11C3-08C2-4C06-88A8-56B8B5690B59}.Debug|x86.ActiveCfg = Debug|Win32
		{7E6B11C3-08C2-4C06-88A8-56B8B5690B59}.Debug|x86.Build.0 = Debug|Win32
		{7E6B11C3-08C2-4C06-88A8-56B8B5690B59}.Release|x64.ActiveCfg = Release|x64
		{7E6B11C3-08C2-4C06-88A8-56B8B5690B59}.Release|x64.Build.0 = Release|x64
		{7E6B11C3-08C2-4C06-88A8-56B8B5690B59}.Release|x86.ActiveCfg = Release|Win32
		{7E6B11C3-08C2-4C06-88A8-56B8B5690B59}.Release|x86.Build.0 = Release|Win32
		{99EB7DB0-C5E7-463E-882F-162FA7A1403E}.Debug|x64.ActiveCfg = Debug|x64
		{99EB7DB0-C5E7-463E-882F-162FA7A1403E}.Debug|x64.Build.0 = Debug|x64
		{99EB7DB0-C5E7-463E-882F-162FA7A1403E}.Debug|x86.ActiveCfg = Debug|Win32
		{99EB7DB0-C5E7-463E-882F-162FA7A1403E}.Debug|x86.Build.0 = Debug|Win32
		{99EB7DB0-C5E7-463E-882F-162FA7A1403E}.Release|x64.ActiveCfg = Release|x64
		{99EB7DB0-C5E7-463E-882F-162FA7A1403E}.Release|x64.Build.0 = Release|x64
		{99EB7DB0-C5E7-463E-882F-162FA7A1403E}.Release|x86.ActiveCfg = Release|Win32
		{99EB7DB0-C5E7-463E-882F-162FA7A1403E}.Release|x86.Build.0 = Release|Win32
		{DBB4C2E2-BBCA-48CD-86C9-3BA3458A65A6}.Debug|x64.ActiveCfg = Debug|x64
		{DBB4C2E2-BBCA-48CD-86C9-3BA3458A65A6}.Debug|x64.Build.0 = Debug|x64
		{DBB4C2E2-BBCA-48CD-86C9-3BA3458A65A6}.Debug|x86.ActiveCfg = Debug|Win32
		{DBB4C2E2-BBCA-48CD-86C9-3BA3458A65A6}.Debug|x86.Build.0 = Debug|Win32
		{DBB4C2E2-BBCA-48CD-86C9-3BA3458A65A6}.Release|x64.ActiveCfg = Release|x64
		{DBB4C2E2-BBCA-48CD-86C9-3BA3458A65A6}.Release|x64.Build.0 = Release|x64
		{DBB4C2E2-BBCA-48CD-86C9-3BA3458A65A6}.Release|x86.ActiveCfg = Release|Win32
		{DBB4C2E2-BBCA-48CD-86C9-3BA3458A65A6}.Release|x86.Build.0 = Release|Win32
		{EC7DB2D2-715E-49B6-83CB-EF899D334698}.Debug|x64.ActiveCfg = Debug|x64
		{EC7DB2D2-715E-49B6-83CB-EF899D334698}.Debug|x64.Build.0 = Debug|x64
		{EC7DB2D2-715E-49B6-83CB-EF899D334698}.Debug|x86.ActiveCfg = Debug|Win32
		{EC7DB2D2-715E-49B6-83CB-EF899D334698}.Debug|x86.Build.0 = Debug|Win32
		{EC7DB2D2-715E-49B6-83CB-EF899D334698}.Release|x64.ActiveCfg = Release|x64
		{EC7DB2D2-715E-49B6-83CB-EF899D334698}.Release|x64.Build.0 = Release|x64
		{EC7DB2D2-715E-49B6-83CB-EF899D334698}.Release|x86.ActiveCfg = Release|Win32
		{EC7DB2D2-715E-49B6-83CB-EF899D334698}.Release|x86.Build.0 = Release|Win32
		{EA39AF95-4981-48EA-9260-4C14E1E1BC9F}.Debug|x64.ActiveCfg = Debug|x64
		{EA39AF95-4981-48EA-9260-4C14E1E1BC9F}.Debug|x64.Build.0 = Debug|x64
		{EA39AF95-4981-48EA-9260-4C14E1E1BC9F}.Debug|x86.ActiveCfg = Debug|Win32
		{EA39AF95-4981-48EA-9260-4C14E1E1BC9F}.Debug|x86.Build.0 = Debug|Win32
		{EA39AF95-4981-48EA-9260-4C14E1E1BC9F}.Release|x64.ActiveCfg = Release|x64
		{EA39AF95-4981-48EA-9260-4C14E1E1BC9F}.Release|x64.Build.0 = Release|x64
		{EA39AF95-4981-48EA-9260-4C14E1E1BC9F}.Release|x86.ActiveCfg = Release|Win32
		{EA39AF95-4981-48EA-9260-4C14E1E1BC9F}.Release|x86.Build.0 = Release|Win32
		{11FB57A7-B53C-4AAD-8B7A-5195E8248944}.Debug|x64.ActiveCfg = Debug|x64
		{11FB57A7-B53C-4AAD-8B7A-5195E8248944}.Debug|x64.Build.0 = Debug|x64
		{11FB57A7-B53C-4AAD-8B7A-5195E8248944}.Debug|x86.ActiveCfg = Debug|Win32
		{11FB57A7-B53C-4AAD-8B7A-5195E8248944}.Debug|x86.Build.0 = Debug|Win32
		{11FB57A7-B53C-4AAD-8B7A-5195E8248944}.Release|x64.ActiveCfg = Release|x64
		{11FB57A7-B53C-4AAD-8B7A-5195E8248944}.Release|x64.Build.0 = Release|x64
		{11FB57A7-B53C-4AAD-8B7A-5195E8248944}.Release|x86.ActiveCfg = Release|Win32
		{11FB57A7-B53C-4AAD-8B7A-5195E8248944}.Release|x86.Build.0 = Release|Win32
		{D92AF0D1-C54C-4DA7-8125-B026AFD5182E}.Debug|x64.ActiveCfg = Debug|x64
		{D92AF0D1-C54C-4DA7-8125-B026AFD5182E}.Debug|x64.Build.0 = Debug|x64
		{D92AF0D1-C54C-4DA7-8125-B026AFD5182E}.Debug|x86.ActiveCfg = Debug|Win32
		{D92AF0D1-C54C-4DA7-8125-B026AFD5182E}.Debug|x86.Build.0 = Debug|Win32
		{D92AF0D1-C54C-4DA7-8125-B026AFD5182E}.Release|x64.ActiveCfg = Release|x64
		{D92AF0D1-C54C-4DA7-8125-B026AFD5182E}.Release|x64.Build.0 = Release|x64
		{D92AF0D1-C54C-4DA7-8125-B026AFD5182E}.Release|x86.ActiveCfg = Release|Win32
		{D92AF0D1-C54C-4DA7-8125-B026AFD5182E}.Release|x86.Build.0 = Release|Win32
		{35D6AAF5-B204-4AE5-9704-B8A7BBEEF840}.Debug|x64.ActiveCfg = Debug|x64
		{35D6AAF5-B204-4AE5-9704-B8A7BBEEF840}.Debug|x64.Build.0 = Debug|x64
		{35D6AAF5-B204-4AE5-9704-B8A7BBEEF840}.Debug|x86.ActiveCfg = Debug|Win32
		{35D6AAF5-B204-4AE5-9704-B8A7BBEEF840}.Debug|x86.Build.0 = Debug|Win32
		{35D6AAF5-B204-4AE5-9704-B8A7BBEEF840}.Release|x64.ActiveCfg = Release|x64
		{35D6AAF5-B204-4AE5-9704-B8A7BBEEF840}.Release|x64.Build.0 = Release|x64
		{35D6AAF5-B204-4AE5-9704-B8A7BBEEF840}.Release|x86.ActiveCfg = Release|Win32
		{35D6AAF5-B204-4AE5-9704-B8A7BBEEF840}.Release|x86.Build.0 = Release|Win32
		{92B53189-7605-449A-BDE1-069D1D81659F}.Debug|x64.ActiveCfg = Debug|x64
		{92B53189-7605-449A-BDE1-069D1D81659F}.Debug|x64.Build.0 = Debug|x64
		{92B53189-7605-449A-BDE1-069D1D81659F}.Debug|x86.ActiveCfg = Debug|Win32
		{92B53189-7605-449A-BDE1-069D1D81659F}.Debug|x86.Build.0 = Debug|Win32
		{92B53189-7605-449A-BDE1-069D1D81659F}.Release|x64.ActiveCfg = Release|x64
		{92B53189-7605-449A-BDE1-069D1D81659F}.Release|x64.Build.0 = Release|x64
		{92B53189-7605-449A-BDE1-069D1D81659F}.Release|x86.ActiveCfg = Release|Win32
		{92B53189-7605-449A-BDE1-069D1D81659F}.Release|x86.Build.0 = Release|Win32
		{07D5A205-7A4B-478B-A01C-3AA5CF604E53}.Debug|x64.ActiveCfg = Debug|x64
		{07D5A205-7A4B-478B-A01C-3AA5CF604E53}.Debug|x64.Build.0 = Debug|x64
		{07D5A205-7A4B-478B-A01C-3AA5CF604E53}.Debug|x86.ActiveCfg = Debug|Win32
		{07D5A205-7A4B-478B-A01C-3AA5CF604E53}.Debug|x86.Build.0 = Debug|Win32
		{07D5A205-7A4B-478B-A01C-3AA5CF604E53}.Release|x64.ActiveCfg = Release|x64
		{07D5A205-7A4B-478B-A01C-3AA5CF604E53}.Release|x64.Build.0 = Release|x64
		{07D5A205-7A4B-478B-A01C-3AA5CF604E53}.Release|x86.ActiveCfg = Release|Win32
		{07D5A205-7A4B-478B-A01C-3AA5CF604E53}.Release|x86.Build.0 = Release|Win32
		{71153BD4-E025-4F1B-AED4-11A5EF8A6135}.Debug|x64.ActiveCfg = Debug|x64
		{71153BD4-E025-4F1B-AED4-11A5EF8A6135}.Debug|x64.Build.0 = Debug|x64
		{71153BD4-E025-4F1B-AED4-11A5EF8A6135}.Debug|x86.ActiveCfg = Debug|Win32
		{71153BD4-E025-4F1B-AED4-11A5EF8A6135}.Debug|x86.Build.0 = Debug|Win32
		{71153BD4-E025-4F1B-AED4-11A5EF8A6135}.Release|x64.ActiveCfg = Release|x64
		{71153BD4-E025-4F1B-AED4-11A5EF8A6135}.Release|x64.Build.0 = Release|x64
		{71153BD4-E025-4F1B-AED4-11A5EF8A6135}.Release|x86.ActiveCfg = Release|Win32
		{71153BD4-E025-4F1B-AED4-11A5EF8A6135}.Release|x86.Build.0 = Release|Win32
		{6234CBBA-25D1-4442-9856-9809808A290E}.Debug|x64.ActiveCfg = Debug|x64
		{6234CBBA-25D1-4442-9856-9809808A290E}.Debug|x64.Build.0 = Debug|x64
		{6234CBBA-25D1-4442-9856-9809808A290E}.Debug|x86.ActiveCfg = Debug|Win32
		{6234CBBA-25D1-4442-9856-9809808A290E}.Debug|x86.Build.0 = Debug|Win32
		{6234CBBA-25D1-4442-9856-9809808A290E}.Release|x64.ActiveCfg = Release|x64
		{6234CBBA-25D1-4442-9856-9809808A290E}.Release|x64.Build.0 = Release|x64
		{6234CBBA-25D1-4442-9856-9809808A290E}.Release|x86.ActiveCfg = Release|Win32
		{6234CBBA-25D1-4442-9856-9809808A290E}.Release|x86.Build.0 = Release|Win32
		{21CCA9CC-62F5-4EC1-9F63-DB36698838FB}.Debug|x64.ActiveCfg = Debug|x64
		{21CCA9CC-62F5-4EC1-9F63-DB36698838FB}.Debug|x64.Build.0 = Debug|x64
		{21CCA9CC-62F5-4EC1-9F63-DB36698838FB}.Debug|x86.ActiveCfg = Debug|Win32
		{21CCA9CC-62F5-4EC1-9F63-DB36698838FB}.Debug|x86.Build.0 = Debug|Win32
		{21CCA9CC-62F5-4EC1-9F63-DB36698838FB}.Release|x64.ActiveCfg = Release|x64
		{21CCA9CC-62F5-4EC1-9F63-DB36698838FB}.Release|x64.Build.0 = Release|x64
		{21CCA9CC-62F5-4EC1-9F63-DB36698838FB}.Release|x86.ActiveCfg = Release|Win32
		{21CCA9CC-62F5-4EC1-9F63-DB36698838FB}.Release|x86.Build.0 = Release|Win32
		{756CBDD1-0A69-4523-9D2B-1FB57B152D7C}.Debug|x64.ActiveCfg = Debug|x64
		{756CBDD1-0A69-4523-9D2B-1FB57B152D7C}.Debug|x64.Build.0 = Debug|x64
		{756CBDD1-0A69-4523-9D2B-1FB57B152D7C}.Debug|x86.ActiveCfg = Debug|Win32
		{756CBDD1-0A69-4523-9D2B-1FB57B152D7C}.Debug|x86.Build.0 = Debug|Win32
		{756CBDD1-0A69-4523-9D2B-1FB57B152D7C}.Release|x64.ActiveCfg = Release|x64
		{756CBDD1-0A69-4523-9D2B-1FB57B152D7C}.Release|x64.Build.0 = Release|x64
		{756CBDD1-0A69-4523-9D2B-1FB57B152D7C}.Release|x86.ActiveCfg = Release|Win32
		{756CBDD1-0A69-4523-9D2B-1FB57B152D7C}.Release|x86.Build.0 = Release|Win32
		{4F65377C-060F-4EFE-A023-95F6768A3236}.Debug|x64.ActiveCfg = Debug|x64
		{4F65377C-060F-4EFE-A023-95F6768A3236}.Debug|x64.Build.0 = Debug|x64
		{4F65377C-060F-4EFE-A023-95F6768A3236}.Debug|x86.ActiveCfg = Debug|Win32
		{4F65377C-060F-4EFE-A023-95F6768A3236}.Debug|x86.Build.0 = Debug|Win32
		{4F65377C-060F-4EFE-A023-95F6768A3236}.Release|x64.ActiveCfg = Release|x64
		{4F65377C-060F-4EFE-A023-95F6768A3236}.Release|x64.Build.0 = Release|x64
		{4F65377C-060F-4EFE-A023-95F6768A3236}.Release|x86.ActiveCfg = Release|Win32
		{4F65377C-060F-4EFE-A023-95F6768A3236}.Release|x86.Build.0 = Release|Win32
		{BCFC48B6-0D7C-47E2-8754-1D9C840664C7}.Debug|x64.ActiveCfg = Debug|x64
		{BCFC48B6-0D7C-47E2-8754-1D9C840664C7}.Debug|x64.Build.0 = Debug|x64
		{BCFC48B6-0D7C-47E2-8754-1D9C840664C7}.Debug|x86.ActiveCfg = Debug|Win32
		{BCFC48B6-0D7C-47E2-8754-1D9C840664C7}.Debug|x86.Build.0 = Debug|Win32
		{BCFC48B6-0D7C-47E2-8754-1D9C840664C7}.Release|x64.ActiveCfg = Release|x64
		{BCFC48B6-0D7C-47E2-8754-1D9C840664C7}.Release|x64.Build.0 = Release|x64
		{BCFC48B6-0D7C-47E2-8754-1D9C840664C7}.Release|x86.ActiveCfg = Release|Win32
		{BCFC48B6-0D7C-47E2-8754-1D9C840664C7}.Release|x86.Build.0 = Release|Win32
		{9656CC45-95A2-4E47-9112-F05086BDE821}.Debug|x64.ActiveCfg = Debug|x64
		{9656CC45-95A2-4E47-9112-F05086BDE821}.Debug|x64.Build.0 = Debug|x64
		{9656CC45-95A2-4E47-9112-F05086BDE821}.Debug|x86.ActiveCfg = Debug|Win32
		{9656CC45-95A2-4E47-9112-F05086BDE821}.Debug|x86.Build.0 = Debug|Win32
		{9656CC45-95A2-4E47-9112-F05086BDE821}.Release|x64.ActiveCfg = Release|x64
		{9656CC45-95A2-4E47-9112-F05086BDE821}.Release|x64.Build.0 = Release|x64
		{9656CC45-95A2-4E47-9112-F05086BDE821}.Release|x86.ActiveCfg = Release|Win32
		{9656CC45-95A2-4E47-9112-F05086BDE821}.Release|x86.Build.0 = Release|Win32
	EndGlobalSection
	GlobalSection(SolutionProperties) = preSolution
		HideSolutionNode = FALSE
	EndGlobalSection
	GlobalSection(ExtensibilityGlobals) = postSolution
		SolutionGuid = {7B3C06CF-29A8-479F-BAA6-23BCC675253B}
	EndGlobalSection
EndGlobal
