
Microsoft Visual Studio Solution File, Format Version 12.00
# Visual Studio Version 17
VisualStudioVersion = 17.0.32112.339
MinimumVisualStudioVersion = 10.0.40219.1
Project("{8BC9CEB8-8B4A-11D0-8D11-00A0C91BC942}") = "Q1008_AdivdeB_B5", "Q1008_AdivdeB_B5\Q1008_AdivdeB_B5.vcxproj", "{AAF49941-1F39-4FDA-A22E-5CBF0BB0B3FD}"
EndProject
Project("{8BC9CEB8-8B4A-11D0-8D11-00A0C91BC942}") = "Q2557_Hello_World_B5", "Q2557_Hello_World_B5\Q2557_Hello_World_B5.vcxproj", "{60A8DF23-D8AC-4E50-9E06-DA5CD2A17F5C}"
EndProject
Project("{8BC9CEB8-8B4A-11D0-8D11-00A0C91BC942}") = "Q10869_Arithmetic_B5", "Q10869_Arithmetic_B5\Q10869_Arithmetic_B5.vcxproj", "{4783D1C8-C877-482E-907B-5EBE1AA0EF93}"
EndProject
Project("{8BC9CEB8-8B4A-11D0-8D11-00A0C91BC942}") = "Q10926_qqe_B5", "Q10926_qqe_B5\Q10926_qqe_B5.vcxproj", "{F4E225FE-D21C-41D9-BFAE-DD7F60A9DDE3}"
EndProject
Project("{8BC9CEB8-8B4A-11D0-8D11-00A0C91BC942}") = "Q10171_Cat_B5", "Q10171_Cat_B5\Q10171_Cat_B5.vcxproj", "{841C2DCD-1487-45CD-A619-B4D016EBF8C3}"
EndProject
Project("{8BC9CEB8-8B4A-11D0-8D11-00A0C91BC942}") = "Q10172_Dog_B5", "Q10172_Dog_B5\Q10172_Dog_B5.vcxproj", "{88C01F02-94FB-4BC2-A92E-549D28A918A6}"
EndProject
Project("{8BC9CEB8-8B4A-11D0-8D11-00A0C91BC942}") = "Q1330_Compare_Two_Numbers_B5", "Q1330_Compare_Two_Numbers_B5\Q1330_Compare_Two_Numbers_B5.vcxproj", "{5AFE9015-97EC-47C3-B19D-CACCFCED38C6}"
EndProject
Project("{8BC9CEB8-8B4A-11D0-8D11-00A0C91BC942}") = "Q2438_Star_1_B5", "Q2438_Star_1_B5\Q2438_Star_1_B5.vcxproj", "{19937560-03EC-4FA0-B413-BDD1E26FF728}"
EndProject
Project("{8BC9CEB8-8B4A-11D0-8D11-00A0C91BC942}") = "Q2741_N_B5", "Q2741_N_B5\Q2741_N_B5.vcxproj", "{939854B5-17E6-4A98-8D12-18A05869593B}"
EndProject
Project("{8BC9CEB8-8B4A-11D0-8D11-00A0C91BC942}") = "Q9498_Grade_B5", "Q9498_Grade_B5\Q9498_Grade_B5.vcxproj", "{7EFD9137-E874-4ED4-A49A-B4B8C8B2E8B0}"
EndProject
Project("{8BC9CEB8-8B4A-11D0-8D11-00A0C91BC942}") = "Q10871_Smaller_B5", "Q10871_Smaller_B5\Q10871_Smaller_B5.vcxproj", "{3FA3BC84-BDC5-40ED-99B2-A758B4FF3B9F}"
EndProject
Project("{8BC9CEB8-8B4A-11D0-8D11-00A0C91BC942}") = "Q11654_ASCII_B5", "Q11654_ASCII_B5\Q11654_ASCII_B5.vcxproj", "{98370D3E-06B2-4864-9ACF-1A59642BDF2A}"
EndProject
Project("{8BC9CEB8-8B4A-11D0-8D11-00A0C91BC942}") = "Q25083_Sprout_B5", "Q25083_Sprout_B5\Q25083_Sprout_B5.vcxproj", "{2F581983-63F9-485A-804D-B6000C4C766F}"
EndProject
Project("{8BC9CEB8-8B4A-11D0-8D11-00A0C91BC942}") = "Q2439_Star_2_B4", "Q2439_Star_2_B4\Q2439_Star_2_B4.vcxproj", "{C41C72CD-F543-42B6-9764-630B5D7CB4C2}"
EndProject
Project("{8BC9CEB8-8B4A-11D0-8D11-00A0C91BC942}") = "Q2742_N_B4", "Q2742_N_B4\Q2742_N_B4.vcxproj", "{53421209-3DCC-4F5C-8194-656E9C0FA2F8}"
EndProject
Project("{8BC9CEB8-8B4A-11D0-8D11-00A0C91BC942}") = "Q2562_MAX_B3", "Q2562_MAX_B3\Q2562_MAX_B3.vcxproj", "{D4B1A73C-9DC0-49BA-A8AC-C36D391ED667}"
EndProject
Project("{8BC9CEB8-8B4A-11D0-8D11-00A0C91BC942}") = "Q25304_Receipt_B5", "Q25304_Receipt_B5\Q25304_Receipt_B5.vcxproj", "{1B00EB53-977C-4A09-A947-C654A0A7B975}"
EndProject
Project("{8BC9CEB8-8B4A-11D0-8D11-00A0C91BC942}") = "Q25314_Physic_B5", "Q25314_Physic_B5\Q25314_Physic_B5.vcxproj", "{512758E7-B25E-4CCD-8BB8-402034C03B33}"
EndProject
Project("{8BC9CEB8-8B4A-11D0-8D11-00A0C91BC942}") = "Q10807_Count_B5", "Q10807_Count_B5\Q10807_Count_B5.vcxproj", "{7AD02209-D652-44B8-B4AC-CEC90CD3D7DE}"
EndProject
Project("{8BC9CEB8-8B4A-11D0-8D11-00A0C91BC942}") = "Q5597_Not_Submitted_B5", "Q5597_Not_Submitted_B5\Q5597_Not_Submitted_B5.vcxproj", "{5146307B-2F3D-4E5A-A40D-12BBA4A53FA5}"
EndProject
Project("{8BC9CEB8-8B4A-11D0-8D11-00A0C91BC942}") = "Q15596_SUM_B2", "Q15596_SUM_B2\Q15596_SUM_B2.vcxproj", "{39AE0EBE-47F8-4A8E-AAA4-319CB7B48C12}"
EndProject
Project("{8BC9CEB8-8B4A-11D0-8D11-00A0C91BC942}") = "Q10870_FIBONACCI_5_B2", "Q10870_FIBONACCI_5_B2\Q10870_FIBONACCI_5_B2.vcxproj", "{042640A7-6041-4C71-9467-D83EC5F1CD72}"
EndProject
Project("{8BC9CEB8-8B4A-11D0-8D11-00A0C91BC942}") = "Q2920_SCALE_B2", "Q2920_SCALE_B2\Q2920_SCALE_B2.vcxproj", "{477D992C-C8CA-4679-8B27-0FFB06274074}"
EndProject
Project("{8BC9CEB8-8B4A-11D0-8D11-00A0C91BC942}") = "Q2775_Women_President_B1", "Q2775_Women_President_B1\Q2775_Women_President_B1.vcxproj", "{439145B0-1841-48B0-9A26-183CD9D45FAC}"
EndProject
Project("{8BC9CEB8-8B4A-11D0-8D11-00A0C91BC942}") = "Q5622_DIAL_B2", "Q5622_DIAL_B2\Q5622_DIAL_B2.vcxproj", "{649ED2D6-E3CD-473C-892A-11F383D04FE1}"
EndProject
Project("{8BC9CEB8-8B4A-11D0-8D11-00A0C91BC942}") = "Q2444_STAR_7_B3", "Q2444_STAR_7_B3\Q2444_STAR_7_B3.vcxproj", "{9DD56C0A-099C-4166-B6A8-5C258BE27314}"
EndProject
Project("{8BC9CEB8-8B4A-11D0-8D11-00A0C91BC942}") = "Q4673_Self_Number_S5", "Q4673_Self_Number_S5\Q4673_Self_Number_S5.vcxproj", "{CABBA29A-15AF-4840-8CC5-A44021EDD6FF}"
EndProject
Project("{8BC9CEB8-8B4A-11D0-8D11-00A0C91BC942}") = "Q10824_Four_Numbers_B3", "Q10824_Four_Numbers_B3\Q10824_Four_Numbers_B3.vcxproj", "{5D7F80B3-0C68-476A-941A-7FCA69E7A9AE}"
EndProject
Project("{8BC9CEB8-8B4A-11D0-8D11-00A0C91BC942}") = "Q25206_GRADE_S5", "Q25206_GRADE_S5\Q25206_GRADE_S5.vcxproj", "{A9D2E46F-C9D6-473D-8D01-B75E300A28B0}"
EndProject
Project("{8BC9CEB8-8B4A-11D0-8D11-00A0C91BC942}") = "Q2738_Matrix_Addition_B5", "Q2738_Matrix_Addition_B5\Q2738_Matrix_Addition_B5.vcxproj", "{A507D986-3CC9-43EB-8246-29B3A8C14403}"
EndProject
Project("{8BC9CEB8-8B4A-11D0-8D11-00A0C91BC942}") = "Q2566_MAXIMUM_B3", "Q2566_MAXIMUM_B3\Q2566_MAXIMUM_B3.vcxproj", "{7CA35904-05B1-4D49-8605-DD4F6E64FA81}"
EndProject
Project("{8BC9CEB8-8B4A-11D0-8D11-00A0C91BC942}") = "Q2563_Color_Paper_S5", "Q2563_Color_Paper_S5\Q2563_Color_Paper_S5.vcxproj", "{9F7992B1-D236-4536-867F-935370547C05}"
EndProject
Project("{8BC9CEB8-8B4A-11D0-8D11-00A0C91BC942}") = "Q10757_Big_AplusB_B5", "Q10757_Big_AplusB_B5\Q10757_Big_AplusB_B5.vcxproj", "{D4DC5C06-6FC2-4DF2-9411-06AE7E34AC8C}"
EndProject
Project("{8BC9CEB8-8B4A-11D0-8D11-00A0C91BC942}") = "Q9063_LAND_B3", "Q9063_LAND_B3\Q9063_LAND_B3.vcxproj", "{91AC787C-7146-4B6D-8B7B-0EA6D3DE4D56}"
EndProject
Project("{8BC9CEB8-8B4A-11D0-8D11-00A0C91BC942}") = "Q14215_Three_Sticks_B3", "Q14215_Three_Sticks_B3\Q14215_Three_Sticks_B3.vcxproj", "{0CD52838-87EF-467B-978B-D37B7DBD1A4C}"
EndProject
Project("{8BC9CEB8-8B4A-11D0-8D11-00A0C91BC942}") = "Q24265_Execution_Time_4_B3", "Q24265_Execution_Time_4_B3\Q24265_Execution_Time_4_B3.vcxproj", "{B728A2F9-632E-4BD1-8EEE-A55E7994F322}"
EndProject
Project("{8BC9CEB8-8B4A-11D0-8D11-00A0C91BC942}") = "Q24267_Execution_Time_6_B2", "Q24267_Execution_Time_6_B2\Q24267_Execution_Time_6_B2.vcxproj", "{240D099F-9808-4755-9672-2B3DF40EB49E}"
EndProject
Global
	GlobalSection(SolutionConfigurationPlatforms) = preSolution
		Debug|x64 = Debug|x64
		Debug|x86 = Debug|x86
		Release|x64 = Release|x64
		Release|x86 = Release|x86
	EndGlobalSection
	GlobalSection(ProjectConfigurationPlatforms) = postSolution
		{AAF49941-1F39-4FDA-A22E-5CBF0BB0B3FD}.Debug|x64.ActiveCfg = Debug|x64
		{AAF49941-1F39-4FDA-A22E-5CBF0BB0B3FD}.Debug|x64.Build.0 = Debug|x64
		{AAF49941-1F39-4FDA-A22E-5CBF0BB0B3FD}.Debug|x86.ActiveCfg = Debug|Win32
		{AAF49941-1F39-4FDA-A22E-5CBF0BB0B3FD}.Debug|x86.Build.0 = Debug|Win32
		{AAF49941-1F39-4FDA-A22E-5CBF0BB0B3FD}.Release|x64.ActiveCfg = Release|x64
		{AAF49941-1F39-4FDA-A22E-5CBF0BB0B3FD}.Release|x64.Build.0 = Release|x64
		{AAF49941-1F39-4FDA-A22E-5CBF0BB0B3FD}.Release|x86.ActiveCfg = Release|Win32
		{AAF49941-1F39-4FDA-A22E-5CBF0BB0B3FD}.Release|x86.Build.0 = Release|Win32
		{60A8DF23-D8AC-4E50-9E06-DA5CD2A17F5C}.Debug|x64.ActiveCfg = Debug|x64
		{60A8DF23-D8AC-4E50-9E06-DA5CD2A17F5C}.Debug|x64.Build.0 = Debug|x64
		{60A8DF23-D8AC-4E50-9E06-DA5CD2A17F5C}.Debug|x86.ActiveCfg = Debug|Win32
		{60A8DF23-D8AC-4E50-9E06-DA5CD2A17F5C}.Debug|x86.Build.0 = Debug|Win32
		{60A8DF23-D8AC-4E50-9E06-DA5CD2A17F5C}.Release|x64.ActiveCfg = Release|x64
		{60A8DF23-D8AC-4E50-9E06-DA5CD2A17F5C}.Release|x64.Build.0 = Release|x64
		{60A8DF23-D8AC-4E50-9E06-DA5CD2A17F5C}.Release|x86.ActiveCfg = Release|Win32
		{60A8DF23-D8AC-4E50-9E06-DA5CD2A17F5C}.Release|x86.Build.0 = Release|Win32
		{4783D1C8-C877-482E-907B-5EBE1AA0EF93}.Debug|x64.ActiveCfg = Debug|x64
		{4783D1C8-C877-482E-907B-5EBE1AA0EF93}.Debug|x64.Build.0 = Debug|x64
		{4783D1C8-C877-482E-907B-5EBE1AA0EF93}.Debug|x86.ActiveCfg = Debug|Win32
		{4783D1C8-C877-482E-907B-5EBE1AA0EF93}.Debug|x86.Build.0 = Debug|Win32
		{4783D1C8-C877-482E-907B-5EBE1AA0EF93}.Release|x64.ActiveCfg = Release|x64
		{4783D1C8-C877-482E-907B-5EBE1AA0EF93}.Release|x64.Build.0 = Release|x64
		{4783D1C8-C877-482E-907B-5EBE1AA0EF93}.Release|x86.ActiveCfg = Release|Win32
		{4783D1C8-C877-482E-907B-5EBE1AA0EF93}.Release|x86.Build.0 = Release|Win32
		{F4E225FE-D21C-41D9-BFAE-DD7F60A9DDE3}.Debug|x64.ActiveCfg = Debug|x64
		{F4E225FE-D21C-41D9-BFAE-DD7F60A9DDE3}.Debug|x64.Build.0 = Debug|x64
		{F4E225FE-D21C-41D9-BFAE-DD7F60A9DDE3}.Debug|x86.ActiveCfg = Debug|Win32
		{F4E225FE-D21C-41D9-BFAE-DD7F60A9DDE3}.Debug|x86.Build.0 = Debug|Win32
		{F4E225FE-D21C-41D9-BFAE-DD7F60A9DDE3}.Release|x64.ActiveCfg = Release|x64
		{F4E225FE-D21C-41D9-BFAE-DD7F60A9DDE3}.Release|x64.Build.0 = Release|x64
		{F4E225FE-D21C-41D9-BFAE-DD7F60A9DDE3}.Release|x86.ActiveCfg = Release|Win32
		{F4E225FE-D21C-41D9-BFAE-DD7F60A9DDE3}.Release|x86.Build.0 = Release|Win32
		{841C2DCD-1487-45CD-A619-B4D016EBF8C3}.Debug|x64.ActiveCfg = Debug|x64
		{841C2DCD-1487-45CD-A619-B4D016EBF8C3}.Debug|x64.Build.0 = Debug|x64
		{841C2DCD-1487-45CD-A619-B4D016EBF8C3}.Debug|x86.ActiveCfg = Debug|Win32
		{841C2DCD-1487-45CD-A619-B4D016EBF8C3}.Debug|x86.Build.0 = Debug|Win32
		{841C2DCD-1487-45CD-A619-B4D016EBF8C3}.Release|x64.ActiveCfg = Release|x64
		{841C2DCD-1487-45CD-A619-B4D016EBF8C3}.Release|x64.Build.0 = Release|x64
		{841C2DCD-1487-45CD-A619-B4D016EBF8C3}.Release|x86.ActiveCfg = Release|Win32
		{841C2DCD-1487-45CD-A619-B4D016EBF8C3}.Release|x86.Build.0 = Release|Win32
		{88C01F02-94FB-4BC2-A92E-549D28A918A6}.Debug|x64.ActiveCfg = Debug|x64
		{88C01F02-94FB-4BC2-A92E-549D28A918A6}.Debug|x64.Build.0 = Debug|x64
		{88C01F02-94FB-4BC2-A92E-549D28A918A6}.Debug|x86.ActiveCfg = Debug|Win32
		{88C01F02-94FB-4BC2-A92E-549D28A918A6}.Debug|x86.Build.0 = Debug|Win32
		{88C01F02-94FB-4BC2-A92E-549D28A918A6}.Release|x64.ActiveCfg = Release|x64
		{88C01F02-94FB-4BC2-A92E-549D28A918A6}.Release|x64.Build.0 = Release|x64
		{88C01F02-94FB-4BC2-A92E-549D28A918A6}.Release|x86.ActiveCfg = Release|Win32
		{88C01F02-94FB-4BC2-A92E-549D28A918A6}.Release|x86.Build.0 = Release|Win32
		{5AFE9015-97EC-47C3-B19D-CACCFCED38C6}.Debug|x64.ActiveCfg = Debug|x64
		{5AFE9015-97EC-47C3-B19D-CACCFCED38C6}.Debug|x64.Build.0 = Debug|x64
		{5AFE9015-97EC-47C3-B19D-CACCFCED38C6}.Debug|x86.ActiveCfg = Debug|Win32
		{5AFE9015-97EC-47C3-B19D-CACCFCED38C6}.Debug|x86.Build.0 = Debug|Win32
		{5AFE9015-97EC-47C3-B19D-CACCFCED38C6}.Release|x64.ActiveCfg = Release|x64
		{5AFE9015-97EC-47C3-B19D-CACCFCED38C6}.Release|x64.Build.0 = Release|x64
		{5AFE9015-97EC-47C3-B19D-CACCFCED38C6}.Release|x86.ActiveCfg = Release|Win32
		{5AFE9015-97EC-47C3-B19D-CACCFCED38C6}.Release|x86.Build.0 = Release|Win32
		{19937560-03EC-4FA0-B413-BDD1E26FF728}.Debug|x64.ActiveCfg = Debug|x64
		{19937560-03EC-4FA0-B413-BDD1E26FF728}.Debug|x64.Build.0 = Debug|x64
		{19937560-03EC-4FA0-B413-BDD1E26FF728}.Debug|x86.ActiveCfg = Debug|Win32
		{19937560-03EC-4FA0-B413-BDD1E26FF728}.Debug|x86.Build.0 = Debug|Win32
		{19937560-03EC-4FA0-B413-BDD1E26FF728}.Release|x64.ActiveCfg = Release|x64
		{19937560-03EC-4FA0-B413-BDD1E26FF728}.Release|x64.Build.0 = Release|x64
		{19937560-03EC-4FA0-B413-BDD1E26FF728}.Release|x86.ActiveCfg = Release|Win32
		{19937560-03EC-4FA0-B413-BDD1E26FF728}.Release|x86.Build.0 = Release|Win32
		{939854B5-17E6-4A98-8D12-18A05869593B}.Debug|x64.ActiveCfg = Debug|x64
		{939854B5-17E6-4A98-8D12-18A05869593B}.Debug|x64.Build.0 = Debug|x64
		{939854B5-17E6-4A98-8D12-18A05869593B}.Debug|x86.ActiveCfg = Debug|Win32
		{939854B5-17E6-4A98-8D12-18A05869593B}.Debug|x86.Build.0 = Debug|Win32
		{939854B5-17E6-4A98-8D12-18A05869593B}.Release|x64.ActiveCfg = Release|x64
		{939854B5-17E6-4A98-8D12-18A05869593B}.Release|x64.Build.0 = Release|x64
		{939854B5-17E6-4A98-8D12-18A05869593B}.Release|x86.ActiveCfg = Release|Win32
		{939854B5-17E6-4A98-8D12-18A05869593B}.Release|x86.Build.0 = Release|Win32
		{7EFD9137-E874-4ED4-A49A-B4B8C8B2E8B0}.Debug|x64.ActiveCfg = Debug|x64
		{7EFD9137-E874-4ED4-A49A-B4B8C8B2E8B0}.Debug|x64.Build.0 = Debug|x64
		{7EFD9137-E874-4ED4-A49A-B4B8C8B2E8B0}.Debug|x86.ActiveCfg = Debug|Win32
		{7EFD9137-E874-4ED4-A49A-B4B8C8B2E8B0}.Debug|x86.Build.0 = Debug|Win32
		{7EFD9137-E874-4ED4-A49A-B4B8C8B2E8B0}.Release|x64.ActiveCfg = Release|x64
		{7EFD9137-E874-4ED4-A49A-B4B8C8B2E8B0}.Release|x64.Build.0 = Release|x64
		{7EFD9137-E874-4ED4-A49A-B4B8C8B2E8B0}.Release|x86.ActiveCfg = Release|Win32
		{7EFD9137-E874-4ED4-A49A-B4B8C8B2E8B0}.Release|x86.Build.0 = Release|Win32
		{3FA3BC84-BDC5-40ED-99B2-A758B4FF3B9F}.Debug|x64.ActiveCfg = Debug|x64
		{3FA3BC84-BDC5-40ED-99B2-A758B4FF3B9F}.Debug|x64.Build.0 = Debug|x64
		{3FA3BC84-BDC5-40ED-99B2-A758B4FF3B9F}.Debug|x86.ActiveCfg = Debug|Win32
		{3FA3BC84-BDC5-40ED-99B2-A758B4FF3B9F}.Debug|x86.Build.0 = Debug|Win32
		{3FA3BC84-BDC5-40ED-99B2-A758B4FF3B9F}.Release|x64.ActiveCfg = Release|x64
		{3FA3BC84-BDC5-40ED-99B2-A758B4FF3B9F}.Release|x64.Build.0 = Release|x64
		{3FA3BC84-BDC5-40ED-99B2-A758B4FF3B9F}.Release|x86.ActiveCfg = Release|Win32
		{3FA3BC84-BDC5-40ED-99B2-A758B4FF3B9F}.Release|x86.Build.0 = Release|Win32
		{98370D3E-06B2-4864-9ACF-1A59642BDF2A}.Debug|x64.ActiveCfg = Debug|x64
		{98370D3E-06B2-4864-9ACF-1A59642BDF2A}.Debug|x64.Build.0 = Debug|x64
		{98370D3E-06B2-4864-9ACF-1A59642BDF2A}.Debug|x86.ActiveCfg = Debug|Win32
		{98370D3E-06B2-4864-9ACF-1A59642BDF2A}.Debug|x86.Build.0 = Debug|Win32
		{98370D3E-06B2-4864-9ACF-1A59642BDF2A}.Release|x64.ActiveCfg = Release|x64
		{98370D3E-06B2-4864-9ACF-1A59642BDF2A}.Release|x64.Build.0 = Release|x64
		{98370D3E-06B2-4864-9ACF-1A59642BDF2A}.Release|x86.ActiveCfg = Release|Win32
		{98370D3E-06B2-4864-9ACF-1A59642BDF2A}.Release|x86.Build.0 = Release|Win32
		{2F581983-63F9-485A-804D-B6000C4C766F}.Debug|x64.ActiveCfg = Debug|x64
		{2F581983-63F9-485A-804D-B6000C4C766F}.Debug|x64.Build.0 = Debug|x64
		{2F581983-63F9-485A-804D-B6000C4C766F}.Debug|x86.ActiveCfg = Debug|Win32
		{2F581983-63F9-485A-804D-B6000C4C766F}.Debug|x86.Build.0 = Debug|Win32
		{2F581983-63F9-485A-804D-B6000C4C766F}.Release|x64.ActiveCfg = Release|x64
		{2F581983-63F9-485A-804D-B6000C4C766F}.Release|x64.Build.0 = Release|x64
		{2F581983-63F9-485A-804D-B6000C4C766F}.Release|x86.ActiveCfg = Release|Win32
		{2F581983-63F9-485A-804D-B6000C4C766F}.Release|x86.Build.0 = Release|Win32
		{C41C72CD-F543-42B6-9764-630B5D7CB4C2}.Debug|x64.ActiveCfg = Debug|x64
		{C41C72CD-F543-42B6-9764-630B5D7CB4C2}.Debug|x64.Build.0 = Debug|x64
		{C41C72CD-F543-42B6-9764-630B5D7CB4C2}.Debug|x86.ActiveCfg = Debug|Win32
		{C41C72CD-F543-42B6-9764-630B5D7CB4C2}.Debug|x86.Build.0 = Debug|Win32
		{C41C72CD-F543-42B6-9764-630B5D7CB4C2}.Release|x64.ActiveCfg = Release|x64
		{C41C72CD-F543-42B6-9764-630B5D7CB4C2}.Release|x64.Build.0 = Release|x64
		{C41C72CD-F543-42B6-9764-630B5D7CB4C2}.Release|x86.ActiveCfg = Release|Win32
		{C41C72CD-F543-42B6-9764-630B5D7CB4C2}.Release|x86.Build.0 = Release|Win32
		{53421209-3DCC-4F5C-8194-656E9C0FA2F8}.Debug|x64.ActiveCfg = Debug|x64
		{53421209-3DCC-4F5C-8194-656E9C0FA2F8}.Debug|x64.Build.0 = Debug|x64
		{53421209-3DCC-4F5C-8194-656E9C0FA2F8}.Debug|x86.ActiveCfg = Debug|Win32
		{53421209-3DCC-4F5C-8194-656E9C0FA2F8}.Debug|x86.Build.0 = Debug|Win32
		{53421209-3DCC-4F5C-8194-656E9C0FA2F8}.Release|x64.ActiveCfg = Release|x64
		{53421209-3DCC-4F5C-8194-656E9C0FA2F8}.Release|x64.Build.0 = Release|x64
		{53421209-3DCC-4F5C-8194-656E9C0FA2F8}.Release|x86.ActiveCfg = Release|Win32
		{53421209-3DCC-4F5C-8194-656E9C0FA2F8}.Release|x86.Build.0 = Release|Win32
		{D4B1A73C-9DC0-49BA-A8AC-C36D391ED667}.Debug|x64.ActiveCfg = Debug|x64
		{D4B1A73C-9DC0-49BA-A8AC-C36D391ED667}.Debug|x64.Build.0 = Debug|x64
		{D4B1A73C-9DC0-49BA-A8AC-C36D391ED667}.Debug|x86.ActiveCfg = Debug|Win32
		{D4B1A73C-9DC0-49BA-A8AC-C36D391ED667}.Debug|x86.Build.0 = Debug|Win32
		{D4B1A73C-9DC0-49BA-A8AC-C36D391ED667}.Release|x64.ActiveCfg = Release|x64
		{D4B1A73C-9DC0-49BA-A8AC-C36D391ED667}.Release|x64.Build.0 = Release|x64
		{D4B1A73C-9DC0-49BA-A8AC-C36D391ED667}.Release|x86.ActiveCfg = Release|Win32
		{D4B1A73C-9DC0-49BA-A8AC-C36D391ED667}.Release|x86.Build.0 = Release|Win32
		{1B00EB53-977C-4A09-A947-C654A0A7B975}.Debug|x64.ActiveCfg = Debug|x64
		{1B00EB53-977C-4A09-A947-C654A0A7B975}.Debug|x64.Build.0 = Debug|x64
		{1B00EB53-977C-4A09-A947-C654A0A7B975}.Debug|x86.ActiveCfg = Debug|Win32
		{1B00EB53-977C-4A09-A947-C654A0A7B975}.Debug|x86.Build.0 = Debug|Win32
		{1B00EB53-977C-4A09-A947-C654A0A7B975}.Release|x64.ActiveCfg = Release|x64
		{1B00EB53-977C-4A09-A947-C654A0A7B975}.Release|x64.Build.0 = Release|x64
		{1B00EB53-977C-4A09-A947-C654A0A7B975}.Release|x86.ActiveCfg = Release|Win32
		{1B00EB53-977C-4A09-A947-C654A0A7B975}.Release|x86.Build.0 = Release|Win32
		{512758E7-B25E-4CCD-8BB8-402034C03B33}.Debug|x64.ActiveCfg = Debug|x64
		{512758E7-B25E-4CCD-8BB8-402034C03B33}.Debug|x64.Build.0 = Debug|x64
		{512758E7-B25E-4CCD-8BB8-402034C03B33}.Debug|x86.ActiveCfg = Debug|Win32
		{512758E7-B25E-4CCD-8BB8-402034C03B33}.Debug|x86.Build.0 = Debug|Win32
		{512758E7-B25E-4CCD-8BB8-402034C03B33}.Release|x64.ActiveCfg = Release|x64
		{512758E7-B25E-4CCD-8BB8-402034C03B33}.Release|x64.Build.0 = Release|x64
		{512758E7-B25E-4CCD-8BB8-402034C03B33}.Release|x86.ActiveCfg = Release|Win32
		{512758E7-B25E-4CCD-8BB8-402034C03B33}.Release|x86.Build.0 = Release|Win32
		{7AD02209-D652-44B8-B4AC-CEC90CD3D7DE}.Debug|x64.ActiveCfg = Debug|x64
		{7AD02209-D652-44B8-B4AC-CEC90CD3D7DE}.Debug|x64.Build.0 = Debug|x64
		{7AD02209-D652-44B8-B4AC-CEC90CD3D7DE}.Debug|x86.ActiveCfg = Debug|Win32
		{7AD02209-D652-44B8-B4AC-CEC90CD3D7DE}.Debug|x86.Build.0 = Debug|Win32
		{7AD02209-D652-44B8-B4AC-CEC90CD3D7DE}.Release|x64.ActiveCfg = Release|x64
		{7AD02209-D652-44B8-B4AC-CEC90CD3D7DE}.Release|x64.Build.0 = Release|x64
		{7AD02209-D652-44B8-B4AC-CEC90CD3D7DE}.Release|x86.ActiveCfg = Release|Win32
		{7AD02209-D652-44B8-B4AC-CEC90CD3D7DE}.Release|x86.Build.0 = Release|Win32
		{5146307B-2F3D-4E5A-A40D-12BBA4A53FA5}.Debug|x64.ActiveCfg = Debug|x64
		{5146307B-2F3D-4E5A-A40D-12BBA4A53FA5}.Debug|x64.Build.0 = Debug|x64
		{5146307B-2F3D-4E5A-A40D-12BBA4A53FA5}.Debug|x86.ActiveCfg = Debug|Win32
		{5146307B-2F3D-4E5A-A40D-12BBA4A53FA5}.Debug|x86.Build.0 = Debug|Win32
		{5146307B-2F3D-4E5A-A40D-12BBA4A53FA5}.Release|x64.ActiveCfg = Release|x64
		{5146307B-2F3D-4E5A-A40D-12BBA4A53FA5}.Release|x64.Build.0 = Release|x64
		{5146307B-2F3D-4E5A-A40D-12BBA4A53FA5}.Release|x86.ActiveCfg = Release|Win32
		{5146307B-2F3D-4E5A-A40D-12BBA4A53FA5}.Release|x86.Build.0 = Release|Win32
		{39AE0EBE-47F8-4A8E-AAA4-319CB7B48C12}.Debug|x64.ActiveCfg = Debug|x64
		{39AE0EBE-47F8-4A8E-AAA4-319CB7B48C12}.Debug|x64.Build.0 = Debug|x64
		{39AE0EBE-47F8-4A8E-AAA4-319CB7B48C12}.Debug|x86.ActiveCfg = Debug|Win32
		{39AE0EBE-47F8-4A8E-AAA4-319CB7B48C12}.Debug|x86.Build.0 = Debug|Win32
		{39AE0EBE-47F8-4A8E-AAA4-319CB7B48C12}.Release|x64.ActiveCfg = Release|x64
		{39AE0EBE-47F8-4A8E-AAA4-319CB7B48C12}.Release|x64.Build.0 = Release|x64
		{39AE0EBE-47F8-4A8E-AAA4-319CB7B48C12}.Release|x86.ActiveCfg = Release|Win32
		{39AE0EBE-47F8-4A8E-AAA4-319CB7B48C12}.Release|x86.Build.0 = Release|Win32
		{042640A7-6041-4C71-9467-D83EC5F1CD72}.Debug|x64.ActiveCfg = Debug|x64
		{042640A7-6041-4C71-9467-D83EC5F1CD72}.Debug|x64.Build.0 = Debug|x64
		{042640A7-6041-4C71-9467-D83EC5F1CD72}.Debug|x86.ActiveCfg = Debug|Win32
		{042640A7-6041-4C71-9467-D83EC5F1CD72}.Debug|x86.Build.0 = Debug|Win32
		{042640A7-6041-4C71-9467-D83EC5F1CD72}.Release|x64.ActiveCfg = Release|x64
		{042640A7-6041-4C71-9467-D83EC5F1CD72}.Release|x64.Build.0 = Release|x64
		{042640A7-6041-4C71-9467-D83EC5F1CD72}.Release|x86.ActiveCfg = Release|Win32
		{042640A7-6041-4C71-9467-D83EC5F1CD72}.Release|x86.Build.0 = Release|Win32
		{477D992C-C8CA-4679-8B27-0FFB06274074}.Debug|x64.ActiveCfg = Debug|x64
		{477D992C-C8CA-4679-8B27-0FFB06274074}.Debug|x64.Build.0 = Debug|x64
		{477D992C-C8CA-4679-8B27-0FFB06274074}.Debug|x86.ActiveCfg = Debug|Win32
		{477D992C-C8CA-4679-8B27-0FFB06274074}.Debug|x86.Build.0 = Debug|Win32
		{477D992C-C8CA-4679-8B27-0FFB06274074}.Release|x64.ActiveCfg = Release|x64
		{477D992C-C8CA-4679-8B27-0FFB06274074}.Release|x64.Build.0 = Release|x64
		{477D992C-C8CA-4679-8B27-0FFB06274074}.Release|x86.ActiveCfg = Release|Win32
		{477D992C-C8CA-4679-8B27-0FFB06274074}.Release|x86.Build.0 = Release|Win32
		{439145B0-1841-48B0-9A26-183CD9D45FAC}.Debug|x64.ActiveCfg = Debug|x64
		{439145B0-1841-48B0-9A26-183CD9D45FAC}.Debug|x64.Build.0 = Debug|x64
		{439145B0-1841-48B0-9A26-183CD9D45FAC}.Debug|x86.ActiveCfg = Debug|Win32
		{439145B0-1841-48B0-9A26-183CD9D45FAC}.Debug|x86.Build.0 = Debug|Win32
		{439145B0-1841-48B0-9A26-183CD9D45FAC}.Release|x64.ActiveCfg = Release|x64
		{439145B0-1841-48B0-9A26-183CD9D45FAC}.Release|x64.Build.0 = Release|x64
		{439145B0-1841-48B0-9A26-183CD9D45FAC}.Release|x86.ActiveCfg = Release|Win32
		{439145B0-1841-48B0-9A26-183CD9D45FAC}.Release|x86.Build.0 = Release|Win32
		{649ED2D6-E3CD-473C-892A-11F383D04FE1}.Debug|x64.ActiveCfg = Debug|x64
		{649ED2D6-E3CD-473C-892A-11F383D04FE1}.Debug|x64.Build.0 = Debug|x64
		{649ED2D6-E3CD-473C-892A-11F383D04FE1}.Debug|x86.ActiveCfg = Debug|Win32
		{649ED2D6-E3CD-473C-892A-11F383D04FE1}.Debug|x86.Build.0 = Debug|Win32
		{649ED2D6-E3CD-473C-892A-11F383D04FE1}.Release|x64.ActiveCfg = Release|x64
		{649ED2D6-E3CD-473C-892A-11F383D04FE1}.Release|x64.Build.0 = Release|x64
		{649ED2D6-E3CD-473C-892A-11F383D04FE1}.Release|x86.ActiveCfg = Release|Win32
		{649ED2D6-E3CD-473C-892A-11F383D04FE1}.Release|x86.Build.0 = Release|Win32
		{9DD56C0A-099C-4166-B6A8-5C258BE27314}.Debug|x64.ActiveCfg = Debug|x64
		{9DD56C0A-099C-4166-B6A8-5C258BE27314}.Debug|x64.Build.0 = Debug|x64
		{9DD56C0A-099C-4166-B6A8-5C258BE27314}.Debug|x86.ActiveCfg = Debug|Win32
		{9DD56C0A-099C-4166-B6A8-5C258BE27314}.Debug|x86.Build.0 = Debug|Win32
		{9DD56C0A-099C-4166-B6A8-5C258BE27314}.Release|x64.ActiveCfg = Release|x64
		{9DD56C0A-099C-4166-B6A8-5C258BE27314}.Release|x64.Build.0 = Release|x64
		{9DD56C0A-099C-4166-B6A8-5C258BE27314}.Release|x86.ActiveCfg = Release|Win32
		{9DD56C0A-099C-4166-B6A8-5C258BE27314}.Release|x86.Build.0 = Release|Win32
		{CABBA29A-15AF-4840-8CC5-A44021EDD6FF}.Debug|x64.ActiveCfg = Debug|x64
		{CABBA29A-15AF-4840-8CC5-A44021EDD6FF}.Debug|x64.Build.0 = Debug|x64
		{CABBA29A-15AF-4840-8CC5-A44021EDD6FF}.Debug|x86.ActiveCfg = Debug|Win32
		{CABBA29A-15AF-4840-8CC5-A44021EDD6FF}.Debug|x86.Build.0 = Debug|Win32
		{CABBA29A-15AF-4840-8CC5-A44021EDD6FF}.Release|x64.ActiveCfg = Release|x64
		{CABBA29A-15AF-4840-8CC5-A44021EDD6FF}.Release|x64.Build.0 = Release|x64
		{CABBA29A-15AF-4840-8CC5-A44021EDD6FF}.Release|x86.ActiveCfg = Release|Win32
		{CABBA29A-15AF-4840-8CC5-A44021EDD6FF}.Release|x86.Build.0 = Release|Win32
		{5D7F80B3-0C68-476A-941A-7FCA69E7A9AE}.Debug|x64.ActiveCfg = Debug|x64
		{5D7F80B3-0C68-476A-941A-7FCA69E7A9AE}.Debug|x64.Build.0 = Debug|x64
		{5D7F80B3-0C68-476A-941A-7FCA69E7A9AE}.Debug|x86.ActiveCfg = Debug|Win32
		{5D7F80B3-0C68-476A-941A-7FCA69E7A9AE}.Debug|x86.Build.0 = Debug|Win32
		{5D7F80B3-0C68-476A-941A-7FCA69E7A9AE}.Release|x64.ActiveCfg = Release|x64
		{5D7F80B3-0C68-476A-941A-7FCA69E7A9AE}.Release|x64.Build.0 = Release|x64
		{5D7F80B3-0C68-476A-941A-7FCA69E7A9AE}.Release|x86.ActiveCfg = Release|Win32
		{5D7F80B3-0C68-476A-941A-7FCA69E7A9AE}.Release|x86.Build.0 = Release|Win32
		{A9D2E46F-C9D6-473D-8D01-B75E300A28B0}.Debug|x64.ActiveCfg = Debug|x64
		{A9D2E46F-C9D6-473D-8D01-B75E300A28B0}.Debug|x64.Build.0 = Debug|x64
		{A9D2E46F-C9D6-473D-8D01-B75E300A28B0}.Debug|x86.ActiveCfg = Debug|Win32
		{A9D2E46F-C9D6-473D-8D01-B75E300A28B0}.Debug|x86.Build.0 = Debug|Win32
		{A9D2E46F-C9D6-473D-8D01-B75E300A28B0}.Release|x64.ActiveCfg = Release|x64
		{A9D2E46F-C9D6-473D-8D01-B75E300A28B0}.Release|x64.Build.0 = Release|x64
		{A9D2E46F-C9D6-473D-8D01-B75E300A28B0}.Release|x86.ActiveCfg = Release|Win32
		{A9D2E46F-C9D6-473D-8D01-B75E300A28B0}.Release|x86.Build.0 = Release|Win32
		{A507D986-3CC9-43EB-8246-29B3A8C14403}.Debug|x64.ActiveCfg = Debug|x64
		{A507D986-3CC9-43EB-8246-29B3A8C14403}.Debug|x64.Build.0 = Debug|x64
		{A507D986-3CC9-43EB-8246-29B3A8C14403}.Debug|x86.ActiveCfg = Debug|Win32
		{A507D986-3CC9-43EB-8246-29B3A8C14403}.Debug|x86.Build.0 = Debug|Win32
		{A507D986-3CC9-43EB-8246-29B3A8C14403}.Release|x64.ActiveCfg = Release|x64
		{A507D986-3CC9-43EB-8246-29B3A8C14403}.Release|x64.Build.0 = Release|x64
		{A507D986-3CC9-43EB-8246-29B3A8C14403}.Release|x86.ActiveCfg = Release|Win32
		{A507D986-3CC9-43EB-8246-29B3A8C14403}.Release|x86.Build.0 = Release|Win32
		{7CA35904-05B1-4D49-8605-DD4F6E64FA81}.Debug|x64.ActiveCfg = Debug|x64
		{7CA35904-05B1-4D49-8605-DD4F6E64FA81}.Debug|x64.Build.0 = Debug|x64
		{7CA35904-05B1-4D49-8605-DD4F6E64FA81}.Debug|x86.ActiveCfg = Debug|Win32
		{7CA35904-05B1-4D49-8605-DD4F6E64FA81}.Debug|x86.Build.0 = Debug|Win32
		{7CA35904-05B1-4D49-8605-DD4F6E64FA81}.Release|x64.ActiveCfg = Release|x64
		{7CA35904-05B1-4D49-8605-DD4F6E64FA81}.Release|x64.Build.0 = Release|x64
		{7CA35904-05B1-4D49-8605-DD4F6E64FA81}.Release|x86.ActiveCfg = Release|Win32
		{7CA35904-05B1-4D49-8605-DD4F6E64FA81}.Release|x86.Build.0 = Release|Win32
		{9F7992B1-D236-4536-867F-935370547C05}.Debug|x64.ActiveCfg = Debug|x64
		{9F7992B1-D236-4536-867F-935370547C05}.Debug|x64.Build.0 = Debug|x64
		{9F7992B1-D236-4536-867F-935370547C05}.Debug|x86.ActiveCfg = Debug|Win32
		{9F7992B1-D236-4536-867F-935370547C05}.Debug|x86.Build.0 = Debug|Win32
		{9F7992B1-D236-4536-867F-935370547C05}.Release|x64.ActiveCfg = Release|x64
		{9F7992B1-D236-4536-867F-935370547C05}.Release|x64.Build.0 = Release|x64
		{9F7992B1-D236-4536-867F-935370547C05}.Release|x86.ActiveCfg = Release|Win32
		{9F7992B1-D236-4536-867F-935370547C05}.Release|x86.Build.0 = Release|Win32
		{D4DC5C06-6FC2-4DF2-9411-06AE7E34AC8C}.Debug|x64.ActiveCfg = Debug|x64
		{D4DC5C06-6FC2-4DF2-9411-06AE7E34AC8C}.Debug|x64.Build.0 = Debug|x64
		{D4DC5C06-6FC2-4DF2-9411-06AE7E34AC8C}.Debug|x86.ActiveCfg = Debug|Win32
		{D4DC5C06-6FC2-4DF2-9411-06AE7E34AC8C}.Debug|x86.Build.0 = Debug|Win32
		{D4DC5C06-6FC2-4DF2-9411-06AE7E34AC8C}.Release|x64.ActiveCfg = Release|x64
		{D4DC5C06-6FC2-4DF2-9411-06AE7E34AC8C}.Release|x64.Build.0 = Release|x64
		{D4DC5C06-6FC2-4DF2-9411-06AE7E34AC8C}.Release|x86.ActiveCfg = Release|Win32
		{D4DC5C06-6FC2-4DF2-9411-06AE7E34AC8C}.Release|x86.Build.0 = Release|Win32
		{91AC787C-7146-4B6D-8B7B-0EA6D3DE4D56}.Debug|x64.ActiveCfg = Debug|x64
		{91AC787C-7146-4B6D-8B7B-0EA6D3DE4D56}.Debug|x64.Build.0 = Debug|x64
		{91AC787C-7146-4B6D-8B7B-0EA6D3DE4D56}.Debug|x86.ActiveCfg = Debug|Win32
		{91AC787C-7146-4B6D-8B7B-0EA6D3DE4D56}.Debug|x86.Build.0 = Debug|Win32
		{91AC787C-7146-4B6D-8B7B-0EA6D3DE4D56}.Release|x64.ActiveCfg = Release|x64
		{91AC787C-7146-4B6D-8B7B-0EA6D3DE4D56}.Release|x64.Build.0 = Release|x64
		{91AC787C-7146-4B6D-8B7B-0EA6D3DE4D56}.Release|x86.ActiveCfg = Release|Win32
		{91AC787C-7146-4B6D-8B7B-0EA6D3DE4D56}.Release|x86.Build.0 = Release|Win32
		{0CD52838-87EF-467B-978B-D37B7DBD1A4C}.Debug|x64.ActiveCfg = Debug|x64
		{0CD52838-87EF-467B-978B-D37B7DBD1A4C}.Debug|x64.Build.0 = Debug|x64
		{0CD52838-87EF-467B-978B-D37B7DBD1A4C}.Debug|x86.ActiveCfg = Debug|Win32
		{0CD52838-87EF-467B-978B-D37B7DBD1A4C}.Debug|x86.Build.0 = Debug|Win32
		{0CD52838-87EF-467B-978B-D37B7DBD1A4C}.Release|x64.ActiveCfg = Release|x64
		{0CD52838-87EF-467B-978B-D37B7DBD1A4C}.Release|x64.Build.0 = Release|x64
		{0CD52838-87EF-467B-978B-D37B7DBD1A4C}.Release|x86.ActiveCfg = Release|Win32
		{0CD52838-87EF-467B-978B-D37B7DBD1A4C}.Release|x86.Build.0 = Release|Win32
		{B728A2F9-632E-4BD1-8EEE-A55E7994F322}.Debug|x64.ActiveCfg = Debug|x64
		{B728A2F9-632E-4BD1-8EEE-A55E7994F322}.Debug|x64.Build.0 = Debug|x64
		{B728A2F9-632E-4BD1-8EEE-A55E7994F322}.Debug|x86.ActiveCfg = Debug|Win32
		{B728A2F9-632E-4BD1-8EEE-A55E7994F322}.Debug|x86.Build.0 = Debug|Win32
		{B728A2F9-632E-4BD1-8EEE-A55E7994F322}.Release|x64.ActiveCfg = Release|x64
		{B728A2F9-632E-4BD1-8EEE-A55E7994F322}.Release|x64.Build.0 = Release|x64
		{B728A2F9-632E-4BD1-8EEE-A55E7994F322}.Release|x86.ActiveCfg = Release|Win32
		{B728A2F9-632E-4BD1-8EEE-A55E7994F322}.Release|x86.Build.0 = Release|Win32
		{240D099F-9808-4755-9672-2B3DF40EB49E}.Debug|x64.ActiveCfg = Debug|x64
		{240D099F-9808-4755-9672-2B3DF40EB49E}.Debug|x64.Build.0 = Debug|x64
		{240D099F-9808-4755-9672-2B3DF40EB49E}.Debug|x86.ActiveCfg = Debug|Win32
		{240D099F-9808-4755-9672-2B3DF40EB49E}.Debug|x86.Build.0 = Debug|Win32
		{240D099F-9808-4755-9672-2B3DF40EB49E}.Release|x64.ActiveCfg = Release|x64
		{240D099F-9808-4755-9672-2B3DF40EB49E}.Release|x64.Build.0 = Release|x64
		{240D099F-9808-4755-9672-2B3DF40EB49E}.Release|x86.ActiveCfg = Release|Win32
		{240D099F-9808-4755-9672-2B3DF40EB49E}.Release|x86.Build.0 = Release|Win32
	EndGlobalSection
	GlobalSection(SolutionProperties) = preSolution
		HideSolutionNode = FALSE
	EndGlobalSection
	GlobalSection(ExtensibilityGlobals) = postSolution
		SolutionGuid = {7B3C06CF-29A8-479F-BAA6-23BCC675253B}
	EndGlobalSection
EndGlobal
