
Microsoft Visual Studio Solution File, Format Version 12.00
# Visual Studio Version 17
VisualStudioVersion = 17.0.32112.339
MinimumVisualStudioVersion = 10.0.40219.1
Project("{8BC9CEB8-8B4A-11D0-8D11-00A0C91BC942}") = "Q1152_Words_B2", "Q1152_Words_B2\Q1152_Words_B2.vcxproj", "{ADB34D6B-A51C-4CDB-B35A-009AA7430945}"
EndProject
Project("{8BC9CEB8-8B4A-11D0-8D11-00A0C91BC942}") = "Q1316_Checker_S5", "Q1316_Checker_S5\Q1316_Checker_S5.vcxproj", "{FDDB1D86-9E0D-4173-81CA-77868B6FA96C}"
EndProject
Project("{8BC9CEB8-8B4A-11D0-8D11-00A0C91BC942}") = "Q2941_Croatia_S5", "Q2941_Croatia_S5\Q2941_Croatia_S5.vcxproj", "{5794C3CA-61B4-4BA0-AC00-2971E7AE3B24}"
EndProject
Project("{8BC9CEB8-8B4A-11D0-8D11-00A0C91BC942}") = "Q8958_OX_B2", "Q8958_OX_B2\Q8958_OX_B2.vcxproj", "{40017B5D-E081-4926-A0B1-3AA32D04664F}"
EndProject
Project("{8BC9CEB8-8B4A-11D0-8D11-00A0C91BC942}") = "Q10809_Alphabet_B2", "Q10809_Alphabet_B2\Q10809_Alphabet_B2.vcxproj", "{EE1B3377-BDAA-435F-8320-35D254DE39E7}"
EndProject
Global
	GlobalSection(SolutionConfigurationPlatforms) = preSolution
		Debug|x64 = Debug|x64
		Debug|x86 = Debug|x86
		Release|x64 = Release|x64
		Release|x86 = Release|x86
	EndGlobalSection
	GlobalSection(ProjectConfigurationPlatforms) = postSolution
		{ADB34D6B-A51C-4CDB-B35A-009AA7430945}.Debug|x64.ActiveCfg = Debug|x64
		{ADB34D6B-A51C-4CDB-B35A-009AA7430945}.Debug|x64.Build.0 = Debug|x64
		{ADB34D6B-A51C-4CDB-B35A-009AA7430945}.Debug|x86.ActiveCfg = Debug|Win32
		{ADB34D6B-A51C-4CDB-B35A-009AA7430945}.Debug|x86.Build.0 = Debug|Win32
		{ADB34D6B-A51C-4CDB-B35A-009AA7430945}.Release|x64.ActiveCfg = Release|x64
		{ADB34D6B-A51C-4CDB-B35A-009AA7430945}.Release|x64.Build.0 = Release|x64
		{ADB34D6B-A51C-4CDB-B35A-009AA7430945}.Release|x86.ActiveCfg = Release|Win32
		{ADB34D6B-A51C-4CDB-B35A-009AA7430945}.Release|x86.Build.0 = Release|Win32
		{FDDB1D86-9E0D-4173-81CA-77868B6FA96C}.Debug|x64.ActiveCfg = Debug|x64
		{FDDB1D86-9E0D-4173-81CA-77868B6FA96C}.Debug|x64.Build.0 = Debug|x64
		{FDDB1D86-9E0D-4173-81CA-77868B6FA96C}.Debug|x86.ActiveCfg = Debug|Win32
		{FDDB1D86-9E0D-4173-81CA-77868B6FA96C}.Debug|x86.Build.0 = Debug|Win32
		{FDDB1D86-9E0D-4173-81CA-77868B6FA96C}.Release|x64.ActiveCfg = Release|x64
		{FDDB1D86-9E0D-4173-81CA-77868B6FA96C}.Release|x64.Build.0 = Release|x64
		{FDDB1D86-9E0D-4173-81CA-77868B6FA96C}.Release|x86.ActiveCfg = Release|Win32
		{FDDB1D86-9E0D-4173-81CA-77868B6FA96C}.Release|x86.Build.0 = Release|Win32
		{5794C3CA-61B4-4BA0-AC00-2971E7AE3B24}.Debug|x64.ActiveCfg = Debug|x64
		{5794C3CA-61B4-4BA0-AC00-2971E7AE3B24}.Debug|x64.Build.0 = Debug|x64
		{5794C3CA-61B4-4BA0-AC00-2971E7AE3B24}.Debug|x86.ActiveCfg = Debug|Win32
		{5794C3CA-61B4-4BA0-AC00-2971E7AE3B24}.Debug|x86.Build.0 = Debug|Win32
		{5794C3CA-61B4-4BA0-AC00-2971E7AE3B24}.Release|x64.ActiveCfg = Release|x64
		{5794C3CA-61B4-4BA0-AC00-2971E7AE3B24}.Release|x64.Build.0 = Release|x64
		{5794C3CA-61B4-4BA0-AC00-2971E7AE3B24}.Release|x86.ActiveCfg = Release|Win32
		{5794C3CA-61B4-4BA0-AC00-2971E7AE3B24}.Release|x86.Build.0 = Release|Win32
		{40017B5D-E081-4926-A0B1-3AA32D04664F}.Debug|x64.ActiveCfg = Debug|x64
		{40017B5D-E081-4926-A0B1-3AA32D04664F}.Debug|x64.Build.0 = Debug|x64
		{40017B5D-E081-4926-A0B1-3AA32D04664F}.Debug|x86.ActiveCfg = Debug|Win32
		{40017B5D-E081-4926-A0B1-3AA32D04664F}.Debug|x86.Build.0 = Debug|Win32
		{40017B5D-E081-4926-A0B1-3AA32D04664F}.Release|x64.ActiveCfg = Release|x64
		{40017B5D-E081-4926-A0B1-3AA32D04664F}.Release|x64.Build.0 = Release|x64
		{40017B5D-E081-4926-A0B1-3AA32D04664F}.Release|x86.ActiveCfg = Release|Win32
		{40017B5D-E081-4926-A0B1-3AA32D04664F}.Release|x86.Build.0 = Release|Win32
		{EE1B3377-BDAA-435F-8320-35D254DE39E7}.Debug|x64.ActiveCfg = Debug|x64
		{EE1B3377-BDAA-435F-8320-35D254DE39E7}.Debug|x64.Build.0 = Debug|x64
		{EE1B3377-BDAA-435F-8320-35D254DE39E7}.Debug|x86.ActiveCfg = Debug|Win32
		{EE1B3377-BDAA-435F-8320-35D254DE39E7}.Debug|x86.Build.0 = Debug|Win32
		{EE1B3377-BDAA-435F-8320-35D254DE39E7}.Release|x64.ActiveCfg = Release|x64
		{EE1B3377-BDAA-435F-8320-35D254DE39E7}.Release|x64.Build.0 = Release|x64
		{EE1B3377-BDAA-435F-8320-35D254DE39E7}.Release|x86.ActiveCfg = Release|Win32
		{EE1B3377-BDAA-435F-8320-35D254DE39E7}.Release|x86.Build.0 = Release|Win32
	EndGlobalSection
	GlobalSection(SolutionProperties) = preSolution
		HideSolutionNode = FALSE
	EndGlobalSection
	GlobalSection(ExtensibilityGlobals) = postSolution
		SolutionGuid = {B9D175E2-D3C5-42F3-98B3-F721D47E2FEC}
	EndGlobalSection
EndGlobal
