
Microsoft Visual Studio Solution File, Format Version 12.00
# Visual Studio Version 17
VisualStudioVersion = 17.0.32112.339
MinimumVisualStudioVersion = 10.0.40219.1
Project("{8BC9CEB8-8B4A-11D0-8D11-00A0C91BC942}") = "Q6996_Anagram_B1", "Q6996_Anagram_B1\Q6996_Anagram_B1.vcxproj", "{18F309B1-08F3-411C-A260-553D05780B53}"
EndProject
Project("{8BC9CEB8-8B4A-11D0-8D11-00A0C91BC942}") = "Q25501_Recursion_Genius_B2", "Q25501_Recursion_Genius_B2\Q25501_Recursion_Genius_B2.vcxproj", "{EF47F1D6-5151-4396-BC44-34757FDE5C9A}"
EndProject
Project("{8BC9CEB8-8B4A-11D0-8D11-00A0C91BC942}") = "Q1251_Word_Segmentation_S5", "Q1251_Word_Segmentation_S5\Q1251_Word_Segmentation_S5.vcxproj", "{1B484528-A99B-4965-87A4-3489CB2AA74B}"
EndProject
Project("{8BC9CEB8-8B4A-11D0-8D11-00A0C91BC942}") = "Q4378_QWERTY_S5", "Q4378_QWERTY_S5\Q4378_QWERTY_S5.vcxproj", "{5596474A-DCCA-4C17-821D-B9DBC753EBB0}"
EndProject
Project("{8BC9CEB8-8B4A-11D0-8D11-00A0C91BC942}") = "Q1296_Choose_TeamName_B1", "Q1296_Choose_TeamName_B1\Q1296_Choose_TeamName_B1.vcxproj", "{3DF4F0FF-1322-4EF3-8335-FB4D28F22233}"
EndProject
Project("{8BC9CEB8-8B4A-11D0-8D11-00A0C91BC942}") = "Q11721_10_Char_per_Line_B3", "Q11721_10_Char_per_Line_B3\Q11721_10_Char_per_Line_B3.vcxproj", "{98C2EA70-9F96-45B0-AB31-594922FE88D5}"
EndProject
Project("{8BC9CEB8-8B4A-11D0-8D11-00A0C91BC942}") = "Q11719_Keep_Input_B3", "Q11719_Keep_Input_B3\Q11719_Keep_Input_B3.vcxproj", "{0C7A8D8D-0F54-4DC2-875D-75B59D09DD22}"
EndProject
Project("{8BC9CEB8-8B4A-11D0-8D11-00A0C91BC942}") = "Q2596_Secret_Letter_B1", "Q2596_Secret_Letter_B1\Q2596_Secret_Letter_B1.vcxproj", "{C2CCBB96-D3B6-4D6E-BE51-198DC2368929}"
EndProject
Project("{8BC9CEB8-8B4A-11D0-8D11-00A0C91BC942}") = "Q1152_Number_of_Words_B2", "Q1152_Number_of_Words_B2\Q1152_Number_of_Words_B2.vcxproj", "{9354B62C-D047-49D4-BB7B-79BE96DC81CA}"
EndProject
Project("{8BC9CEB8-8B4A-11D0-8D11-00A0C91BC942}") = "Q1159_Basketball_Game_B2", "Q1159_Basketball_Game_B2\Q1159_Basketball_Game_B2.vcxproj", "{38AD8018-FEFB-49C4-9F58-8FD8FF19F768}"
EndProject
Project("{8BC9CEB8-8B4A-11D0-8D11-00A0C91BC942}") = "Q1259_Palindrome_Number_B1", "Q1259_Palindrome_Number_B1\Q1259_Palindrome_Number_B1.vcxproj", "{665E173F-03A4-4B3B-AEB2-8852116D037E}"
EndProject
Project("{8BC9CEB8-8B4A-11D0-8D11-00A0C91BC942}") = "Q1652_Place_to_Lie_S5", "Q1652_Place_to_Lie_S5\Q1652_Place_to_Lie_S5.vcxproj", "{43D95124-227A-4149-937A-1D08659D5A24}"
EndProject
Project("{8BC9CEB8-8B4A-11D0-8D11-00A0C91BC942}") = "Q2675_String_Repeater_B2", "Q2675_String_Repeater_B2\Q2675_String_Repeater_B2.vcxproj", "{6BC6B040-9A4F-42DB-8293-13AAFFFAF47A}"
EndProject
Project("{8BC9CEB8-8B4A-11D0-8D11-00A0C91BC942}") = "Q2810_Cup_Holder_B1", "Q2810_Cup_Holder_B1\Q2810_Cup_Holder_B1.vcxproj", "{054ACDF4-BCDF-4CE3-B5A4-D7BDEB28FE75}"
EndProject
Project("{8BC9CEB8-8B4A-11D0-8D11-00A0C91BC942}") = "Q4659_Pronounce_PW_S5", "Q4659_Pronounce_PW_S5\Q4659_Pronounce_PW_S5.vcxproj", "{A1E67BB3-D95C-4F8B-B129-A1F7618ED832}"
EndProject
Project("{8BC9CEB8-8B4A-11D0-8D11-00A0C91BC942}") = "Q5598_CaesarCipher_B2", "Q5598_CaesarCipher_B2\Q5598_CaesarCipher_B2.vcxproj", "{44FCE1E5-50CD-4AEC-B50A-68733D5630AE}"
EndProject
Project("{8BC9CEB8-8B4A-11D0-8D11-00A0C91BC942}") = "Q9093_Reverse_Words_B1", "Q9093_Reverse_Words_B1\Q9093_Reverse_Words_B1.vcxproj", "{8B70E0D7-CBCC-45E6-AC54-3F9BF1A2780A}"
EndProject
Project("{8BC9CEB8-8B4A-11D0-8D11-00A0C91BC942}") = "Q10809_Search_Alphabet_B2", "Q10809_Search_Alphabet_B2\Q10809_Search_Alphabet_B2.vcxproj", "{5969BD38-3B4A-47C2-AC5E-2692B3BE30E4}"
EndProject
Project("{8BC9CEB8-8B4A-11D0-8D11-00A0C91BC942}") = "Q10820_String_Analysis_B2", "Q10820_String_Analysis_B2\Q10820_String_Analysis_B2.vcxproj", "{08528AAC-08AC-48AB-93D4-AA937BE1B1A0}"
EndProject
Project("{8BC9CEB8-8B4A-11D0-8D11-00A0C91BC942}") = "Q10988_Check_Palindrome_B2", "Q10988_Check_Palindrome_B2\Q10988_Check_Palindrome_B2.vcxproj", "{A583EAC4-BC0C-4BBE-BF20-0C2A66F516C9}"
EndProject
Project("{8BC9CEB8-8B4A-11D0-8D11-00A0C91BC942}") = "Q11328_Strfry_B2", "Q11328_Strfry_B2\Q11328_Strfry_B2.vcxproj", "{BDE44526-F2B7-446D-A73B-F26D06619F13}"
EndProject
Project("{8BC9CEB8-8B4A-11D0-8D11-00A0C91BC942}") = "Q15829_Hashing_B2", "Q15829_Hashing_B2\Q15829_Hashing_B2.vcxproj", "{A607256A-CD0E-4FCA-89E4-442B93DEDC6A}"
EndProject
Project("{8BC9CEB8-8B4A-11D0-8D11-00A0C91BC942}") = "Q16916_Substring_B2", "Q16916_Substring_B2\Q16916_Substring_B2.vcxproj", "{BA51103B-B966-4EE7-89B2-F20F78648C7D}"
EndProject
Global
	GlobalSection(SolutionConfigurationPlatforms) = preSolution
		Debug|x64 = Debug|x64
		Debug|x86 = Debug|x86
		Release|x64 = Release|x64
		Release|x86 = Release|x86
	EndGlobalSection
	GlobalSection(ProjectConfigurationPlatforms) = postSolution
		{18F309B1-08F3-411C-A260-553D05780B53}.Debug|x64.ActiveCfg = Debug|x64
		{18F309B1-08F3-411C-A260-553D05780B53}.Debug|x64.Build.0 = Debug|x64
		{18F309B1-08F3-411C-A260-553D05780B53}.Debug|x86.ActiveCfg = Debug|Win32
		{18F309B1-08F3-411C-A260-553D05780B53}.Debug|x86.Build.0 = Debug|Win32
		{18F309B1-08F3-411C-A260-553D05780B53}.Release|x64.ActiveCfg = Release|x64
		{18F309B1-08F3-411C-A260-553D05780B53}.Release|x64.Build.0 = Release|x64
		{18F309B1-08F3-411C-A260-553D05780B53}.Release|x86.ActiveCfg = Release|Win32
		{18F309B1-08F3-411C-A260-553D05780B53}.Release|x86.Build.0 = Release|Win32
		{EF47F1D6-5151-4396-BC44-34757FDE5C9A}.Debug|x64.ActiveCfg = Debug|x64
		{EF47F1D6-5151-4396-BC44-34757FDE5C9A}.Debug|x64.Build.0 = Debug|x64
		{EF47F1D6-5151-4396-BC44-34757FDE5C9A}.Debug|x86.ActiveCfg = Debug|Win32
		{EF47F1D6-5151-4396-BC44-34757FDE5C9A}.Debug|x86.Build.0 = Debug|Win32
		{EF47F1D6-5151-4396-BC44-34757FDE5C9A}.Release|x64.ActiveCfg = Release|x64
		{EF47F1D6-5151-4396-BC44-34757FDE5C9A}.Release|x64.Build.0 = Release|x64
		{EF47F1D6-5151-4396-BC44-34757FDE5C9A}.Release|x86.ActiveCfg = Release|Win32
		{EF47F1D6-5151-4396-BC44-34757FDE5C9A}.Release|x86.Build.0 = Release|Win32
		{1B484528-A99B-4965-87A4-3489CB2AA74B}.Debug|x64.ActiveCfg = Debug|x64
		{1B484528-A99B-4965-87A4-3489CB2AA74B}.Debug|x64.Build.0 = Debug|x64
		{1B484528-A99B-4965-87A4-3489CB2AA74B}.Debug|x86.ActiveCfg = Debug|Win32
		{1B484528-A99B-4965-87A4-3489CB2AA74B}.Debug|x86.Build.0 = Debug|Win32
		{1B484528-A99B-4965-87A4-3489CB2AA74B}.Release|x64.ActiveCfg = Release|x64
		{1B484528-A99B-4965-87A4-3489CB2AA74B}.Release|x64.Build.0 = Release|x64
		{1B484528-A99B-4965-87A4-3489CB2AA74B}.Release|x86.ActiveCfg = Release|Win32
		{1B484528-A99B-4965-87A4-3489CB2AA74B}.Release|x86.Build.0 = Release|Win32
		{5596474A-DCCA-4C17-821D-B9DBC753EBB0}.Debug|x64.ActiveCfg = Debug|x64
		{5596474A-DCCA-4C17-821D-B9DBC753EBB0}.Debug|x64.Build.0 = Debug|x64
		{5596474A-DCCA-4C17-821D-B9DBC753EBB0}.Debug|x86.ActiveCfg = Debug|Win32
		{5596474A-DCCA-4C17-821D-B9DBC753EBB0}.Debug|x86.Build.0 = Debug|Win32
		{5596474A-DCCA-4C17-821D-B9DBC753EBB0}.Release|x64.ActiveCfg = Release|x64
		{5596474A-DCCA-4C17-821D-B9DBC753EBB0}.Release|x64.Build.0 = Release|x64
		{5596474A-DCCA-4C17-821D-B9DBC753EBB0}.Release|x86.ActiveCfg = Release|Win32
		{5596474A-DCCA-4C17-821D-B9DBC753EBB0}.Release|x86.Build.0 = Release|Win32
		{3DF4F0FF-1322-4EF3-8335-FB4D28F22233}.Debug|x64.ActiveCfg = Debug|x64
		{3DF4F0FF-1322-4EF3-8335-FB4D28F22233}.Debug|x64.Build.0 = Debug|x64
		{3DF4F0FF-1322-4EF3-8335-FB4D28F22233}.Debug|x86.ActiveCfg = Debug|Win32
		{3DF4F0FF-1322-4EF3-8335-FB4D28F22233}.Debug|x86.Build.0 = Debug|Win32
		{3DF4F0FF-1322-4EF3-8335-FB4D28F22233}.Release|x64.ActiveCfg = Release|x64
		{3DF4F0FF-1322-4EF3-8335-FB4D28F22233}.Release|x64.Build.0 = Release|x64
		{3DF4F0FF-1322-4EF3-8335-FB4D28F22233}.Release|x86.ActiveCfg = Release|Win32
		{3DF4F0FF-1322-4EF3-8335-FB4D28F22233}.Release|x86.Build.0 = Release|Win32
		{98C2EA70-9F96-45B0-AB31-594922FE88D5}.Debug|x64.ActiveCfg = Debug|x64
		{98C2EA70-9F96-45B0-AB31-594922FE88D5}.Debug|x64.Build.0 = Debug|x64
		{98C2EA70-9F96-45B0-AB31-594922FE88D5}.Debug|x86.ActiveCfg = Debug|Win32
		{98C2EA70-9F96-45B0-AB31-594922FE88D5}.Debug|x86.Build.0 = Debug|Win32
		{98C2EA70-9F96-45B0-AB31-594922FE88D5}.Release|x64.ActiveCfg = Release|x64
		{98C2EA70-9F96-45B0-AB31-594922FE88D5}.Release|x64.Build.0 = Release|x64
		{98C2EA70-9F96-45B0-AB31-594922FE88D5}.Release|x86.ActiveCfg = Release|Win32
		{98C2EA70-9F96-45B0-AB31-594922FE88D5}.Release|x86.Build.0 = Release|Win32
		{0C7A8D8D-0F54-4DC2-875D-75B59D09DD22}.Debug|x64.ActiveCfg = Debug|x64
		{0C7A8D8D-0F54-4DC2-875D-75B59D09DD22}.Debug|x64.Build.0 = Debug|x64
		{0C7A8D8D-0F54-4DC2-875D-75B59D09DD22}.Debug|x86.ActiveCfg = Debug|Win32
		{0C7A8D8D-0F54-4DC2-875D-75B59D09DD22}.Debug|x86.Build.0 = Debug|Win32
		{0C7A8D8D-0F54-4DC2-875D-75B59D09DD22}.Release|x64.ActiveCfg = Release|x64
		{0C7A8D8D-0F54-4DC2-875D-75B59D09DD22}.Release|x64.Build.0 = Release|x64
		{0C7A8D8D-0F54-4DC2-875D-75B59D09DD22}.Release|x86.ActiveCfg = Release|Win32
		{0C7A8D8D-0F54-4DC2-875D-75B59D09DD22}.Release|x86.Build.0 = Release|Win32
		{C2CCBB96-D3B6-4D6E-BE51-198DC2368929}.Debug|x64.ActiveCfg = Debug|x64
		{C2CCBB96-D3B6-4D6E-BE51-198DC2368929}.Debug|x64.Build.0 = Debug|x64
		{C2CCBB96-D3B6-4D6E-BE51-198DC2368929}.Debug|x86.ActiveCfg = Debug|Win32
		{C2CCBB96-D3B6-4D6E-BE51-198DC2368929}.Debug|x86.Build.0 = Debug|Win32
		{C2CCBB96-D3B6-4D6E-BE51-198DC2368929}.Release|x64.ActiveCfg = Release|x64
		{C2CCBB96-D3B6-4D6E-BE51-198DC2368929}.Release|x64.Build.0 = Release|x64
		{C2CCBB96-D3B6-4D6E-BE51-198DC2368929}.Release|x86.ActiveCfg = Release|Win32
		{C2CCBB96-D3B6-4D6E-BE51-198DC2368929}.Release|x86.Build.0 = Release|Win32
		{9354B62C-D047-49D4-BB7B-79BE96DC81CA}.Debug|x64.ActiveCfg = Debug|x64
		{9354B62C-D047-49D4-BB7B-79BE96DC81CA}.Debug|x64.Build.0 = Debug|x64
		{9354B62C-D047-49D4-BB7B-79BE96DC81CA}.Debug|x86.ActiveCfg = Debug|Win32
		{9354B62C-D047-49D4-BB7B-79BE96DC81CA}.Debug|x86.Build.0 = Debug|Win32
		{9354B62C-D047-49D4-BB7B-79BE96DC81CA}.Release|x64.ActiveCfg = Release|x64
		{9354B62C-D047-49D4-BB7B-79BE96DC81CA}.Release|x64.Build.0 = Release|x64
		{9354B62C-D047-49D4-BB7B-79BE96DC81CA}.Release|x86.ActiveCfg = Release|Win32
		{9354B62C-D047-49D4-BB7B-79BE96DC81CA}.Release|x86.Build.0 = Release|Win32
		{38AD8018-FEFB-49C4-9F58-8FD8FF19F768}.Debug|x64.ActiveCfg = Debug|x64
		{38AD8018-FEFB-49C4-9F58-8FD8FF19F768}.Debug|x64.Build.0 = Debug|x64
		{38AD8018-FEFB-49C4-9F58-8FD8FF19F768}.Debug|x86.ActiveCfg = Debug|Win32
		{38AD8018-FEFB-49C4-9F58-8FD8FF19F768}.Debug|x86.Build.0 = Debug|Win32
		{38AD8018-FEFB-49C4-9F58-8FD8FF19F768}.Release|x64.ActiveCfg = Release|x64
		{38AD8018-FEFB-49C4-9F58-8FD8FF19F768}.Release|x64.Build.0 = Release|x64
		{38AD8018-FEFB-49C4-9F58-8FD8FF19F768}.Release|x86.ActiveCfg = Release|Win32
		{38AD8018-FEFB-49C4-9F58-8FD8FF19F768}.Release|x86.Build.0 = Release|Win32
		{665E173F-03A4-4B3B-AEB2-8852116D037E}.Debug|x64.ActiveCfg = Debug|x64
		{665E173F-03A4-4B3B-AEB2-8852116D037E}.Debug|x64.Build.0 = Debug|x64
		{665E173F-03A4-4B3B-AEB2-8852116D037E}.Debug|x86.ActiveCfg = Debug|Win32
		{665E173F-03A4-4B3B-AEB2-8852116D037E}.Debug|x86.Build.0 = Debug|Win32
		{665E173F-03A4-4B3B-AEB2-8852116D037E}.Release|x64.ActiveCfg = Release|x64
		{665E173F-03A4-4B3B-AEB2-8852116D037E}.Release|x64.Build.0 = Release|x64
		{665E173F-03A4-4B3B-AEB2-8852116D037E}.Release|x86.ActiveCfg = Release|Win32
		{665E173F-03A4-4B3B-AEB2-8852116D037E}.Release|x86.Build.0 = Release|Win32
		{43D95124-227A-4149-937A-1D08659D5A24}.Debug|x64.ActiveCfg = Debug|x64
		{43D95124-227A-4149-937A-1D08659D5A24}.Debug|x64.Build.0 = Debug|x64
		{43D95124-227A-4149-937A-1D08659D5A24}.Debug|x86.ActiveCfg = Debug|Win32
		{43D95124-227A-4149-937A-1D08659D5A24}.Debug|x86.Build.0 = Debug|Win32
		{43D95124-227A-4149-937A-1D08659D5A24}.Release|x64.ActiveCfg = Release|x64
		{43D95124-227A-4149-937A-1D08659D5A24}.Release|x64.Build.0 = Release|x64
		{43D95124-227A-4149-937A-1D08659D5A24}.Release|x86.ActiveCfg = Release|Win32
		{43D95124-227A-4149-937A-1D08659D5A24}.Release|x86.Build.0 = Release|Win32
		{6BC6B040-9A4F-42DB-8293-13AAFFFAF47A}.Debug|x64.ActiveCfg = Debug|x64
		{6BC6B040-9A4F-42DB-8293-13AAFFFAF47A}.Debug|x64.Build.0 = Debug|x64
		{6BC6B040-9A4F-42DB-8293-13AAFFFAF47A}.Debug|x86.ActiveCfg = Debug|Win32
		{6BC6B040-9A4F-42DB-8293-13AAFFFAF47A}.Debug|x86.Build.0 = Debug|Win32
		{6BC6B040-9A4F-42DB-8293-13AAFFFAF47A}.Release|x64.ActiveCfg = Release|x64
		{6BC6B040-9A4F-42DB-8293-13AAFFFAF47A}.Release|x64.Build.0 = Release|x64
		{6BC6B040-9A4F-42DB-8293-13AAFFFAF47A}.Release|x86.ActiveCfg = Release|Win32
		{6BC6B040-9A4F-42DB-8293-13AAFFFAF47A}.Release|x86.Build.0 = Release|Win32
		{054ACDF4-BCDF-4CE3-B5A4-D7BDEB28FE75}.Debug|x64.ActiveCfg = Debug|x64
		{054ACDF4-BCDF-4CE3-B5A4-D7BDEB28FE75}.Debug|x64.Build.0 = Debug|x64
		{054ACDF4-BCDF-4CE3-B5A4-D7BDEB28FE75}.Debug|x86.ActiveCfg = Debug|Win32
		{054ACDF4-BCDF-4CE3-B5A4-D7BDEB28FE75}.Debug|x86.Build.0 = Debug|Win32
		{054ACDF4-BCDF-4CE3-B5A4-D7BDEB28FE75}.Release|x64.ActiveCfg = Release|x64
		{054ACDF4-BCDF-4CE3-B5A4-D7BDEB28FE75}.Release|x64.Build.0 = Release|x64
		{054ACDF4-BCDF-4CE3-B5A4-D7BDEB28FE75}.Release|x86.ActiveCfg = Release|Win32
		{054ACDF4-BCDF-4CE3-B5A4-D7BDEB28FE75}.Release|x86.Build.0 = Release|Win32
		{A1E67BB3-D95C-4F8B-B129-A1F7618ED832}.Debug|x64.ActiveCfg = Debug|x64
		{A1E67BB3-D95C-4F8B-B129-A1F7618ED832}.Debug|x64.Build.0 = Debug|x64
		{A1E67BB3-D95C-4F8B-B129-A1F7618ED832}.Debug|x86.ActiveCfg = Debug|Win32
		{A1E67BB3-D95C-4F8B-B129-A1F7618ED832}.Debug|x86.Build.0 = Debug|Win32
		{A1E67BB3-D95C-4F8B-B129-A1F7618ED832}.Release|x64.ActiveCfg = Release|x64
		{A1E67BB3-D95C-4F8B-B129-A1F7618ED832}.Release|x64.Build.0 = Release|x64
		{A1E67BB3-D95C-4F8B-B129-A1F7618ED832}.Release|x86.ActiveCfg = Release|Win32
		{A1E67BB3-D95C-4F8B-B129-A1F7618ED832}.Release|x86.Build.0 = Release|Win32
		{44FCE1E5-50CD-4AEC-B50A-68733D5630AE}.Debug|x64.ActiveCfg = Debug|x64
		{44FCE1E5-50CD-4AEC-B50A-68733D5630AE}.Debug|x64.Build.0 = Debug|x64
		{44FCE1E5-50CD-4AEC-B50A-68733D5630AE}.Debug|x86.ActiveCfg = Debug|Win32
		{44FCE1E5-50CD-4AEC-B50A-68733D5630AE}.Debug|x86.Build.0 = Debug|Win32
		{44FCE1E5-50CD-4AEC-B50A-68733D5630AE}.Release|x64.ActiveCfg = Release|x64
		{44FCE1E5-50CD-4AEC-B50A-68733D5630AE}.Release|x64.Build.0 = Release|x64
		{44FCE1E5-50CD-4AEC-B50A-68733D5630AE}.Release|x86.ActiveCfg = Release|Win32
		{44FCE1E5-50CD-4AEC-B50A-68733D5630AE}.Release|x86.Build.0 = Release|Win32
		{8B70E0D7-CBCC-45E6-AC54-3F9BF1A2780A}.Debug|x64.ActiveCfg = Debug|x64
		{8B70E0D7-CBCC-45E6-AC54-3F9BF1A2780A}.Debug|x64.Build.0 = Debug|x64
		{8B70E0D7-CBCC-45E6-AC54-3F9BF1A2780A}.Debug|x86.ActiveCfg = Debug|Win32
		{8B70E0D7-CBCC-45E6-AC54-3F9BF1A2780A}.Debug|x86.Build.0 = Debug|Win32
		{8B70E0D7-CBCC-45E6-AC54-3F9BF1A2780A}.Release|x64.ActiveCfg = Release|x64
		{8B70E0D7-CBCC-45E6-AC54-3F9BF1A2780A}.Release|x64.Build.0 = Release|x64
		{8B70E0D7-CBCC-45E6-AC54-3F9BF1A2780A}.Release|x86.ActiveCfg = Release|Win32
		{8B70E0D7-CBCC-45E6-AC54-3F9BF1A2780A}.Release|x86.Build.0 = Release|Win32
		{5969BD38-3B4A-47C2-AC5E-2692B3BE30E4}.Debug|x64.ActiveCfg = Debug|x64
		{5969BD38-3B4A-47C2-AC5E-2692B3BE30E4}.Debug|x64.Build.0 = Debug|x64
		{5969BD38-3B4A-47C2-AC5E-2692B3BE30E4}.Debug|x86.ActiveCfg = Debug|Win32
		{5969BD38-3B4A-47C2-AC5E-2692B3BE30E4}.Debug|x86.Build.0 = Debug|Win32
		{5969BD38-3B4A-47C2-AC5E-2692B3BE30E4}.Release|x64.ActiveCfg = Release|x64
		{5969BD38-3B4A-47C2-AC5E-2692B3BE30E4}.Release|x64.Build.0 = Release|x64
		{5969BD38-3B4A-47C2-AC5E-2692B3BE30E4}.Release|x86.ActiveCfg = Release|Win32
		{5969BD38-3B4A-47C2-AC5E-2692B3BE30E4}.Release|x86.Build.0 = Release|Win32
		{08528AAC-08AC-48AB-93D4-AA937BE1B1A0}.Debug|x64.ActiveCfg = Debug|x64
		{08528AAC-08AC-48AB-93D4-AA937BE1B1A0}.Debug|x64.Build.0 = Debug|x64
		{08528AAC-08AC-48AB-93D4-AA937BE1B1A0}.Debug|x86.ActiveCfg = Debug|Win32
		{08528AAC-08AC-48AB-93D4-AA937BE1B1A0}.Debug|x86.Build.0 = Debug|Win32
		{08528AAC-08AC-48AB-93D4-AA937BE1B1A0}.Release|x64.ActiveCfg = Release|x64
		{08528AAC-08AC-48AB-93D4-AA937BE1B1A0}.Release|x64.Build.0 = Release|x64
		{08528AAC-08AC-48AB-93D4-AA937BE1B1A0}.Release|x86.ActiveCfg = Release|Win32
		{08528AAC-08AC-48AB-93D4-AA937BE1B1A0}.Release|x86.Build.0 = Release|Win32
		{A583EAC4-BC0C-4BBE-BF20-0C2A66F516C9}.Debug|x64.ActiveCfg = Debug|x64
		{A583EAC4-BC0C-4BBE-BF20-0C2A66F516C9}.Debug|x64.Build.0 = Debug|x64
		{A583EAC4-BC0C-4BBE-BF20-0C2A66F516C9}.Debug|x86.ActiveCfg = Debug|Win32
		{A583EAC4-BC0C-4BBE-BF20-0C2A66F516C9}.Debug|x86.Build.0 = Debug|Win32
		{A583EAC4-BC0C-4BBE-BF20-0C2A66F516C9}.Release|x64.ActiveCfg = Release|x64
		{A583EAC4-BC0C-4BBE-BF20-0C2A66F516C9}.Release|x64.Build.0 = Release|x64
		{A583EAC4-BC0C-4BBE-BF20-0C2A66F516C9}.Release|x86.ActiveCfg = Release|Win32
		{A583EAC4-BC0C-4BBE-BF20-0C2A66F516C9}.Release|x86.Build.0 = Release|Win32
		{BDE44526-F2B7-446D-A73B-F26D06619F13}.Debug|x64.ActiveCfg = Debug|x64
		{BDE44526-F2B7-446D-A73B-F26D06619F13}.Debug|x64.Build.0 = Debug|x64
		{BDE44526-F2B7-446D-A73B-F26D06619F13}.Debug|x86.ActiveCfg = Debug|Win32
		{BDE44526-F2B7-446D-A73B-F26D06619F13}.Debug|x86.Build.0 = Debug|Win32
		{BDE44526-F2B7-446D-A73B-F26D06619F13}.Release|x64.ActiveCfg = Release|x64
		{BDE44526-F2B7-446D-A73B-F26D06619F13}.Release|x64.Build.0 = Release|x64
		{BDE44526-F2B7-446D-A73B-F26D06619F13}.Release|x86.ActiveCfg = Release|Win32
		{BDE44526-F2B7-446D-A73B-F26D06619F13}.Release|x86.Build.0 = Release|Win32
		{A607256A-CD0E-4FCA-89E4-442B93DEDC6A}.Debug|x64.ActiveCfg = Debug|x64
		{A607256A-CD0E-4FCA-89E4-442B93DEDC6A}.Debug|x64.Build.0 = Debug|x64
		{A607256A-CD0E-4FCA-89E4-442B93DEDC6A}.Debug|x86.ActiveCfg = Debug|Win32
		{A607256A-CD0E-4FCA-89E4-442B93DEDC6A}.Debug|x86.Build.0 = Debug|Win32
		{A607256A-CD0E-4FCA-89E4-442B93DEDC6A}.Release|x64.ActiveCfg = Release|x64
		{A607256A-CD0E-4FCA-89E4-442B93DEDC6A}.Release|x64.Build.0 = Release|x64
		{A607256A-CD0E-4FCA-89E4-442B93DEDC6A}.Release|x86.ActiveCfg = Release|Win32
		{A607256A-CD0E-4FCA-89E4-442B93DEDC6A}.Release|x86.Build.0 = Release|Win32
		{BA51103B-B966-4EE7-89B2-F20F78648C7D}.Debug|x64.ActiveCfg = Debug|x64
		{BA51103B-B966-4EE7-89B2-F20F78648C7D}.Debug|x64.Build.0 = Debug|x64
		{BA51103B-B966-4EE7-89B2-F20F78648C7D}.Debug|x86.ActiveCfg = Debug|Win32
		{BA51103B-B966-4EE7-89B2-F20F78648C7D}.Debug|x86.Build.0 = Debug|Win32
		{BA51103B-B966-4EE7-89B2-F20F78648C7D}.Release|x64.ActiveCfg = Release|x64
		{BA51103B-B966-4EE7-89B2-F20F78648C7D}.Release|x64.Build.0 = Release|x64
		{BA51103B-B966-4EE7-89B2-F20F78648C7D}.Release|x86.ActiveCfg = Release|Win32
		{BA51103B-B966-4EE7-89B2-F20F78648C7D}.Release|x86.Build.0 = Release|Win32
	EndGlobalSection
	GlobalSection(SolutionProperties) = preSolution
		HideSolutionNode = FALSE
	EndGlobalSection
	GlobalSection(ExtensibilityGlobals) = postSolution
		SolutionGuid = {DE03AC59-5670-4727-BE6F-9FE71A31DB65}
	EndGlobalSection
EndGlobal
