
Microsoft Visual Studio Solution File, Format Version 12.00
# Visual Studio Version 17
VisualStudioVersion = 17.5.33516.290
MinimumVisualStudioVersion = 10.0.40219.1
Project("{8BC9CEB8-8B4A-11D0-8D11-00A0C91BC942}") = "Q10826_Fibonacci_Number_4_S5", "Q10826_Fibonacci_Number_4_S5\Q10826_Fibonacci_Number_4_S5.vcxproj", "{ED620B6F-84C6-4EAD-AFC1-91D3C485BC60}"
EndProject
Global
	GlobalSection(SolutionConfigurationPlatforms) = preSolution
		Debug|x64 = Debug|x64
		Debug|x86 = Debug|x86
		Release|x64 = Release|x64
		Release|x86 = Release|x86
	EndGlobalSection
	GlobalSection(ProjectConfigurationPlatforms) = postSolution
		{ED620B6F-84C6-4EAD-AFC1-91D3C485BC60}.Debug|x64.ActiveCfg = Debug|x64
		{ED620B6F-84C6-4EAD-AFC1-91D3C485BC60}.Debug|x64.Build.0 = Debug|x64
		{ED620B6F-84C6-4EAD-AFC1-91D3C485BC60}.Debug|x86.ActiveCfg = Debug|Win32
		{ED620B6F-84C6-4EAD-AFC1-91D3C485BC60}.Debug|x86.Build.0 = Debug|Win32
		{ED620B6F-84C6-4EAD-AFC1-91D3C485BC60}.Release|x64.ActiveCfg = Release|x64
		{ED620B6F-84C6-4EAD-AFC1-91D3C485BC60}.Release|x64.Build.0 = Release|x64
		{ED620B6F-84C6-4EAD-AFC1-91D3C485BC60}.Release|x86.ActiveCfg = Release|Win32
		{ED620B6F-84C6-4EAD-AFC1-91D3C485BC60}.Release|x86.Build.0 = Release|Win32
	EndGlobalSection
	GlobalSection(SolutionProperties) = preSolution
		HideSolutionNode = FALSE
	EndGlobalSection
	GlobalSection(ExtensibilityGlobals) = postSolution
		SolutionGuid = {9F85C1B8-2925-4C93-A746-ECC4BFE5943B}
	EndGlobalSection
EndGlobal
