
Microsoft Visual Studio Solution File, Format Version 12.00
# Visual Studio Version 17
VisualStudioVersion = 17.0.32112.339
MinimumVisualStudioVersion = 10.0.40219.1
Project("{8BC9CEB8-8B4A-11D0-8D11-00A0C91BC942}") = "16486_Around_Field_B4", "16486_Around_Field_B4\16486_Playground_a_Round.vcxproj", "{480932D0-1D4E-4222-B0AC-E325CDE98048}"
EndProject
Project("{8BC9CEB8-8B4A-11D0-8D11-00A0C91BC942}") = "3009_Fourth_Point_B3", "3009_Fourth_Point_B3\3009_Fourth_Point.vcxproj", "{F3F52129-1D1E-482F-982A-71F13768A92D}"
EndProject
Global
	GlobalSection(SolutionConfigurationPlatforms) = preSolution
		Debug|x64 = Debug|x64
		Debug|x86 = Debug|x86
		Release|x64 = Release|x64
		Release|x86 = Release|x86
	EndGlobalSection
	GlobalSection(ProjectConfigurationPlatforms) = postSolution
		{480932D0-1D4E-4222-B0AC-E325CDE98048}.Debug|x64.ActiveCfg = Debug|x64
		{480932D0-1D4E-4222-B0AC-E325CDE98048}.Debug|x64.Build.0 = Debug|x64
		{480932D0-1D4E-4222-B0AC-E325CDE98048}.Debug|x86.ActiveCfg = Debug|Win32
		{480932D0-1D4E-4222-B0AC-E325CDE98048}.Debug|x86.Build.0 = Debug|Win32
		{480932D0-1D4E-4222-B0AC-E325CDE98048}.Release|x64.ActiveCfg = Release|x64
		{480932D0-1D4E-4222-B0AC-E325CDE98048}.Release|x64.Build.0 = Release|x64
		{480932D0-1D4E-4222-B0AC-E325CDE98048}.Release|x86.ActiveCfg = Release|Win32
		{480932D0-1D4E-4222-B0AC-E325CDE98048}.Release|x86.Build.0 = Release|Win32
		{F3F52129-1D1E-482F-982A-71F13768A92D}.Debug|x64.ActiveCfg = Debug|x64
		{F3F52129-1D1E-482F-982A-71F13768A92D}.Debug|x64.Build.0 = Debug|x64
		{F3F52129-1D1E-482F-982A-71F13768A92D}.Debug|x86.ActiveCfg = Debug|Win32
		{F3F52129-1D1E-482F-982A-71F13768A92D}.Debug|x86.Build.0 = Debug|Win32
		{F3F52129-1D1E-482F-982A-71F13768A92D}.Release|x64.ActiveCfg = Release|x64
		{F3F52129-1D1E-482F-982A-71F13768A92D}.Release|x64.Build.0 = Release|x64
		{F3F52129-1D1E-482F-982A-71F13768A92D}.Release|x86.ActiveCfg = Release|Win32
		{F3F52129-1D1E-482F-982A-71F13768A92D}.Release|x86.Build.0 = Release|Win32
	EndGlobalSection
	GlobalSection(SolutionProperties) = preSolution
		HideSolutionNode = FALSE
	EndGlobalSection
	GlobalSection(ExtensibilityGlobals) = postSolution
		SolutionGuid = {525F6168-1A6D-43DD-B87B-6558AF8D5C42}
	EndGlobalSection
EndGlobal
