
Microsoft Visual Studio Solution File, Format Version 12.00
# Visual Studio Version 17
VisualStudioVersion = 17.0.32112.339
MinimumVisualStudioVersion = 10.0.40219.1
Project("{8BC9CEB8-8B4A-11D0-8D11-00A0C91BC942}") = "Q14681_Quadrant_B5", "Q14681_Quadrant_B5\Q14681_Quadrant_B5.vcxproj", "{03571318-2638-4412-98E2-BD320E88FCC7}"
EndProject
Project("{8BC9CEB8-8B4A-11D0-8D11-00A0C91BC942}") = "Q4153_Right_Triangle_B3", "Q4153_Right_Triangle_B3\Q4153_Right_Triangle_B3.vcxproj", "{7D148424-EE38-49B1-997F-E2E207DE299C}"
EndProject
Project("{8BC9CEB8-8B4A-11D0-8D11-00A0C91BC942}") = "Q27323_Rectangle_B5", "Q27323_Rectangle_B5\Q27323_Rectangle_B5.vcxproj", "{D7724E5D-21A7-4AD2-A2FA-8EB8CA8F4DE2}"
EndProject
Project("{8BC9CEB8-8B4A-11D0-8D11-00A0C91BC942}") = "Q1085_Escape_from_Rectangle_B3", "Q1085_Escape_from_Rectangle_B3\Q1085_Escape_from_Rectangle_B3.vcxproj", "{FBE6C54A-40A5-4B16-BD18-2D8CB5568E3A}"
EndProject
Project("{8BC9CEB8-8B4A-11D0-8D11-00A0C91BC942}") = "Q3009_Fourth_Point_B3", "Q3009_Fourth_Point_B3\Q3009_Fourth_Point_B3.vcxproj", "{ADE58ADC-4196-416A-85F6-B89F842A5957}"
EndProject
Project("{8BC9CEB8-8B4A-11D0-8D11-00A0C91BC942}") = "Q10101_Memorize_Triangle_B4", "Q10101_Memorize_Triangle_B4\Q10101_Memorize_Triangle_B4.vcxproj", "{B0924B60-153C-46AF-B673-12A327F9C76D}"
EndProject
Project("{8BC9CEB8-8B4A-11D0-8D11-00A0C91BC942}") = "Q1002_TURRET_S3", "Q1002_TURRET_S3\Q1002_TURRET_S3.vcxproj", "{73F01498-D849-4F72-9548-C1BD864FF7F9}"
EndProject
Project("{8BC9CEB8-8B4A-11D0-8D11-00A0C91BC942}") = "Q3053_Taxi_Geometry_B3", "Q3053_Taxi_Geometry_B3\Q3053_Taxi_Geometry_B3.vcxproj", "{35A372EF-73C1-45DA-B42A-3541D5D227F8}"
EndProject
Project("{8BC9CEB8-8B4A-11D0-8D11-00A0C91BC942}") = "Q11880_ANT_B2", "Q11880_ANT_B2\Q11880_ANT_B2.vcxproj", "{A4845C89-E134-473F-9251-9629895EA59A}"
EndProject
Project("{8BC9CEB8-8B4A-11D0-8D11-00A0C91BC942}") = "Q17247_Taxi_Distance_B1", "Q17247_Taxi_Distance_B1\Q17247_Taxi_Distance_B1.vcxproj", "{FB7D3918-F780-4562-88D9-AA34FE9531CC}"
EndProject
Project("{8BC9CEB8-8B4A-11D0-8D11-00A0C91BC942}") = "Q1894_Fourth_Point_B1", "Q1894_Fourth_Point_B1\Q1894_Fourth_Point_B1.vcxproj", "{5825542F-3A2E-43CB-8151-7090E68CD5C9}"
EndProject
Project("{8BC9CEB8-8B4A-11D0-8D11-00A0C91BC942}") = "Q18786_Triangles_Bronze_B1", "Q18786_Triangles_Bronze_B1\Q18786_Triangles_Bronze_B1.vcxproj", "{0D205B7E-72ED-4B70-B053-390A6249492B}"
EndProject
Global
	GlobalSection(SolutionConfigurationPlatforms) = preSolution
		Debug|x64 = Debug|x64
		Debug|x86 = Debug|x86
		Release|x64 = Release|x64
		Release|x86 = Release|x86
	EndGlobalSection
	GlobalSection(ProjectConfigurationPlatforms) = postSolution
		{03571318-2638-4412-98E2-BD320E88FCC7}.Debug|x64.ActiveCfg = Debug|x64
		{03571318-2638-4412-98E2-BD320E88FCC7}.Debug|x64.Build.0 = Debug|x64
		{03571318-2638-4412-98E2-BD320E88FCC7}.Debug|x86.ActiveCfg = Debug|Win32
		{03571318-2638-4412-98E2-BD320E88FCC7}.Debug|x86.Build.0 = Debug|Win32
		{03571318-2638-4412-98E2-BD320E88FCC7}.Release|x64.ActiveCfg = Release|x64
		{03571318-2638-4412-98E2-BD320E88FCC7}.Release|x64.Build.0 = Release|x64
		{03571318-2638-4412-98E2-BD320E88FCC7}.Release|x86.ActiveCfg = Release|Win32
		{03571318-2638-4412-98E2-BD320E88FCC7}.Release|x86.Build.0 = Release|Win32
		{7D148424-EE38-49B1-997F-E2E207DE299C}.Debug|x64.ActiveCfg = Debug|x64
		{7D148424-EE38-49B1-997F-E2E207DE299C}.Debug|x64.Build.0 = Debug|x64
		{7D148424-EE38-49B1-997F-E2E207DE299C}.Debug|x86.ActiveCfg = Debug|Win32
		{7D148424-EE38-49B1-997F-E2E207DE299C}.Debug|x86.Build.0 = Debug|Win32
		{7D148424-EE38-49B1-997F-E2E207DE299C}.Release|x64.ActiveCfg = Release|x64
		{7D148424-EE38-49B1-997F-E2E207DE299C}.Release|x64.Build.0 = Release|x64
		{7D148424-EE38-49B1-997F-E2E207DE299C}.Release|x86.ActiveCfg = Release|Win32
		{7D148424-EE38-49B1-997F-E2E207DE299C}.Release|x86.Build.0 = Release|Win32
		{D7724E5D-21A7-4AD2-A2FA-8EB8CA8F4DE2}.Debug|x64.ActiveCfg = Debug|x64
		{D7724E5D-21A7-4AD2-A2FA-8EB8CA8F4DE2}.Debug|x64.Build.0 = Debug|x64
		{D7724E5D-21A7-4AD2-A2FA-8EB8CA8F4DE2}.Debug|x86.ActiveCfg = Debug|Win32
		{D7724E5D-21A7-4AD2-A2FA-8EB8CA8F4DE2}.Debug|x86.Build.0 = Debug|Win32
		{D7724E5D-21A7-4AD2-A2FA-8EB8CA8F4DE2}.Release|x64.ActiveCfg = Release|x64
		{D7724E5D-21A7-4AD2-A2FA-8EB8CA8F4DE2}.Release|x64.Build.0 = Release|x64
		{D7724E5D-21A7-4AD2-A2FA-8EB8CA8F4DE2}.Release|x86.ActiveCfg = Release|Win32
		{D7724E5D-21A7-4AD2-A2FA-8EB8CA8F4DE2}.Release|x86.Build.0 = Release|Win32
		{FBE6C54A-40A5-4B16-BD18-2D8CB5568E3A}.Debug|x64.ActiveCfg = Debug|x64
		{FBE6C54A-40A5-4B16-BD18-2D8CB5568E3A}.Debug|x64.Build.0 = Debug|x64
		{FBE6C54A-40A5-4B16-BD18-2D8CB5568E3A}.Debug|x86.ActiveCfg = Debug|Win32
		{FBE6C54A-40A5-4B16-BD18-2D8CB5568E3A}.Debug|x86.Build.0 = Debug|Win32
		{FBE6C54A-40A5-4B16-BD18-2D8CB5568E3A}.Release|x64.ActiveCfg = Release|x64
		{FBE6C54A-40A5-4B16-BD18-2D8CB5568E3A}.Release|x64.Build.0 = Release|x64
		{FBE6C54A-40A5-4B16-BD18-2D8CB5568E3A}.Release|x86.ActiveCfg = Release|Win32
		{FBE6C54A-40A5-4B16-BD18-2D8CB5568E3A}.Release|x86.Build.0 = Release|Win32
		{ADE58ADC-4196-416A-85F6-B89F842A5957}.Debug|x64.ActiveCfg = Debug|x64
		{ADE58ADC-4196-416A-85F6-B89F842A5957}.Debug|x64.Build.0 = Debug|x64
		{ADE58ADC-4196-416A-85F6-B89F842A5957}.Debug|x86.ActiveCfg = Debug|Win32
		{ADE58ADC-4196-416A-85F6-B89F842A5957}.Debug|x86.Build.0 = Debug|Win32
		{ADE58ADC-4196-416A-85F6-B89F842A5957}.Release|x64.ActiveCfg = Release|x64
		{ADE58ADC-4196-416A-85F6-B89F842A5957}.Release|x64.Build.0 = Release|x64
		{ADE58ADC-4196-416A-85F6-B89F842A5957}.Release|x86.ActiveCfg = Release|Win32
		{ADE58ADC-4196-416A-85F6-B89F842A5957}.Release|x86.Build.0 = Release|Win32
		{B0924B60-153C-46AF-B673-12A327F9C76D}.Debug|x64.ActiveCfg = Debug|x64
		{B0924B60-153C-46AF-B673-12A327F9C76D}.Debug|x64.Build.0 = Debug|x64
		{B0924B60-153C-46AF-B673-12A327F9C76D}.Debug|x86.ActiveCfg = Debug|Win32
		{B0924B60-153C-46AF-B673-12A327F9C76D}.Debug|x86.Build.0 = Debug|Win32
		{B0924B60-153C-46AF-B673-12A327F9C76D}.Release|x64.ActiveCfg = Release|x64
		{B0924B60-153C-46AF-B673-12A327F9C76D}.Release|x64.Build.0 = Release|x64
		{B0924B60-153C-46AF-B673-12A327F9C76D}.Release|x86.ActiveCfg = Release|Win32
		{B0924B60-153C-46AF-B673-12A327F9C76D}.Release|x86.Build.0 = Release|Win32
		{73F01498-D849-4F72-9548-C1BD864FF7F9}.Debug|x64.ActiveCfg = Debug|x64
		{73F01498-D849-4F72-9548-C1BD864FF7F9}.Debug|x64.Build.0 = Debug|x64
		{73F01498-D849-4F72-9548-C1BD864FF7F9}.Debug|x86.ActiveCfg = Debug|Win32
		{73F01498-D849-4F72-9548-C1BD864FF7F9}.Debug|x86.Build.0 = Debug|Win32
		{73F01498-D849-4F72-9548-C1BD864FF7F9}.Release|x64.ActiveCfg = Release|x64
		{73F01498-D849-4F72-9548-C1BD864FF7F9}.Release|x64.Build.0 = Release|x64
		{73F01498-D849-4F72-9548-C1BD864FF7F9}.Release|x86.ActiveCfg = Release|Win32
		{73F01498-D849-4F72-9548-C1BD864FF7F9}.Release|x86.Build.0 = Release|Win32
		{35A372EF-73C1-45DA-B42A-3541D5D227F8}.Debug|x64.ActiveCfg = Debug|x64
		{35A372EF-73C1-45DA-B42A-3541D5D227F8}.Debug|x64.Build.0 = Debug|x64
		{35A372EF-73C1-45DA-B42A-3541D5D227F8}.Debug|x86.ActiveCfg = Debug|Win32
		{35A372EF-73C1-45DA-B42A-3541D5D227F8}.Debug|x86.Build.0 = Debug|Win32
		{35A372EF-73C1-45DA-B42A-3541D5D227F8}.Release|x64.ActiveCfg = Release|x64
		{35A372EF-73C1-45DA-B42A-3541D5D227F8}.Release|x64.Build.0 = Release|x64
		{35A372EF-73C1-45DA-B42A-3541D5D227F8}.Release|x86.ActiveCfg = Release|Win32
		{35A372EF-73C1-45DA-B42A-3541D5D227F8}.Release|x86.Build.0 = Release|Win32
		{A4845C89-E134-473F-9251-9629895EA59A}.Debug|x64.ActiveCfg = Debug|x64
		{A4845C89-E134-473F-9251-9629895EA59A}.Debug|x64.Build.0 = Debug|x64
		{A4845C89-E134-473F-9251-9629895EA59A}.Debug|x86.ActiveCfg = Debug|Win32
		{A4845C89-E134-473F-9251-9629895EA59A}.Debug|x86.Build.0 = Debug|Win32
		{A4845C89-E134-473F-9251-9629895EA59A}.Release|x64.ActiveCfg = Release|x64
		{A4845C89-E134-473F-9251-9629895EA59A}.Release|x64.Build.0 = Release|x64
		{A4845C89-E134-473F-9251-9629895EA59A}.Release|x86.ActiveCfg = Release|Win32
		{A4845C89-E134-473F-9251-9629895EA59A}.Release|x86.Build.0 = Release|Win32
		{FB7D3918-F780-4562-88D9-AA34FE9531CC}.Debug|x64.ActiveCfg = Debug|x64
		{FB7D3918-F780-4562-88D9-AA34FE9531CC}.Debug|x64.Build.0 = Debug|x64
		{FB7D3918-F780-4562-88D9-AA34FE9531CC}.Debug|x86.ActiveCfg = Debug|Win32
		{FB7D3918-F780-4562-88D9-AA34FE9531CC}.Debug|x86.Build.0 = Debug|Win32
		{FB7D3918-F780-4562-88D9-AA34FE9531CC}.Release|x64.ActiveCfg = Release|x64
		{FB7D3918-F780-4562-88D9-AA34FE9531CC}.Release|x64.Build.0 = Release|x64
		{FB7D3918-F780-4562-88D9-AA34FE9531CC}.Release|x86.ActiveCfg = Release|Win32
		{FB7D3918-F780-4562-88D9-AA34FE9531CC}.Release|x86.Build.0 = Release|Win32
		{5825542F-3A2E-43CB-8151-7090E68CD5C9}.Debug|x64.ActiveCfg = Debug|x64
		{5825542F-3A2E-43CB-8151-7090E68CD5C9}.Debug|x64.Build.0 = Debug|x64
		{5825542F-3A2E-43CB-8151-7090E68CD5C9}.Debug|x86.ActiveCfg = Debug|Win32
		{5825542F-3A2E-43CB-8151-7090E68CD5C9}.Debug|x86.Build.0 = Debug|Win32
		{5825542F-3A2E-43CB-8151-7090E68CD5C9}.Release|x64.ActiveCfg = Release|x64
		{5825542F-3A2E-43CB-8151-7090E68CD5C9}.Release|x64.Build.0 = Release|x64
		{5825542F-3A2E-43CB-8151-7090E68CD5C9}.Release|x86.ActiveCfg = Release|Win32
		{5825542F-3A2E-43CB-8151-7090E68CD5C9}.Release|x86.Build.0 = Release|Win32
		{0D205B7E-72ED-4B70-B053-390A6249492B}.Debug|x64.ActiveCfg = Debug|x64
		{0D205B7E-72ED-4B70-B053-390A6249492B}.Debug|x64.Build.0 = Debug|x64
		{0D205B7E-72ED-4B70-B053-390A6249492B}.Debug|x86.ActiveCfg = Debug|Win32
		{0D205B7E-72ED-4B70-B053-390A6249492B}.Debug|x86.Build.0 = Debug|Win32
		{0D205B7E-72ED-4B70-B053-390A6249492B}.Release|x64.ActiveCfg = Release|x64
		{0D205B7E-72ED-4B70-B053-390A6249492B}.Release|x64.Build.0 = Release|x64
		{0D205B7E-72ED-4B70-B053-390A6249492B}.Release|x86.ActiveCfg = Release|Win32
		{0D205B7E-72ED-4B70-B053-390A6249492B}.Release|x86.Build.0 = Release|Win32
	EndGlobalSection
	GlobalSection(SolutionProperties) = preSolution
		HideSolutionNode = FALSE
	EndGlobalSection
	GlobalSection(ExtensibilityGlobals) = postSolution
		SolutionGuid = {68F7FEB5-0F65-4B46-A17C-AF7F07D11217}
	EndGlobalSection
EndGlobal
