
Microsoft Visual Studio Solution File, Format Version 12.00
# Visual Studio Version 17
VisualStudioVersion = 17.6.33723.286
MinimumVisualStudioVersion = 10.0.40219.1
Project("{8BC9CEB8-8B4A-11D0-8D11-00A0C91BC942}") = "Q13549_Hide_Seek_3_G5", "Q13549_Hide_Seek_3_G5\Q13549_Hide_Seek_3_G5.vcxproj", "{E1C2C284-D301-42ED-AA52-094D2927A3D5}"
EndProject
Project("{8BC9CEB8-8B4A-11D0-8D11-00A0C91BC942}") = "Q7569_TOMATO_G5", "Q7569_TOMATO_G5\Q7569_TOMATO_G5.vcxproj", "{89B2AAD5-D1DB-494B-BAD9-1C4DF5CC9944}"
EndProject
Project("{8BC9CEB8-8B4A-11D0-8D11-00A0C91BC942}") = "Q10026_Color_Blindness_G5", "Q10026_Color_Blindness_G5\Q10026_Color_Blindness_G5.vcxproj", "{F9A2EE3A-96B2-482C-9BEF-FB975045135A}"
EndProject
Project("{8BC9CEB8-8B4A-11D0-8D11-00A0C91BC942}") = "Q16928_Snakes_and_Ladders_G5", "Q16928_Snakes_and_Ladders_G5\Q16928_Snakes_and_Ladders_G5.vcxproj", "{A32D27BA-7ACB-4C56-A565-AA251B827DA0}"
EndProject
Project("{8BC9CEB8-8B4A-11D0-8D11-00A0C91BC942}") = "Q14502_LAB_G4", "Q14502_LAB_G4\Q14502_LAB_G4.vcxproj", "{1DA4FBB1-5CBF-471A-8CF6-9738A8939469}"
EndProject
Project("{8BC9CEB8-8B4A-11D0-8D11-00A0C91BC942}") = "Q2573_ICEBERG_G4", "Q2573_ICEBERG_G4\Q2573_ICEBERG_G4.vcxproj", "{37898310-11B8-4626-8993-D70A88C7AFA6}"
EndProject
Project("{8BC9CEB8-8B4A-11D0-8D11-00A0C91BC942}") = "Q1707_Bipartite_Graph_G4", "Q1707_Bipartite_Graph_G4\Q1707_Bipartite_Graph_G4.vcxproj", "{72ECC9BF-4FBF-49C8-BB6D-EC17F1F181BB}"
EndProject
Project("{8BC9CEB8-8B4A-11D0-8D11-00A0C91BC942}") = "Q9019_DSLR_G4", "Q9019_DSLR_G4\Q9019_DSLR_G4.vcxproj", "{A6F8E4F7-7270-4998-A212-E4C85E6D44BC}"
EndProject
Project("{8BC9CEB8-8B4A-11D0-8D11-00A0C91BC942}") = "Q16236_Baby_Shark_G3", "Q16236_Baby_Shark_G3\Q16236_Baby_Shark_G3.vcxproj", "{2168C96B-3D75-402A-97EC-002DE1766C76}"
EndProject
Project("{8BC9CEB8-8B4A-11D0-8D11-00A0C91BC942}") = "Q1939_Weight_Limit_G3", "Q1939_Weight_Limit_G3\Q1939_Weight_Limit_G3.vcxproj", "{A39CBC56-7E95-428D-AC7A-563DDB2C83A2}"
EndProject
Global
	GlobalSection(SolutionConfigurationPlatforms) = preSolution
		Debug|x64 = Debug|x64
		Debug|x86 = Debug|x86
		Release|x64 = Release|x64
		Release|x86 = Release|x86
	EndGlobalSection
	GlobalSection(ProjectConfigurationPlatforms) = postSolution
		{E1C2C284-D301-42ED-AA52-094D2927A3D5}.Debug|x64.ActiveCfg = Debug|x64
		{E1C2C284-D301-42ED-AA52-094D2927A3D5}.Debug|x64.Build.0 = Debug|x64
		{E1C2C284-D301-42ED-AA52-094D2927A3D5}.Debug|x86.ActiveCfg = Debug|Win32
		{E1C2C284-D301-42ED-AA52-094D2927A3D5}.Debug|x86.Build.0 = Debug|Win32
		{E1C2C284-D301-42ED-AA52-094D2927A3D5}.Release|x64.ActiveCfg = Release|x64
		{E1C2C284-D301-42ED-AA52-094D2927A3D5}.Release|x64.Build.0 = Release|x64
		{E1C2C284-D301-42ED-AA52-094D2927A3D5}.Release|x86.ActiveCfg = Release|Win32
		{E1C2C284-D301-42ED-AA52-094D2927A3D5}.Release|x86.Build.0 = Release|Win32
		{89B2AAD5-D1DB-494B-BAD9-1C4DF5CC9944}.Debug|x64.ActiveCfg = Debug|x64
		{89B2AAD5-D1DB-494B-BAD9-1C4DF5CC9944}.Debug|x64.Build.0 = Debug|x64
		{89B2AAD5-D1DB-494B-BAD9-1C4DF5CC9944}.Debug|x86.ActiveCfg = Debug|Win32
		{89B2AAD5-D1DB-494B-BAD9-1C4DF5CC9944}.Debug|x86.Build.0 = Debug|Win32
		{89B2AAD5-D1DB-494B-BAD9-1C4DF5CC9944}.Release|x64.ActiveCfg = Release|x64
		{89B2AAD5-D1DB-494B-BAD9-1C4DF5CC9944}.Release|x64.Build.0 = Release|x64
		{89B2AAD5-D1DB-494B-BAD9-1C4DF5CC9944}.Release|x86.ActiveCfg = Release|Win32
		{89B2AAD5-D1DB-494B-BAD9-1C4DF5CC9944}.Release|x86.Build.0 = Release|Win32
		{F9A2EE3A-96B2-482C-9BEF-FB975045135A}.Debug|x64.ActiveCfg = Debug|x64
		{F9A2EE3A-96B2-482C-9BEF-FB975045135A}.Debug|x64.Build.0 = Debug|x64
		{F9A2EE3A-96B2-482C-9BEF-FB975045135A}.Debug|x86.ActiveCfg = Debug|Win32
		{F9A2EE3A-96B2-482C-9BEF-FB975045135A}.Debug|x86.Build.0 = Debug|Win32
		{F9A2EE3A-96B2-482C-9BEF-FB975045135A}.Release|x64.ActiveCfg = Release|x64
		{F9A2EE3A-96B2-482C-9BEF-FB975045135A}.Release|x64.Build.0 = Release|x64
		{F9A2EE3A-96B2-482C-9BEF-FB975045135A}.Release|x86.ActiveCfg = Release|Win32
		{F9A2EE3A-96B2-482C-9BEF-FB975045135A}.Release|x86.Build.0 = Release|Win32
		{A32D27BA-7ACB-4C56-A565-AA251B827DA0}.Debug|x64.ActiveCfg = Debug|x64
		{A32D27BA-7ACB-4C56-A565-AA251B827DA0}.Debug|x64.Build.0 = Debug|x64
		{A32D27BA-7ACB-4C56-A565-AA251B827DA0}.Debug|x86.ActiveCfg = Debug|Win32
		{A32D27BA-7ACB-4C56-A565-AA251B827DA0}.Debug|x86.Build.0 = Debug|Win32
		{A32D27BA-7ACB-4C56-A565-AA251B827DA0}.Release|x64.ActiveCfg = Release|x64
		{A32D27BA-7ACB-4C56-A565-AA251B827DA0}.Release|x64.Build.0 = Release|x64
		{A32D27BA-7ACB-4C56-A565-AA251B827DA0}.Release|x86.ActiveCfg = Release|Win32
		{A32D27BA-7ACB-4C56-A565-AA251B827DA0}.Release|x86.Build.0 = Release|Win32
		{1DA4FBB1-5CBF-471A-8CF6-9738A8939469}.Debug|x64.ActiveCfg = Debug|x64
		{1DA4FBB1-5CBF-471A-8CF6-9738A8939469}.Debug|x64.Build.0 = Debug|x64
		{1DA4FBB1-5CBF-471A-8CF6-9738A8939469}.Debug|x86.ActiveCfg = Debug|Win32
		{1DA4FBB1-5CBF-471A-8CF6-9738A8939469}.Debug|x86.Build.0 = Debug|Win32
		{1DA4FBB1-5CBF-471A-8CF6-9738A8939469}.Release|x64.ActiveCfg = Release|x64
		{1DA4FBB1-5CBF-471A-8CF6-9738A8939469}.Release|x64.Build.0 = Release|x64
		{1DA4FBB1-5CBF-471A-8CF6-9738A8939469}.Release|x86.ActiveCfg = Release|Win32
		{1DA4FBB1-5CBF-471A-8CF6-9738A8939469}.Release|x86.Build.0 = Release|Win32
		{37898310-11B8-4626-8993-D70A88C7AFA6}.Debug|x64.ActiveCfg = Debug|x64
		{37898310-11B8-4626-8993-D70A88C7AFA6}.Debug|x64.Build.0 = Debug|x64
		{37898310-11B8-4626-8993-D70A88C7AFA6}.Debug|x86.ActiveCfg = Debug|Win32
		{37898310-11B8-4626-8993-D70A88C7AFA6}.Debug|x86.Build.0 = Debug|Win32
		{37898310-11B8-4626-8993-D70A88C7AFA6}.Release|x64.ActiveCfg = Release|x64
		{37898310-11B8-4626-8993-D70A88C7AFA6}.Release|x64.Build.0 = Release|x64
		{37898310-11B8-4626-8993-D70A88C7AFA6}.Release|x86.ActiveCfg = Release|Win32
		{37898310-11B8-4626-8993-D70A88C7AFA6}.Release|x86.Build.0 = Release|Win32
		{72ECC9BF-4FBF-49C8-BB6D-EC17F1F181BB}.Debug|x64.ActiveCfg = Debug|x64
		{72ECC9BF-4FBF-49C8-BB6D-EC17F1F181BB}.Debug|x64.Build.0 = Debug|x64
		{72ECC9BF-4FBF-49C8-BB6D-EC17F1F181BB}.Debug|x86.ActiveCfg = Debug|Win32
		{72ECC9BF-4FBF-49C8-BB6D-EC17F1F181BB}.Debug|x86.Build.0 = Debug|Win32
		{72ECC9BF-4FBF-49C8-BB6D-EC17F1F181BB}.Release|x64.ActiveCfg = Release|x64
		{72ECC9BF-4FBF-49C8-BB6D-EC17F1F181BB}.Release|x64.Build.0 = Release|x64
		{72ECC9BF-4FBF-49C8-BB6D-EC17F1F181BB}.Release|x86.ActiveCfg = Release|Win32
		{72ECC9BF-4FBF-49C8-BB6D-EC17F1F181BB}.Release|x86.Build.0 = Release|Win32
		{A6F8E4F7-7270-4998-A212-E4C85E6D44BC}.Debug|x64.ActiveCfg = Debug|x64
		{A6F8E4F7-7270-4998-A212-E4C85E6D44BC}.Debug|x64.Build.0 = Debug|x64
		{A6F8E4F7-7270-4998-A212-E4C85E6D44BC}.Debug|x86.ActiveCfg = Debug|Win32
		{A6F8E4F7-7270-4998-A212-E4C85E6D44BC}.Debug|x86.Build.0 = Debug|Win32
		{A6F8E4F7-7270-4998-A212-E4C85E6D44BC}.Release|x64.ActiveCfg = Release|x64
		{A6F8E4F7-7270-4998-A212-E4C85E6D44BC}.Release|x64.Build.0 = Release|x64
		{A6F8E4F7-7270-4998-A212-E4C85E6D44BC}.Release|x86.ActiveCfg = Release|Win32
		{A6F8E4F7-7270-4998-A212-E4C85E6D44BC}.Release|x86.Build.0 = Release|Win32
		{2168C96B-3D75-402A-97EC-002DE1766C76}.Debug|x64.ActiveCfg = Debug|x64
		{2168C96B-3D75-402A-97EC-002DE1766C76}.Debug|x64.Build.0 = Debug|x64
		{2168C96B-3D75-402A-97EC-002DE1766C76}.Debug|x86.ActiveCfg = Debug|Win32
		{2168C96B-3D75-402A-97EC-002DE1766C76}.Debug|x86.Build.0 = Debug|Win32
		{2168C96B-3D75-402A-97EC-002DE1766C76}.Release|x64.ActiveCfg = Release|x64
		{2168C96B-3D75-402A-97EC-002DE1766C76}.Release|x64.Build.0 = Release|x64
		{2168C96B-3D75-402A-97EC-002DE1766C76}.Release|x86.ActiveCfg = Release|Win32
		{2168C96B-3D75-402A-97EC-002DE1766C76}.Release|x86.Build.0 = Release|Win32
		{A39CBC56-7E95-428D-AC7A-563DDB2C83A2}.Debug|x64.ActiveCfg = Debug|x64
		{A39CBC56-7E95-428D-AC7A-563DDB2C83A2}.Debug|x64.Build.0 = Debug|x64
		{A39CBC56-7E95-428D-AC7A-563DDB2C83A2}.Debug|x86.ActiveCfg = Debug|Win32
		{A39CBC56-7E95-428D-AC7A-563DDB2C83A2}.Debug|x86.Build.0 = Debug|Win32
		{A39CBC56-7E95-428D-AC7A-563DDB2C83A2}.Release|x64.ActiveCfg = Release|x64
		{A39CBC56-7E95-428D-AC7A-563DDB2C83A2}.Release|x64.Build.0 = Release|x64
		{A39CBC56-7E95-428D-AC7A-563DDB2C83A2}.Release|x86.ActiveCfg = Release|Win32
		{A39CBC56-7E95-428D-AC7A-563DDB2C83A2}.Release|x86.Build.0 = Release|Win32
	EndGlobalSection
	GlobalSection(SolutionProperties) = preSolution
		HideSolutionNode = FALSE
	EndGlobalSection
	GlobalSection(ExtensibilityGlobals) = postSolution
		SolutionGuid = {04EEFC69-2DD7-4331-9C0B-9B0EC4E7B4E2}
	EndGlobalSection
EndGlobal
