
Microsoft Visual Studio Solution File, Format Version 12.00
# Visual Studio Version 17
VisualStudioVersion = 17.6.33723.286
MinimumVisualStudioVersion = 10.0.40219.1
Project("{8BC9CEB8-8B4A-11D0-8D11-00A0C91BC942}") = "Q1697_Seek_S1", "Q1697_Seek_S1\Q1697_Seek_S1.vcxproj", "{DB168D5A-F684-46C0-8472-3F95CEA3D57C}"
EndProject
Project("{8BC9CEB8-8B4A-11D0-8D11-00A0C91BC942}") = "Q2178_Maze_S1", "Q2178_Maze_S1\Q2178_Maze_S1.vcxproj", "{46640FD9-FE9A-4E17-A0D4-47628D946B66}"
EndProject
Project("{8BC9CEB8-8B4A-11D0-8D11-00A0C91BC942}") = "Q14502_Lab_G4", "Q14502_Lab_G4\Q14502_Lab_G4.vcxproj", "{5EA4E4F4-7B20-42F8-8A84-6E9796B637F3}"
EndProject
Project("{8BC9CEB8-8B4A-11D0-8D11-00A0C91BC942}") = "Q7569_Tomato_G5", "Q7569_Tomato_G5\Q7569_Tomato_G5.vcxproj", "{0A645FA9-028F-47DA-B6EA-AB43BD72FAA0}"
EndProject
Project("{8BC9CEB8-8B4A-11D0-8D11-00A0C91BC942}") = "Q7576_Tomato_G5", "Q7576_Tomato_G5\Q7576_Tomato_G5.vcxproj", "{ABF0FCF7-BB5E-4567-B172-5454A2E503F1}"
EndProject
Project("{8BC9CEB8-8B4A-11D0-8D11-00A0C91BC942}") = "Q7562_Knight_S1", "Q7562_Knight_S1\Q7562_Knight_S1.vcxproj", "{72B6D35C-C353-46FC-8824-E4B7B2603568}"
EndProject
Project("{8BC9CEB8-8B4A-11D0-8D11-00A0C91BC942}") = "Q2206_Wall_G3", "Q2206_Wall_G3\Q2206_Wall_G3.vcxproj", "{AE630BF3-1400-4C92-A87F-3F2DE8DD9DC1}"
EndProject
Project("{8BC9CEB8-8B4A-11D0-8D11-00A0C91BC942}") = "Q16236_Shark_G3", "Q16236_Shark_G3\Q16236_Shark_G3.vcxproj", "{19C96097-B2CA-4C12-A438-6B94D236F1B6}"
EndProject
Project("{8BC9CEB8-8B4A-11D0-8D11-00A0C91BC942}") = "Q16234_Population_G4", "Q16234_Population_G4\Q16234_Population_G4.vcxproj", "{33B33122-7EAF-4B22-B03F-F17AF2467CA0}"
EndProject
Project("{8BC9CEB8-8B4A-11D0-8D11-00A0C91BC942}") = "Q13460_Bead_2_G1", "Q13460_Bead_2_G1\Q13460_Bead_2_G1.vcxproj", "{45140212-8236-4008-939B-6D3D961B7E7F}"
EndProject
Project("{8BC9CEB8-8B4A-11D0-8D11-00A0C91BC942}") = "Q3055_Escape_G4", "Q3055_Escape_G4\Q3055_Escape_G4.vcxproj", "{6572E81A-487C-4B68-8F01-3DDD9BF853C4}"
EndProject
Project("{8BC9CEB8-8B4A-11D0-8D11-00A0C91BC942}") = "Q9019_DSLR_G4", "Q9019_DSLR_G4\Q9019_DSLR_G4.vcxproj", "{244405D1-9623-460F-98BB-AA52445763A2}"
EndProject
Global
	GlobalSection(SolutionConfigurationPlatforms) = preSolution
		Debug|x64 = Debug|x64
		Debug|x86 = Debug|x86
		Release|x64 = Release|x64
		Release|x86 = Release|x86
	EndGlobalSection
	GlobalSection(ProjectConfigurationPlatforms) = postSolution
		{DB168D5A-F684-46C0-8472-3F95CEA3D57C}.Debug|x64.ActiveCfg = Debug|x64
		{DB168D5A-F684-46C0-8472-3F95CEA3D57C}.Debug|x64.Build.0 = Debug|x64
		{DB168D5A-F684-46C0-8472-3F95CEA3D57C}.Debug|x86.ActiveCfg = Debug|Win32
		{DB168D5A-F684-46C0-8472-3F95CEA3D57C}.Debug|x86.Build.0 = Debug|Win32
		{DB168D5A-F684-46C0-8472-3F95CEA3D57C}.Release|x64.ActiveCfg = Release|x64
		{DB168D5A-F684-46C0-8472-3F95CEA3D57C}.Release|x64.Build.0 = Release|x64
		{DB168D5A-F684-46C0-8472-3F95CEA3D57C}.Release|x86.ActiveCfg = Release|Win32
		{DB168D5A-F684-46C0-8472-3F95CEA3D57C}.Release|x86.Build.0 = Release|Win32
		{46640FD9-FE9A-4E17-A0D4-47628D946B66}.Debug|x64.ActiveCfg = Debug|x64
		{46640FD9-FE9A-4E17-A0D4-47628D946B66}.Debug|x64.Build.0 = Debug|x64
		{46640FD9-FE9A-4E17-A0D4-47628D946B66}.Debug|x86.ActiveCfg = Debug|Win32
		{46640FD9-FE9A-4E17-A0D4-47628D946B66}.Debug|x86.Build.0 = Debug|Win32
		{46640FD9-FE9A-4E17-A0D4-47628D946B66}.Release|x64.ActiveCfg = Release|x64
		{46640FD9-FE9A-4E17-A0D4-47628D946B66}.Release|x64.Build.0 = Release|x64
		{46640FD9-FE9A-4E17-A0D4-47628D946B66}.Release|x86.ActiveCfg = Release|Win32
		{46640FD9-FE9A-4E17-A0D4-47628D946B66}.Release|x86.Build.0 = Release|Win32
		{5EA4E4F4-7B20-42F8-8A84-6E9796B637F3}.Debug|x64.ActiveCfg = Debug|x64
		{5EA4E4F4-7B20-42F8-8A84-6E9796B637F3}.Debug|x64.Build.0 = Debug|x64
		{5EA4E4F4-7B20-42F8-8A84-6E9796B637F3}.Debug|x86.ActiveCfg = Debug|Win32
		{5EA4E4F4-7B20-42F8-8A84-6E9796B637F3}.Debug|x86.Build.0 = Debug|Win32
		{5EA4E4F4-7B20-42F8-8A84-6E9796B637F3}.Release|x64.ActiveCfg = Release|x64
		{5EA4E4F4-7B20-42F8-8A84-6E9796B637F3}.Release|x64.Build.0 = Release|x64
		{5EA4E4F4-7B20-42F8-8A84-6E9796B637F3}.Release|x86.ActiveCfg = Release|Win32
		{5EA4E4F4-7B20-42F8-8A84-6E9796B637F3}.Release|x86.Build.0 = Release|Win32
		{0A645FA9-028F-47DA-B6EA-AB43BD72FAA0}.Debug|x64.ActiveCfg = Debug|x64
		{0A645FA9-028F-47DA-B6EA-AB43BD72FAA0}.Debug|x64.Build.0 = Debug|x64
		{0A645FA9-028F-47DA-B6EA-AB43BD72FAA0}.Debug|x86.ActiveCfg = Debug|Win32
		{0A645FA9-028F-47DA-B6EA-AB43BD72FAA0}.Debug|x86.Build.0 = Debug|Win32
		{0A645FA9-028F-47DA-B6EA-AB43BD72FAA0}.Release|x64.ActiveCfg = Release|x64
		{0A645FA9-028F-47DA-B6EA-AB43BD72FAA0}.Release|x64.Build.0 = Release|x64
		{0A645FA9-028F-47DA-B6EA-AB43BD72FAA0}.Release|x86.ActiveCfg = Release|Win32
		{0A645FA9-028F-47DA-B6EA-AB43BD72FAA0}.Release|x86.Build.0 = Release|Win32
		{ABF0FCF7-BB5E-4567-B172-5454A2E503F1}.Debug|x64.ActiveCfg = Debug|x64
		{ABF0FCF7-BB5E-4567-B172-5454A2E503F1}.Debug|x64.Build.0 = Debug|x64
		{ABF0FCF7-BB5E-4567-B172-5454A2E503F1}.Debug|x86.ActiveCfg = Debug|Win32
		{ABF0FCF7-BB5E-4567-B172-5454A2E503F1}.Debug|x86.Build.0 = Debug|Win32
		{ABF0FCF7-BB5E-4567-B172-5454A2E503F1}.Release|x64.ActiveCfg = Release|x64
		{ABF0FCF7-BB5E-4567-B172-5454A2E503F1}.Release|x64.Build.0 = Release|x64
		{ABF0FCF7-BB5E-4567-B172-5454A2E503F1}.Release|x86.ActiveCfg = Release|Win32
		{ABF0FCF7-BB5E-4567-B172-5454A2E503F1}.Release|x86.Build.0 = Release|Win32
		{72B6D35C-C353-46FC-8824-E4B7B2603568}.Debug|x64.ActiveCfg = Debug|x64
		{72B6D35C-C353-46FC-8824-E4B7B2603568}.Debug|x64.Build.0 = Debug|x64
		{72B6D35C-C353-46FC-8824-E4B7B2603568}.Debug|x86.ActiveCfg = Debug|Win32
		{72B6D35C-C353-46FC-8824-E4B7B2603568}.Debug|x86.Build.0 = Debug|Win32
		{72B6D35C-C353-46FC-8824-E4B7B2603568}.Release|x64.ActiveCfg = Release|x64
		{72B6D35C-C353-46FC-8824-E4B7B2603568}.Release|x64.Build.0 = Release|x64
		{72B6D35C-C353-46FC-8824-E4B7B2603568}.Release|x86.ActiveCfg = Release|Win32
		{72B6D35C-C353-46FC-8824-E4B7B2603568}.Release|x86.Build.0 = Release|Win32
		{AE630BF3-1400-4C92-A87F-3F2DE8DD9DC1}.Debug|x64.ActiveCfg = Debug|x64
		{AE630BF3-1400-4C92-A87F-3F2DE8DD9DC1}.Debug|x64.Build.0 = Debug|x64
		{AE630BF3-1400-4C92-A87F-3F2DE8DD9DC1}.Debug|x86.ActiveCfg = Debug|Win32
		{AE630BF3-1400-4C92-A87F-3F2DE8DD9DC1}.Debug|x86.Build.0 = Debug|Win32
		{AE630BF3-1400-4C92-A87F-3F2DE8DD9DC1}.Release|x64.ActiveCfg = Release|x64
		{AE630BF3-1400-4C92-A87F-3F2DE8DD9DC1}.Release|x64.Build.0 = Release|x64
		{AE630BF3-1400-4C92-A87F-3F2DE8DD9DC1}.Release|x86.ActiveCfg = Release|Win32
		{AE630BF3-1400-4C92-A87F-3F2DE8DD9DC1}.Release|x86.Build.0 = Release|Win32
		{19C96097-B2CA-4C12-A438-6B94D236F1B6}.Debug|x64.ActiveCfg = Debug|x64
		{19C96097-B2CA-4C12-A438-6B94D236F1B6}.Debug|x64.Build.0 = Debug|x64
		{19C96097-B2CA-4C12-A438-6B94D236F1B6}.Debug|x86.ActiveCfg = Debug|Win32
		{19C96097-B2CA-4C12-A438-6B94D236F1B6}.Debug|x86.Build.0 = Debug|Win32
		{19C96097-B2CA-4C12-A438-6B94D236F1B6}.Release|x64.ActiveCfg = Release|x64
		{19C96097-B2CA-4C12-A438-6B94D236F1B6}.Release|x64.Build.0 = Release|x64
		{19C96097-B2CA-4C12-A438-6B94D236F1B6}.Release|x86.ActiveCfg = Release|Win32
		{19C96097-B2CA-4C12-A438-6B94D236F1B6}.Release|x86.Build.0 = Release|Win32
		{33B33122-7EAF-4B22-B03F-F17AF2467CA0}.Debug|x64.ActiveCfg = Debug|x64
		{33B33122-7EAF-4B22-B03F-F17AF2467CA0}.Debug|x64.Build.0 = Debug|x64
		{33B33122-7EAF-4B22-B03F-F17AF2467CA0}.Debug|x86.ActiveCfg = Debug|Win32
		{33B33122-7EAF-4B22-B03F-F17AF2467CA0}.Debug|x86.Build.0 = Debug|Win32
		{33B33122-7EAF-4B22-B03F-F17AF2467CA0}.Release|x64.ActiveCfg = Release|x64
		{33B33122-7EAF-4B22-B03F-F17AF2467CA0}.Release|x64.Build.0 = Release|x64
		{33B33122-7EAF-4B22-B03F-F17AF2467CA0}.Release|x86.ActiveCfg = Release|Win32
		{33B33122-7EAF-4B22-B03F-F17AF2467CA0}.Release|x86.Build.0 = Release|Win32
		{45140212-8236-4008-939B-6D3D961B7E7F}.Debug|x64.ActiveCfg = Debug|x64
		{45140212-8236-4008-939B-6D3D961B7E7F}.Debug|x64.Build.0 = Debug|x64
		{45140212-8236-4008-939B-6D3D961B7E7F}.Debug|x86.ActiveCfg = Debug|Win32
		{45140212-8236-4008-939B-6D3D961B7E7F}.Debug|x86.Build.0 = Debug|Win32
		{45140212-8236-4008-939B-6D3D961B7E7F}.Release|x64.ActiveCfg = Release|x64
		{45140212-8236-4008-939B-6D3D961B7E7F}.Release|x64.Build.0 = Release|x64
		{45140212-8236-4008-939B-6D3D961B7E7F}.Release|x86.ActiveCfg = Release|Win32
		{45140212-8236-4008-939B-6D3D961B7E7F}.Release|x86.Build.0 = Release|Win32
		{6572E81A-487C-4B68-8F01-3DDD9BF853C4}.Debug|x64.ActiveCfg = Debug|x64
		{6572E81A-487C-4B68-8F01-3DDD9BF853C4}.Debug|x64.Build.0 = Debug|x64
		{6572E81A-487C-4B68-8F01-3DDD9BF853C4}.Debug|x86.ActiveCfg = Debug|Win32
		{6572E81A-487C-4B68-8F01-3DDD9BF853C4}.Debug|x86.Build.0 = Debug|Win32
		{6572E81A-487C-4B68-8F01-3DDD9BF853C4}.Release|x64.ActiveCfg = Release|x64
		{6572E81A-487C-4B68-8F01-3DDD9BF853C4}.Release|x64.Build.0 = Release|x64
		{6572E81A-487C-4B68-8F01-3DDD9BF853C4}.Release|x86.ActiveCfg = Release|Win32
		{6572E81A-487C-4B68-8F01-3DDD9BF853C4}.Release|x86.Build.0 = Release|Win32
		{244405D1-9623-460F-98BB-AA52445763A2}.Debug|x64.ActiveCfg = Debug|x64
		{244405D1-9623-460F-98BB-AA52445763A2}.Debug|x64.Build.0 = Debug|x64
		{244405D1-9623-460F-98BB-AA52445763A2}.Debug|x86.ActiveCfg = Debug|Win32
		{244405D1-9623-460F-98BB-AA52445763A2}.Debug|x86.Build.0 = Debug|Win32
		{244405D1-9623-460F-98BB-AA52445763A2}.Release|x64.ActiveCfg = Release|x64
		{244405D1-9623-460F-98BB-AA52445763A2}.Release|x64.Build.0 = Release|x64
		{244405D1-9623-460F-98BB-AA52445763A2}.Release|x86.ActiveCfg = Release|Win32
		{244405D1-9623-460F-98BB-AA52445763A2}.Release|x86.Build.0 = Release|Win32
	EndGlobalSection
	GlobalSection(SolutionProperties) = preSolution
		HideSolutionNode = FALSE
	EndGlobalSection
	GlobalSection(ExtensibilityGlobals) = postSolution
		SolutionGuid = {04EEFC69-2DD7-4331-9C0B-9B0EC4E7B4E2}
	EndGlobalSection
EndGlobal
