
Microsoft Visual Studio Solution File, Format Version 12.00
# Visual Studio Version 17
VisualStudioVersion = 17.6.33829.357
MinimumVisualStudioVersion = 10.0.40219.1
Project("{8BC9CEB8-8B4A-11D0-8D11-00A0C91BC942}") = "Q11403_Find_S1", "Q11403_Find_S1\Q11403_Find_S1.vcxproj", "{43AC27A1-C6A9-443F-8065-26F6EB793756}"
EndProject
Project("{8BC9CEB8-8B4A-11D0-8D11-00A0C91BC942}") = "Q1916_Fee_G5", "Q1916_Fee_G5\Q1916_Fee_G5.vcxproj", "{A7BD34E4-07F6-4EDF-BEBB-E168FDDBCFEE}"
EndProject
Project("{8BC9CEB8-8B4A-11D0-8D11-00A0C91BC942}") = "Q13549_Hide_3_G5", "Q13549_Hide_3_G5\Q13549_Hide_3_G5.vcxproj", "{555AC659-C3F1-4C00-AC42-A36D20EFF48E}"
EndProject
Project("{8BC9CEB8-8B4A-11D0-8D11-00A0C91BC942}") = "Q1753_Path_G4", "Q1753_Path_G4\Q1753_Path_G4.vcxproj", "{DF658FFF-EB11-4A26-BCBE-0BDF9E8B995D}"
EndProject
Project("{8BC9CEB8-8B4A-11D0-8D11-00A0C91BC942}") = "Q1238_Party_G3", "Q1238_Party_G3\Q1238_Party_G3.vcxproj", "{587FCEBD-1488-4112-81F4-C713BDCAADD9}"
EndProject
Global
	GlobalSection(SolutionConfigurationPlatforms) = preSolution
		Debug|x64 = Debug|x64
		Debug|x86 = Debug|x86
		Release|x64 = Release|x64
		Release|x86 = Release|x86
	EndGlobalSection
	GlobalSection(ProjectConfigurationPlatforms) = postSolution
		{43AC27A1-C6A9-443F-8065-26F6EB793756}.Debug|x64.ActiveCfg = Debug|x64
		{43AC27A1-C6A9-443F-8065-26F6EB793756}.Debug|x64.Build.0 = Debug|x64
		{43AC27A1-C6A9-443F-8065-26F6EB793756}.Debug|x86.ActiveCfg = Debug|Win32
		{43AC27A1-C6A9-443F-8065-26F6EB793756}.Debug|x86.Build.0 = Debug|Win32
		{43AC27A1-C6A9-443F-8065-26F6EB793756}.Release|x64.ActiveCfg = Release|x64
		{43AC27A1-C6A9-443F-8065-26F6EB793756}.Release|x64.Build.0 = Release|x64
		{43AC27A1-C6A9-443F-8065-26F6EB793756}.Release|x86.ActiveCfg = Release|Win32
		{43AC27A1-C6A9-443F-8065-26F6EB793756}.Release|x86.Build.0 = Release|Win32
		{A7BD34E4-07F6-4EDF-BEBB-E168FDDBCFEE}.Debug|x64.ActiveCfg = Debug|x64
		{A7BD34E4-07F6-4EDF-BEBB-E168FDDBCFEE}.Debug|x64.Build.0 = Debug|x64
		{A7BD34E4-07F6-4EDF-BEBB-E168FDDBCFEE}.Debug|x86.ActiveCfg = Debug|Win32
		{A7BD34E4-07F6-4EDF-BEBB-E168FDDBCFEE}.Debug|x86.Build.0 = Debug|Win32
		{A7BD34E4-07F6-4EDF-BEBB-E168FDDBCFEE}.Release|x64.ActiveCfg = Release|x64
		{A7BD34E4-07F6-4EDF-BEBB-E168FDDBCFEE}.Release|x64.Build.0 = Release|x64
		{A7BD34E4-07F6-4EDF-BEBB-E168FDDBCFEE}.Release|x86.ActiveCfg = Release|Win32
		{A7BD34E4-07F6-4EDF-BEBB-E168FDDBCFEE}.Release|x86.Build.0 = Release|Win32
		{555AC659-C3F1-4C00-AC42-A36D20EFF48E}.Debug|x64.ActiveCfg = Debug|x64
		{555AC659-C3F1-4C00-AC42-A36D20EFF48E}.Debug|x64.Build.0 = Debug|x64
		{555AC659-C3F1-4C00-AC42-A36D20EFF48E}.Debug|x86.ActiveCfg = Debug|Win32
		{555AC659-C3F1-4C00-AC42-A36D20EFF48E}.Debug|x86.Build.0 = Debug|Win32
		{555AC659-C3F1-4C00-AC42-A36D20EFF48E}.Release|x64.ActiveCfg = Release|x64
		{555AC659-C3F1-4C00-AC42-A36D20EFF48E}.Release|x64.Build.0 = Release|x64
		{555AC659-C3F1-4C00-AC42-A36D20EFF48E}.Release|x86.ActiveCfg = Release|Win32
		{555AC659-C3F1-4C00-AC42-A36D20EFF48E}.Release|x86.Build.0 = Release|Win32
		{DF658FFF-EB11-4A26-BCBE-0BDF9E8B995D}.Debug|x64.ActiveCfg = Debug|x64
		{DF658FFF-EB11-4A26-BCBE-0BDF9E8B995D}.Debug|x64.Build.0 = Debug|x64
		{DF658FFF-EB11-4A26-BCBE-0BDF9E8B995D}.Debug|x86.ActiveCfg = Debug|Win32
		{DF658FFF-EB11-4A26-BCBE-0BDF9E8B995D}.Debug|x86.Build.0 = Debug|Win32
		{DF658FFF-EB11-4A26-BCBE-0BDF9E8B995D}.Release|x64.ActiveCfg = Release|x64
		{DF658FFF-EB11-4A26-BCBE-0BDF9E8B995D}.Release|x64.Build.0 = Release|x64
		{DF658FFF-EB11-4A26-BCBE-0BDF9E8B995D}.Release|x86.ActiveCfg = Release|Win32
		{DF658FFF-EB11-4A26-BCBE-0BDF9E8B995D}.Release|x86.Build.0 = Release|Win32
		{587FCEBD-1488-4112-81F4-C713BDCAADD9}.Debug|x64.ActiveCfg = Debug|x64
		{587FCEBD-1488-4112-81F4-C713BDCAADD9}.Debug|x64.Build.0 = Debug|x64
		{587FCEBD-1488-4112-81F4-C713BDCAADD9}.Debug|x86.ActiveCfg = Debug|Win32
		{587FCEBD-1488-4112-81F4-C713BDCAADD9}.Debug|x86.Build.0 = Debug|Win32
		{587FCEBD-1488-4112-81F4-C713BDCAADD9}.Release|x64.ActiveCfg = Release|x64
		{587FCEBD-1488-4112-81F4-C713BDCAADD9}.Release|x64.Build.0 = Release|x64
		{587FCEBD-1488-4112-81F4-C713BDCAADD9}.Release|x86.ActiveCfg = Release|Win32
		{587FCEBD-1488-4112-81F4-C713BDCAADD9}.Release|x86.Build.0 = Release|Win32
	EndGlobalSection
	GlobalSection(SolutionProperties) = preSolution
		HideSolutionNode = FALSE
	EndGlobalSection
	GlobalSection(ExtensibilityGlobals) = postSolution
		SolutionGuid = {E38BBAA6-E5C8-436D-8040-424B80E59C10}
	EndGlobalSection
EndGlobal
