
Microsoft Visual Studio Solution File, Format Version 12.00
# Visual Studio Version 17
VisualStudioVersion = 17.0.32112.339
MinimumVisualStudioVersion = 10.0.40219.1
Project("{8BC9CEB8-8B4A-11D0-8D11-00A0C91BC942}") = "2752_Sort_ThreeNumbers_B4", "2752_Sort_ThreeNumbers_B4\2752_Sort_ThreeNumbers.vcxproj", "{F991C479-7EA6-4930-A954-A936384ECD3A}"
EndProject
Project("{8BC9CEB8-8B4A-11D0-8D11-00A0C91BC942}") = "10610_30_S4", "10610_30_S4\10610_30.vcxproj", "{AE2F15F2-9F78-4DD7-9BA2-61DDF228698C}"
EndProject
Project("{8BC9CEB8-8B4A-11D0-8D11-00A0C91BC942}") = "11651_Sort_Coordinates_S5", "11651_Sort_Coordinates_S5\11651_Sort_Coordinates.vcxproj", "{9B13F223-4511-4EB4-83BA-C5821FC904E7}"
EndProject
Project("{8BC9CEB8-8B4A-11D0-8D11-00A0C91BC942}") = "1181_Sort_Words_S5", "1181_Sort_Words_S5\1181_Sort_Words.vcxproj", "{3C7B02D6-04B5-4023-92DD-7211B8789C28}"
EndProject
Project("{8BC9CEB8-8B4A-11D0-8D11-00A0C91BC942}") = "10814_Sort_by_Age_S5", "10814_Sort_by_Age_S5\10814_Sort_by_Age.vcxproj", "{DC4B4B74-55F9-45A5-9562-B03BA862A892}"
EndProject
Project("{8BC9CEB8-8B4A-11D0-8D11-00A0C91BC942}") = "11656_Suffix_Array_S4", "11656_Suffix_Array_S4\11656.vcxproj", "{61C81759-E196-4486-93D9-2DB42D1CF9FC}"
EndProject
Project("{8BC9CEB8-8B4A-11D0-8D11-00A0C91BC942}") = "Q1931_MeetingRoom_Assignment_S1", "1931_MeetingRoom_Assignment_S1\1931_Apportion_ConferenceRoom.vcxproj", "{843C8E78-8061-4349-84D2-CCC9CC1ADA30}"
EndProject
Global
	GlobalSection(SolutionConfigurationPlatforms) = preSolution
		Debug|x64 = Debug|x64
		Debug|x86 = Debug|x86
		Release|x64 = Release|x64
		Release|x86 = Release|x86
	EndGlobalSection
	GlobalSection(ProjectConfigurationPlatforms) = postSolution
		{F991C479-7EA6-4930-A954-A936384ECD3A}.Debug|x64.ActiveCfg = Debug|x64
		{F991C479-7EA6-4930-A954-A936384ECD3A}.Debug|x64.Build.0 = Debug|x64
		{F991C479-7EA6-4930-A954-A936384ECD3A}.Debug|x86.ActiveCfg = Debug|Win32
		{F991C479-7EA6-4930-A954-A936384ECD3A}.Debug|x86.Build.0 = Debug|Win32
		{F991C479-7EA6-4930-A954-A936384ECD3A}.Release|x64.ActiveCfg = Release|x64
		{F991C479-7EA6-4930-A954-A936384ECD3A}.Release|x64.Build.0 = Release|x64
		{F991C479-7EA6-4930-A954-A936384ECD3A}.Release|x86.ActiveCfg = Release|Win32
		{F991C479-7EA6-4930-A954-A936384ECD3A}.Release|x86.Build.0 = Release|Win32
		{AE2F15F2-9F78-4DD7-9BA2-61DDF228698C}.Debug|x64.ActiveCfg = Debug|x64
		{AE2F15F2-9F78-4DD7-9BA2-61DDF228698C}.Debug|x64.Build.0 = Debug|x64
		{AE2F15F2-9F78-4DD7-9BA2-61DDF228698C}.Debug|x86.ActiveCfg = Debug|Win32
		{AE2F15F2-9F78-4DD7-9BA2-61DDF228698C}.Debug|x86.Build.0 = Debug|Win32
		{AE2F15F2-9F78-4DD7-9BA2-61DDF228698C}.Release|x64.ActiveCfg = Release|x64
		{AE2F15F2-9F78-4DD7-9BA2-61DDF228698C}.Release|x64.Build.0 = Release|x64
		{AE2F15F2-9F78-4DD7-9BA2-61DDF228698C}.Release|x86.ActiveCfg = Release|Win32
		{AE2F15F2-9F78-4DD7-9BA2-61DDF228698C}.Release|x86.Build.0 = Release|Win32
		{9B13F223-4511-4EB4-83BA-C5821FC904E7}.Debug|x64.ActiveCfg = Debug|x64
		{9B13F223-4511-4EB4-83BA-C5821FC904E7}.Debug|x64.Build.0 = Debug|x64
		{9B13F223-4511-4EB4-83BA-C5821FC904E7}.Debug|x86.ActiveCfg = Debug|Win32
		{9B13F223-4511-4EB4-83BA-C5821FC904E7}.Debug|x86.Build.0 = Debug|Win32
		{9B13F223-4511-4EB4-83BA-C5821FC904E7}.Release|x64.ActiveCfg = Release|x64
		{9B13F223-4511-4EB4-83BA-C5821FC904E7}.Release|x64.Build.0 = Release|x64
		{9B13F223-4511-4EB4-83BA-C5821FC904E7}.Release|x86.ActiveCfg = Release|Win32
		{9B13F223-4511-4EB4-83BA-C5821FC904E7}.Release|x86.Build.0 = Release|Win32
		{3C7B02D6-04B5-4023-92DD-7211B8789C28}.Debug|x64.ActiveCfg = Debug|x64
		{3C7B02D6-04B5-4023-92DD-7211B8789C28}.Debug|x64.Build.0 = Debug|x64
		{3C7B02D6-04B5-4023-92DD-7211B8789C28}.Debug|x86.ActiveCfg = Debug|Win32
		{3C7B02D6-04B5-4023-92DD-7211B8789C28}.Debug|x86.Build.0 = Debug|Win32
		{3C7B02D6-04B5-4023-92DD-7211B8789C28}.Release|x64.ActiveCfg = Release|x64
		{3C7B02D6-04B5-4023-92DD-7211B8789C28}.Release|x64.Build.0 = Release|x64
		{3C7B02D6-04B5-4023-92DD-7211B8789C28}.Release|x86.ActiveCfg = Release|Win32
		{3C7B02D6-04B5-4023-92DD-7211B8789C28}.Release|x86.Build.0 = Release|Win32
		{DC4B4B74-55F9-45A5-9562-B03BA862A892}.Debug|x64.ActiveCfg = Debug|x64
		{DC4B4B74-55F9-45A5-9562-B03BA862A892}.Debug|x64.Build.0 = Debug|x64
		{DC4B4B74-55F9-45A5-9562-B03BA862A892}.Debug|x86.ActiveCfg = Debug|Win32
		{DC4B4B74-55F9-45A5-9562-B03BA862A892}.Debug|x86.Build.0 = Debug|Win32
		{DC4B4B74-55F9-45A5-9562-B03BA862A892}.Release|x64.ActiveCfg = Release|x64
		{DC4B4B74-55F9-45A5-9562-B03BA862A892}.Release|x64.Build.0 = Release|x64
		{DC4B4B74-55F9-45A5-9562-B03BA862A892}.Release|x86.ActiveCfg = Release|Win32
		{DC4B4B74-55F9-45A5-9562-B03BA862A892}.Release|x86.Build.0 = Release|Win32
		{61C81759-E196-4486-93D9-2DB42D1CF9FC}.Debug|x64.ActiveCfg = Debug|x64
		{61C81759-E196-4486-93D9-2DB42D1CF9FC}.Debug|x64.Build.0 = Debug|x64
		{61C81759-E196-4486-93D9-2DB42D1CF9FC}.Debug|x86.ActiveCfg = Debug|Win32
		{61C81759-E196-4486-93D9-2DB42D1CF9FC}.Debug|x86.Build.0 = Debug|Win32
		{61C81759-E196-4486-93D9-2DB42D1CF9FC}.Release|x64.ActiveCfg = Release|x64
		{61C81759-E196-4486-93D9-2DB42D1CF9FC}.Release|x64.Build.0 = Release|x64
		{61C81759-E196-4486-93D9-2DB42D1CF9FC}.Release|x86.ActiveCfg = Release|Win32
		{61C81759-E196-4486-93D9-2DB42D1CF9FC}.Release|x86.Build.0 = Release|Win32
		{843C8E78-8061-4349-84D2-CCC9CC1ADA30}.Debug|x64.ActiveCfg = Debug|x64
		{843C8E78-8061-4349-84D2-CCC9CC1ADA30}.Debug|x64.Build.0 = Debug|x64
		{843C8E78-8061-4349-84D2-CCC9CC1ADA30}.Debug|x86.ActiveCfg = Debug|Win32
		{843C8E78-8061-4349-84D2-CCC9CC1ADA30}.Debug|x86.Build.0 = Debug|Win32
		{843C8E78-8061-4349-84D2-CCC9CC1ADA30}.Release|x64.ActiveCfg = Release|x64
		{843C8E78-8061-4349-84D2-CCC9CC1ADA30}.Release|x64.Build.0 = Release|x64
		{843C8E78-8061-4349-84D2-CCC9CC1ADA30}.Release|x86.ActiveCfg = Release|Win32
		{843C8E78-8061-4349-84D2-CCC9CC1ADA30}.Release|x86.Build.0 = Release|Win32
	EndGlobalSection
	GlobalSection(SolutionProperties) = preSolution
		HideSolutionNode = FALSE
	EndGlobalSection
	GlobalSection(ExtensibilityGlobals) = postSolution
		SolutionGuid = {8470F163-F697-4BB5-AFAD-8E8CD6A48A8D}
	EndGlobalSection
EndGlobal
