
Microsoft Visual Studio Solution File, Format Version 12.00
# Visual Studio Version 17
VisualStudioVersion = 17.6.33723.286
MinimumVisualStudioVersion = 10.0.40219.1
Project("{8BC9CEB8-8B4A-11D0-8D11-00A0C91BC942}") = "Q9663_Queen_G4", "Q9663_Queen_G4\Q9663_Queen_G4.vcxproj", "{405D886B-04DF-4860-A536-66429C3D4D4B}"
EndProject
Project("{8BC9CEB8-8B4A-11D0-8D11-00A0C91BC942}") = "Q14889_Startlink_S1", "Q14889_Startlink_S1\Q14889_Startlink_S1.vcxproj", "{A29DC4C9-44F1-45DB-B9D5-14B57C297DBC}"
EndProject
Project("{8BC9CEB8-8B4A-11D0-8D11-00A0C91BC942}") = "Q15649_NM_1_S3", "Q15649_NM_1_S3\Q15649_NM_1_S3.vcxproj", "{579B939D-BEFE-42A4-B752-B811B5846D15}"
EndProject
Project("{8BC9CEB8-8B4A-11D0-8D11-00A0C91BC942}") = "Q15650_NM_2_S3", "Q15650_NM_2_S3\Q15650_NM_2_S3.vcxproj", "{63E46F14-CB34-4013-A9D4-ADAA85863D10}"
EndProject
Project("{8BC9CEB8-8B4A-11D0-8D11-00A0C91BC942}") = "Q15651_NM_3_S3", "Q15651_NM_3_S3\Q15651_NM_3_S3.vcxproj", "{3DD45CD0-8C65-4EB3-AA9B-99CD5F3D82A9}"
EndProject
Project("{8BC9CEB8-8B4A-11D0-8D11-00A0C91BC942}") = "Q15652_NM_4_S3", "Q15652_NM_4_S3\Q15652_NM_4_S3.vcxproj", "{D75DFDFD-5EFF-42EA-BE82-A636BDC0B00E}"
EndProject
Project("{8BC9CEB8-8B4A-11D0-8D11-00A0C91BC942}") = "Q15686_Chicken_G5", "Q15686_Chicken_G5\Q15686_Chicken_G5.vcxproj", "{A8AC0055-E03D-452F-9015-A4BC593BA99B}"
EndProject
Project("{8BC9CEB8-8B4A-11D0-8D11-00A0C91BC942}") = "Q1182_Subsequence_S2", "Q1182_Subsequence_S2\Q1182_Subsequence_S2.vcxproj", "{C9903F8F-B804-45BC-9D6B-224480F0D4D9}"
EndProject
Project("{8BC9CEB8-8B4A-11D0-8D11-00A0C91BC942}") = "Q1759_Password_G5", "Q1759_Password_G5\Q1759_Password_G5.vcxproj", "{4D2E3A03-DA9B-4D60-AC8C-F07E24AFC5BD}"
EndProject
Project("{8BC9CEB8-8B4A-11D0-8D11-00A0C91BC942}") = "Q15654_NM_5_S3", "Q15654_NM_5_S3\Q15654_NM_5_S3.vcxproj", "{C614E996-D6B4-43C9-8C1D-8A09D6F45BCF}"
EndProject
Project("{8BC9CEB8-8B4A-11D0-8D11-00A0C91BC942}") = "Q2580_Sudoku_G4", "Q2580_Sudoku_G4\Q2580_Sudoku_G4.vcxproj", "{805EE1FD-10CA-415E-80BE-8A8AB6709FFF}"
EndProject
Project("{8BC9CEB8-8B4A-11D0-8D11-00A0C91BC942}") = "Q12100_2048_Easy_G2", "Q12100_2048_Easy_G2\Q12100_2048_Easy_G2.vcxproj", "{0DF70018-5146-4C34-8B33-0B109EAF2239}"
EndProject
Project("{8BC9CEB8-8B4A-11D0-8D11-00A0C91BC942}") = "Q10819_Gap_S2", "Q10819_Gap_S2\Q10819_Gap_S2.vcxproj", "{F63540E7-1C33-40CA-9569-B9583808D370}"
EndProject
Project("{8BC9CEB8-8B4A-11D0-8D11-00A0C91BC942}") = "Q15683_CCTV_G4", "Q15683_CCTV_G4\Q15683_CCTV_G4.vcxproj", "{C9BEA224-0305-47F2-A9D3-2B5704AAA0DB}"
EndProject
Project("{8BC9CEB8-8B4A-11D0-8D11-00A0C91BC942}") = "Q15656_NM_7_S3", "Q15656_NM_7_S3\Q15656_NM_7_S3.vcxproj", "{18B56ECF-8464-4AFC-AA72-D8BEF5429FA9}"
EndProject
Project("{8BC9CEB8-8B4A-11D0-8D11-00A0C91BC942}") = "Q15657_NM_8_S3", "Q15657_NM_8_S3\Q15657_NM_8_S3.vcxproj", "{BC37EF08-2C6C-4E08-8D03-1D8FD80D443B}"
EndProject
Global
	GlobalSection(SolutionConfigurationPlatforms) = preSolution
		Debug|x64 = Debug|x64
		Debug|x86 = Debug|x86
		Release|x64 = Release|x64
		Release|x86 = Release|x86
	EndGlobalSection
	GlobalSection(ProjectConfigurationPlatforms) = postSolution
		{405D886B-04DF-4860-A536-66429C3D4D4B}.Debug|x64.ActiveCfg = Debug|x64
		{405D886B-04DF-4860-A536-66429C3D4D4B}.Debug|x64.Build.0 = Debug|x64
		{405D886B-04DF-4860-A536-66429C3D4D4B}.Debug|x86.ActiveCfg = Debug|Win32
		{405D886B-04DF-4860-A536-66429C3D4D4B}.Debug|x86.Build.0 = Debug|Win32
		{405D886B-04DF-4860-A536-66429C3D4D4B}.Release|x64.ActiveCfg = Release|x64
		{405D886B-04DF-4860-A536-66429C3D4D4B}.Release|x64.Build.0 = Release|x64
		{405D886B-04DF-4860-A536-66429C3D4D4B}.Release|x86.ActiveCfg = Release|Win32
		{405D886B-04DF-4860-A536-66429C3D4D4B}.Release|x86.Build.0 = Release|Win32
		{A29DC4C9-44F1-45DB-B9D5-14B57C297DBC}.Debug|x64.ActiveCfg = Debug|x64
		{A29DC4C9-44F1-45DB-B9D5-14B57C297DBC}.Debug|x64.Build.0 = Debug|x64
		{A29DC4C9-44F1-45DB-B9D5-14B57C297DBC}.Debug|x86.ActiveCfg = Debug|Win32
		{A29DC4C9-44F1-45DB-B9D5-14B57C297DBC}.Debug|x86.Build.0 = Debug|Win32
		{A29DC4C9-44F1-45DB-B9D5-14B57C297DBC}.Release|x64.ActiveCfg = Release|x64
		{A29DC4C9-44F1-45DB-B9D5-14B57C297DBC}.Release|x64.Build.0 = Release|x64
		{A29DC4C9-44F1-45DB-B9D5-14B57C297DBC}.Release|x86.ActiveCfg = Release|Win32
		{A29DC4C9-44F1-45DB-B9D5-14B57C297DBC}.Release|x86.Build.0 = Release|Win32
		{579B939D-BEFE-42A4-B752-B811B5846D15}.Debug|x64.ActiveCfg = Debug|x64
		{579B939D-BEFE-42A4-B752-B811B5846D15}.Debug|x64.Build.0 = Debug|x64
		{579B939D-BEFE-42A4-B752-B811B5846D15}.Debug|x86.ActiveCfg = Debug|Win32
		{579B939D-BEFE-42A4-B752-B811B5846D15}.Debug|x86.Build.0 = Debug|Win32
		{579B939D-BEFE-42A4-B752-B811B5846D15}.Release|x64.ActiveCfg = Release|x64
		{579B939D-BEFE-42A4-B752-B811B5846D15}.Release|x64.Build.0 = Release|x64
		{579B939D-BEFE-42A4-B752-B811B5846D15}.Release|x86.ActiveCfg = Release|Win32
		{579B939D-BEFE-42A4-B752-B811B5846D15}.Release|x86.Build.0 = Release|Win32
		{63E46F14-CB34-4013-A9D4-ADAA85863D10}.Debug|x64.ActiveCfg = Debug|x64
		{63E46F14-CB34-4013-A9D4-ADAA85863D10}.Debug|x64.Build.0 = Debug|x64
		{63E46F14-CB34-4013-A9D4-ADAA85863D10}.Debug|x86.ActiveCfg = Debug|Win32
		{63E46F14-CB34-4013-A9D4-ADAA85863D10}.Debug|x86.Build.0 = Debug|Win32
		{63E46F14-CB34-4013-A9D4-ADAA85863D10}.Release|x64.ActiveCfg = Release|x64
		{63E46F14-CB34-4013-A9D4-ADAA85863D10}.Release|x64.Build.0 = Release|x64
		{63E46F14-CB34-4013-A9D4-ADAA85863D10}.Release|x86.ActiveCfg = Release|Win32
		{63E46F14-CB34-4013-A9D4-ADAA85863D10}.Release|x86.Build.0 = Release|Win32
		{3DD45CD0-8C65-4EB3-AA9B-99CD5F3D82A9}.Debug|x64.ActiveCfg = Debug|x64
		{3DD45CD0-8C65-4EB3-AA9B-99CD5F3D82A9}.Debug|x64.Build.0 = Debug|x64
		{3DD45CD0-8C65-4EB3-AA9B-99CD5F3D82A9}.Debug|x86.ActiveCfg = Debug|Win32
		{3DD45CD0-8C65-4EB3-AA9B-99CD5F3D82A9}.Debug|x86.Build.0 = Debug|Win32
		{3DD45CD0-8C65-4EB3-AA9B-99CD5F3D82A9}.Release|x64.ActiveCfg = Release|x64
		{3DD45CD0-8C65-4EB3-AA9B-99CD5F3D82A9}.Release|x64.Build.0 = Release|x64
		{3DD45CD0-8C65-4EB3-AA9B-99CD5F3D82A9}.Release|x86.ActiveCfg = Release|Win32
		{3DD45CD0-8C65-4EB3-AA9B-99CD5F3D82A9}.Release|x86.Build.0 = Release|Win32
		{D75DFDFD-5EFF-42EA-BE82-A636BDC0B00E}.Debug|x64.ActiveCfg = Debug|x64
		{D75DFDFD-5EFF-42EA-BE82-A636BDC0B00E}.Debug|x64.Build.0 = Debug|x64
		{D75DFDFD-5EFF-42EA-BE82-A636BDC0B00E}.Debug|x86.ActiveCfg = Debug|Win32
		{D75DFDFD-5EFF-42EA-BE82-A636BDC0B00E}.Debug|x86.Build.0 = Debug|Win32
		{D75DFDFD-5EFF-42EA-BE82-A636BDC0B00E}.Release|x64.ActiveCfg = Release|x64
		{D75DFDFD-5EFF-42EA-BE82-A636BDC0B00E}.Release|x64.Build.0 = Release|x64
		{D75DFDFD-5EFF-42EA-BE82-A636BDC0B00E}.Release|x86.ActiveCfg = Release|Win32
		{D75DFDFD-5EFF-42EA-BE82-A636BDC0B00E}.Release|x86.Build.0 = Release|Win32
		{A8AC0055-E03D-452F-9015-A4BC593BA99B}.Debug|x64.ActiveCfg = Debug|x64
		{A8AC0055-E03D-452F-9015-A4BC593BA99B}.Debug|x64.Build.0 = Debug|x64
		{A8AC0055-E03D-452F-9015-A4BC593BA99B}.Debug|x86.ActiveCfg = Debug|Win32
		{A8AC0055-E03D-452F-9015-A4BC593BA99B}.Debug|x86.Build.0 = Debug|Win32
		{A8AC0055-E03D-452F-9015-A4BC593BA99B}.Release|x64.ActiveCfg = Release|x64
		{A8AC0055-E03D-452F-9015-A4BC593BA99B}.Release|x64.Build.0 = Release|x64
		{A8AC0055-E03D-452F-9015-A4BC593BA99B}.Release|x86.ActiveCfg = Release|Win32
		{A8AC0055-E03D-452F-9015-A4BC593BA99B}.Release|x86.Build.0 = Release|Win32
		{C9903F8F-B804-45BC-9D6B-224480F0D4D9}.Debug|x64.ActiveCfg = Debug|x64
		{C9903F8F-B804-45BC-9D6B-224480F0D4D9}.Debug|x64.Build.0 = Debug|x64
		{C9903F8F-B804-45BC-9D6B-224480F0D4D9}.Debug|x86.ActiveCfg = Debug|Win32
		{C9903F8F-B804-45BC-9D6B-224480F0D4D9}.Debug|x86.Build.0 = Debug|Win32
		{C9903F8F-B804-45BC-9D6B-224480F0D4D9}.Release|x64.ActiveCfg = Release|x64
		{C9903F8F-B804-45BC-9D6B-224480F0D4D9}.Release|x64.Build.0 = Release|x64
		{C9903F8F-B804-45BC-9D6B-224480F0D4D9}.Release|x86.ActiveCfg = Release|Win32
		{C9903F8F-B804-45BC-9D6B-224480F0D4D9}.Release|x86.Build.0 = Release|Win32
		{4D2E3A03-DA9B-4D60-AC8C-F07E24AFC5BD}.Debug|x64.ActiveCfg = Debug|x64
		{4D2E3A03-DA9B-4D60-AC8C-F07E24AFC5BD}.Debug|x64.Build.0 = Debug|x64
		{4D2E3A03-DA9B-4D60-AC8C-F07E24AFC5BD}.Debug|x86.ActiveCfg = Debug|Win32
		{4D2E3A03-DA9B-4D60-AC8C-F07E24AFC5BD}.Debug|x86.Build.0 = Debug|Win32
		{4D2E3A03-DA9B-4D60-AC8C-F07E24AFC5BD}.Release|x64.ActiveCfg = Release|x64
		{4D2E3A03-DA9B-4D60-AC8C-F07E24AFC5BD}.Release|x64.Build.0 = Release|x64
		{4D2E3A03-DA9B-4D60-AC8C-F07E24AFC5BD}.Release|x86.ActiveCfg = Release|Win32
		{4D2E3A03-DA9B-4D60-AC8C-F07E24AFC5BD}.Release|x86.Build.0 = Release|Win32
		{C614E996-D6B4-43C9-8C1D-8A09D6F45BCF}.Debug|x64.ActiveCfg = Debug|x64
		{C614E996-D6B4-43C9-8C1D-8A09D6F45BCF}.Debug|x64.Build.0 = Debug|x64
		{C614E996-D6B4-43C9-8C1D-8A09D6F45BCF}.Debug|x86.ActiveCfg = Debug|Win32
		{C614E996-D6B4-43C9-8C1D-8A09D6F45BCF}.Debug|x86.Build.0 = Debug|Win32
		{C614E996-D6B4-43C9-8C1D-8A09D6F45BCF}.Release|x64.ActiveCfg = Release|x64
		{C614E996-D6B4-43C9-8C1D-8A09D6F45BCF}.Release|x64.Build.0 = Release|x64
		{C614E996-D6B4-43C9-8C1D-8A09D6F45BCF}.Release|x86.ActiveCfg = Release|Win32
		{C614E996-D6B4-43C9-8C1D-8A09D6F45BCF}.Release|x86.Build.0 = Release|Win32
		{805EE1FD-10CA-415E-80BE-8A8AB6709FFF}.Debug|x64.ActiveCfg = Debug|x64
		{805EE1FD-10CA-415E-80BE-8A8AB6709FFF}.Debug|x64.Build.0 = Debug|x64
		{805EE1FD-10CA-415E-80BE-8A8AB6709FFF}.Debug|x86.ActiveCfg = Debug|Win32
		{805EE1FD-10CA-415E-80BE-8A8AB6709FFF}.Debug|x86.Build.0 = Debug|Win32
		{805EE1FD-10CA-415E-80BE-8A8AB6709FFF}.Release|x64.ActiveCfg = Release|x64
		{805EE1FD-10CA-415E-80BE-8A8AB6709FFF}.Release|x64.Build.0 = Release|x64
		{805EE1FD-10CA-415E-80BE-8A8AB6709FFF}.Release|x86.ActiveCfg = Release|Win32
		{805EE1FD-10CA-415E-80BE-8A8AB6709FFF}.Release|x86.Build.0 = Release|Win32
		{0DF70018-5146-4C34-8B33-0B109EAF2239}.Debug|x64.ActiveCfg = Debug|x64
		{0DF70018-5146-4C34-8B33-0B109EAF2239}.Debug|x64.Build.0 = Debug|x64
		{0DF70018-5146-4C34-8B33-0B109EAF2239}.Debug|x86.ActiveCfg = Debug|Win32
		{0DF70018-5146-4C34-8B33-0B109EAF2239}.Debug|x86.Build.0 = Debug|Win32
		{0DF70018-5146-4C34-8B33-0B109EAF2239}.Release|x64.ActiveCfg = Release|x64
		{0DF70018-5146-4C34-8B33-0B109EAF2239}.Release|x64.Build.0 = Release|x64
		{0DF70018-5146-4C34-8B33-0B109EAF2239}.Release|x86.ActiveCfg = Release|Win32
		{0DF70018-5146-4C34-8B33-0B109EAF2239}.Release|x86.Build.0 = Release|Win32
		{F63540E7-1C33-40CA-9569-B9583808D370}.Debug|x64.ActiveCfg = Debug|x64
		{F63540E7-1C33-40CA-9569-B9583808D370}.Debug|x64.Build.0 = Debug|x64
		{F63540E7-1C33-40CA-9569-B9583808D370}.Debug|x86.ActiveCfg = Debug|Win32
		{F63540E7-1C33-40CA-9569-B9583808D370}.Debug|x86.Build.0 = Debug|Win32
		{F63540E7-1C33-40CA-9569-B9583808D370}.Release|x64.ActiveCfg = Release|x64
		{F63540E7-1C33-40CA-9569-B9583808D370}.Release|x64.Build.0 = Release|x64
		{F63540E7-1C33-40CA-9569-B9583808D370}.Release|x86.ActiveCfg = Release|Win32
		{F63540E7-1C33-40CA-9569-B9583808D370}.Release|x86.Build.0 = Release|Win32
		{C9BEA224-0305-47F2-A9D3-2B5704AAA0DB}.Debug|x64.ActiveCfg = Debug|x64
		{C9BEA224-0305-47F2-A9D3-2B5704AAA0DB}.Debug|x64.Build.0 = Debug|x64
		{C9BEA224-0305-47F2-A9D3-2B5704AAA0DB}.Debug|x86.ActiveCfg = Debug|Win32
		{C9BEA224-0305-47F2-A9D3-2B5704AAA0DB}.Debug|x86.Build.0 = Debug|Win32
		{C9BEA224-0305-47F2-A9D3-2B5704AAA0DB}.Release|x64.ActiveCfg = Release|x64
		{C9BEA224-0305-47F2-A9D3-2B5704AAA0DB}.Release|x64.Build.0 = Release|x64
		{C9BEA224-0305-47F2-A9D3-2B5704AAA0DB}.Release|x86.ActiveCfg = Release|Win32
		{C9BEA224-0305-47F2-A9D3-2B5704AAA0DB}.Release|x86.Build.0 = Release|Win32
		{18B56ECF-8464-4AFC-AA72-D8BEF5429FA9}.Debug|x64.ActiveCfg = Debug|x64
		{18B56ECF-8464-4AFC-AA72-D8BEF5429FA9}.Debug|x64.Build.0 = Debug|x64
		{18B56ECF-8464-4AFC-AA72-D8BEF5429FA9}.Debug|x86.ActiveCfg = Debug|Win32
		{18B56ECF-8464-4AFC-AA72-D8BEF5429FA9}.Debug|x86.Build.0 = Debug|Win32
		{18B56ECF-8464-4AFC-AA72-D8BEF5429FA9}.Release|x64.ActiveCfg = Release|x64
		{18B56ECF-8464-4AFC-AA72-D8BEF5429FA9}.Release|x64.Build.0 = Release|x64
		{18B56ECF-8464-4AFC-AA72-D8BEF5429FA9}.Release|x86.ActiveCfg = Release|Win32
		{18B56ECF-8464-4AFC-AA72-D8BEF5429FA9}.Release|x86.Build.0 = Release|Win32
		{BC37EF08-2C6C-4E08-8D03-1D8FD80D443B}.Debug|x64.ActiveCfg = Debug|x64
		{BC37EF08-2C6C-4E08-8D03-1D8FD80D443B}.Debug|x64.Build.0 = Debug|x64
		{BC37EF08-2C6C-4E08-8D03-1D8FD80D443B}.Debug|x86.ActiveCfg = Debug|Win32
		{BC37EF08-2C6C-4E08-8D03-1D8FD80D443B}.Debug|x86.Build.0 = Debug|Win32
		{BC37EF08-2C6C-4E08-8D03-1D8FD80D443B}.Release|x64.ActiveCfg = Release|x64
		{BC37EF08-2C6C-4E08-8D03-1D8FD80D443B}.Release|x64.Build.0 = Release|x64
		{BC37EF08-2C6C-4E08-8D03-1D8FD80D443B}.Release|x86.ActiveCfg = Release|Win32
		{BC37EF08-2C6C-4E08-8D03-1D8FD80D443B}.Release|x86.Build.0 = Release|Win32
	EndGlobalSection
	GlobalSection(SolutionProperties) = preSolution
		HideSolutionNode = FALSE
	EndGlobalSection
	GlobalSection(ExtensibilityGlobals) = postSolution
		SolutionGuid = {E0471B02-935B-45A3-AF5E-1A1938486C20}
	EndGlobalSection
EndGlobal
